
Microsoft Visual Studio Solution File, Format Version 12.00
# Visual Studio Version 17
VisualStudioVersion = 17.0.31903.59
MinimumVisualStudioVersion = 10.0.40219.1
Project("{2150E333-8FDC-42A3-9474-1A3956D46DE8}") = "src", "src", "{827E0CD3-B72D-47B6-A68D-7590B98EB39B}"
EndProject
Project("{FAE04EC0-301F-11D3-BF4B-00C04F79EFBC}") = "Observer", "src\Observer\Observer.csproj", "{ECF486F6-00C1-4852-B2A8-0D2DAF0BAEBD}"
EndProject
Project("{FAE04EC0-301F-11D3-BF4B-00C04F79EFBC}") = "Observer.Demo", "src\Observer.Demo\Observer.Demo.csproj", "{66BD8891-B8E5-48BC-851E-77CB9AF6B3AB}"
EndProject
Project("{2150E333-8FDC-42A3-9474-1A3956D46DE8}") = "tests", "tests", "{0AB3BF05-4346-4AA6-1389-037BE0695223}"
EndProject
Project("{FAE04EC0-301F-11D3-BF4B-00C04F79EFBC}") = "Observer.Tests", "tests\Observer.Tests\Observer.Tests.csproj", "{88DEA45E-4722-444F-ADBD-13E23E5CE945}"
EndProject
Global
	GlobalSection(SolutionConfigurationPlatforms) = preSolution
		Debug|Any CPU = Debug|Any CPU
		Debug|x64 = Debug|x64
		Debug|x86 = Debug|x86
		Release|Any CPU = Release|Any CPU
		Release|x64 = Release|x64
		Release|x86 = Release|x86
	EndGlobalSection
	GlobalSection(ProjectConfigurationPlatforms) = postSolution
		{ECF486F6-00C1-4852-B2A8-0D2DAF0BAEBD}.Debug|Any CPU.ActiveCfg = Debug|Any CPU
		{ECF486F6-00C1-4852-B2A8-0D2DAF0BAEBD}.Debug|Any CPU.Build.0 = Debug|Any CPU
		{ECF486F6-00C1-4852-B2A8-0D2DAF0BAEBD}.Debug|x64.ActiveCfg = Debug|Any CPU
		{ECF486F6-00C1-4852-B2A8-0D2DAF0BAEBD}.Debug|x64.Build.0 = Debug|Any CPU
		{ECF486F6-00C1-4852-B2A8-0D2DAF0BAEBD}.Debug|x86.ActiveCfg = Debug|Any CPU
		{ECF486F6-00C1-4852-B2A8-0D2DAF0BAEBD}.Debug|x86.Build.0 = Debug|Any CPU
		{ECF486F6-00C1-4852-B2A8-0D2DAF0BAEBD}.Release|Any CPU.ActiveCfg = Release|Any CPU
		{ECF486F6-00C1-4852-B2A8-0D2DAF0BAEBD}.Release|Any CPU.Build.0 = Release|Any CPU
		{ECF486F6-00C1-4852-B2A8-0D2DAF0BAEBD}.Release|x64.ActiveCfg = Release|Any CPU
		{ECF486F6-00C1-4852-B2A8-0D2DAF0BAEBD}.Release|x64.Build.0 = Release|Any CPU
		{ECF486F6-00C1-4852-B2A8-0D2DAF0BAEBD}.Release|x86.ActiveCfg = Release|Any CPU
		{ECF486F6-00C1-4852-B2A8-0D2DAF0BAEBD}.Release|x86.Build.0 = Release|Any CPU
		{66BD8891-B8E5-48BC-851E-77CB9AF6B3AB}.Debug|Any CPU.ActiveCfg = Debug|Any CPU
		{66BD8891-B8E5-48BC-851E-77CB9AF6B3AB}.Debug|Any CPU.Build.0 = Debug|Any CPU
		{66BD8891-B8E5-48BC-851E-77CB9AF6B3AB}.Debug|x64.ActiveCfg = Debug|Any CPU
		{66BD8891-B8E5-48BC-851E-77CB9AF6B3AB}.Debug|x64.Build.0 = Debug|Any CPU
		{66BD8891-B8E5-48BC-851E-77CB9AF6B3AB}.Debug|x86.ActiveCfg = Debug|Any CPU
		{66BD8891-B8E5-48BC-851E-77CB9AF6B3AB}.Debug|x86.Build.0 = Debug|Any CPU
		{66BD8891-B8E5-48BC-851E-77CB9AF6B3AB}.Release|Any CPU.ActiveCfg = Release|Any CPU
		{66BD8891-B8E5-48BC-851E-77CB9AF6B3AB}.Release|Any CPU.Build.0 = Release|Any CPU
		{66BD8891-B8E5-48BC-851E-77CB9AF6B3AB}.Release|x64.ActiveCfg = Release|Any CPU
		{66BD8891-B8E5-48BC-851E-77CB9AF6B3AB}.Release|x64.Build.0 = Release|Any CPU
		{66BD8891-B8E5-48BC-851E-77CB9AF6B3AB}.Release|x86.ActiveCfg = Release|Any CPU
		{66BD8891-B8E5-48BC-851E-77CB9AF6B3AB}.Release|x86.Build.0 = Release|Any CPU
		{88DEA45E-4722-444F-ADBD-13E23E5CE945}.Debug|Any CPU.ActiveCfg = Debug|Any CPU
		{88DEA45E-4722-444F-ADBD-13E23E5CE945}.Debug|Any CPU.Build.0 = Debug|Any CPU
		{88DEA45E-4722-444F-ADBD-13E23E5CE945}.Debug|x64.ActiveCfg = Debug|Any CPU
		{88DEA45E-4722-444F-ADBD-13E23E5CE945}.Debug|x64.Build.0 = Debug|Any CPU
		{88DEA45E-4722-444F-ADBD-13E23E5CE945}.Debug|x86.ActiveCfg = Debug|Any CPU
		{88DEA45E-4722-444F-ADBD-13E23E5CE945}.Debug|x86.Build.0 = Debug|Any CPU
		{88DEA45E-4722-444F-ADBD-13E23E5CE945}.Release|Any CPU.ActiveCfg = Release|Any CPU
		{88DEA45E-4722-444F-ADBD-13E23E5CE945}.Release|Any CPU.Build.0 = Release|Any CPU
		{88DEA45E-4722-444F-ADBD-13E23E5CE945}.Release|x64.ActiveCfg = Release|Any CPU
		{88DEA45E-4722-444F-ADBD-13E23E5CE945}.Release|x64.Build.0 = Release|Any CPU
		{88DEA45E-4722-444F-ADBD-13E23E5CE945}.Release|x86.ActiveCfg = Release|Any CPU
		{88DEA45E-4722-444F-ADBD-13E23E5CE945}.Release|x86.Build.0 = Release|Any CPU
	EndGlobalSection
	GlobalSection(SolutionProperties) = preSolution
		HideSolutionNode = FALSE
	EndGlobalSection
	GlobalSection(NestedProjects) = preSolution
		{ECF486F6-00C1-4852-B2A8-0D2DAF0BAEBD} = {827E0CD3-B72D-47B6-A68D-7590B98EB39B}
		{66BD8891-B8E5-48BC-851E-77CB9AF6B3AB} = {827E0CD3-B72D-47B6-A68D-7590B98EB39B}
		{88DEA45E-4722-444F-ADBD-13E23E5CE945} = {0AB3BF05-4346-4AA6-1389-037BE0695223}
	EndGlobalSection
EndGlobal
