
Microsoft Visual Studio Solution File, Format Version 12.00
# Visual Studio Version 17
VisualStudioVersion = 17.0.31903.59
MinimumVisualStudioVersion = 10.0.40219.1
Project("{2150E333-8FDC-42A3-9474-1A3956D46DE8}") = "Adapter", "Adapter", "{F68480A7-1667-9DF4-D054-EE76B178F56C}"
EndProject
Project("{FAE04EC0-301F-11D3-BF4B-00C04F79EFBC}") = "Adapter.Tests", "Adapter\tests\Adapter.Tests\Adapter.Tests.csproj", "{563D95C0-C0A5-4652-AC8E-FC195DEB055C}"
EndProject
Project("{FAE04EC0-301F-11D3-BF4B-00C04F79EFBC}") = "Electricity.PowerAdapter1", "Adapter\src\Electricity.PowerAdapter1\Electricity.PowerAdapter1.csproj", "{C52C55BC-A5A0-4584-9FCF-B118D0A80781}"
EndProject
Project("{FAE04EC0-301F-11D3-BF4B-00C04F79EFBC}") = "Gof.Pluggable", "Adapter\src\Gof.Pluggable\Gof.Pluggable.csproj", "{7724FDAB-54FE-4133-B43F-826E57A3405B}"
EndProject
Project("{FAE04EC0-301F-11D3-BF4B-00C04F79EFBC}") = "Electricity.Domain.Us.Demo", "Adapter\src\Electricity.Domain.Us.Demo\Electricity.Domain.Us.Demo.csproj", "{B4B8C11A-6D8F-4CD6-85C7-F364D969FC3C}"
EndProject
Project("{FAE04EC0-301F-11D3-BF4B-00C04F79EFBC}") = "Gof.Demo", "Adapter\src\Gof.Demo\Gof.Demo.csproj", "{0CFAED74-75AC-4155-9E59-99A0EB317EE8}"
EndProject
Project("{FAE04EC0-301F-11D3-BF4B-00C04F79EFBC}") = "Gof", "Adapter\src\Gof\Gof.csproj", "{85AC30EC-29C1-409E-B38B-938E986C8A91}"
EndProject
Project("{FAE04EC0-301F-11D3-BF4B-00C04F79EFBC}") = "Electricity.Domain.Tr.Demo", "Adapter\src\Electricity.Domain.Tr.Demo\Electricity.Domain.Tr.Demo.csproj", "{CBA89554-5CDF-436C-B81E-FFAF90C97EE1}"
EndProject
Project("{FAE04EC0-301F-11D3-BF4B-00C04F79EFBC}") = "Electricity.Problem2", "Adapter\src\Electricity.Problem2\Electricity.Problem2.csproj", "{5C855C56-859C-4802-9D74-9F112A9DA77E}"
EndProject
Project("{FAE04EC0-301F-11D3-BF4B-00C04F79EFBC}") = "Electricity.TwoWayAdapter", "Adapter\src\Electricity.TwoWayAdapter\Electricity.TwoWayAdapter.csproj", "{4247EB6F-1301-4EF2-9B3C-FAD91216CF86}"
EndProject
Project("{FAE04EC0-301F-11D3-BF4B-00C04F79EFBC}") = "Electricity.PowerAdapter2", "Adapter\src\Electricity.PowerAdapter2\Electricity.PowerAdapter2.csproj", "{54B4FDE9-A636-4CBA-AFD0-3A5EB3A51FEC}"
EndProject
Project("{FAE04EC0-301F-11D3-BF4B-00C04F79EFBC}") = "Pluggable.DelegateObject", "Adapter\src\Pluggable.DelegateObject\Pluggable.DelegateObject.csproj", "{D68AD848-A988-48CD-A3A4-384AED1E97D1}"
EndProject
Project("{FAE04EC0-301F-11D3-BF4B-00C04F79EFBC}") = "Electricity.ClassAdapter", "Adapter\src\Electricity.ClassAdapter\Electricity.ClassAdapter.csproj", "{92699711-F060-4AB4-9A30-F55B9DAFA68D}"
EndProject
Project("{FAE04EC0-301F-11D3-BF4B-00C04F79EFBC}") = "Electricity.Domain", "Adapter\src\Electricity.Domain\Electricity.Domain.csproj", "{FFE80A4E-10AB-4C03-99E5-809287CBC3B0}"
EndProject
Project("{FAE04EC0-301F-11D3-BF4B-00C04F79EFBC}") = "Pluggable.AbstractOperations", "Adapter\src\Pluggable.AbstractOperations\Pluggable.AbstractOperations.csproj", "{617F0661-CD9E-456F-854C-760B733D5DEF}"
EndProject
Project("{FAE04EC0-301F-11D3-BF4B-00C04F79EFBC}") = "Pluggable.Parameterized", "Adapter\src\Pluggable.Parameterized\Pluggable.Parameterized.csproj", "{8DE36B2F-DF7A-4134-9DE1-A1FEE8FAC80F}"
EndProject
Project("{FAE04EC0-301F-11D3-BF4B-00C04F79EFBC}") = "Electricity.Problem1", "Adapter\src\Electricity.Problem1\Electricity.Problem1.csproj", "{AAB470D3-CB33-468D-B5A1-F32A052A7CE5}"
EndProject
Project("{2150E333-8FDC-42A3-9474-1A3956D46DE8}") = "Flyweight", "Flyweight", "{8DB7E26F-772B-97FE-A958-FEA60A4DD86B}"
EndProject
Project("{FAE04EC0-301F-11D3-BF4B-00C04F79EFBC}") = "Flyweight.Tests", "Flyweight\tests\Flyweight.Tests\Flyweight.Tests.csproj", "{E41DC708-9EC7-4247-A78C-1A2B8B5DD4BC}"
EndProject
Project("{FAE04EC0-301F-11D3-BF4B-00C04F79EFBC}") = "Flyweight", "Flyweight\src\Flyweight\Flyweight.csproj", "{1448CE95-A647-4CE3-A56E-2D7A728C9CB5}"
EndProject
Project("{2150E333-8FDC-42A3-9474-1A3956D46DE8}") = "Structural Patterns (Simpler)", "Structural Patterns (Simpler)", "{AADCF890-3222-9FDA-7EB4-1FA47FAF1587}"
EndProject
Project("{FAE04EC0-301F-11D3-BF4B-00C04F79EFBC}") = "Proxy", "Structural Patterns (Simpler)\Proxy\Proxy.csproj", "{08CCDCD0-AB1A-4132-A931-DCF8865DDCDC}"
EndProject
Project("{FAE04EC0-301F-11D3-BF4B-00C04F79EFBC}") = "Decorator", "Structural Patterns (Simpler)\Decorator\Decorator.csproj", "{B7B405A0-8CB4-41D2-AFB9-5A7BBFCEFF1C}"
EndProject
Project("{FAE04EC0-301F-11D3-BF4B-00C04F79EFBC}") = "Bridge", "Structural Patterns (Simpler)\Bridge\Bridge.csproj", "{C078A33F-84AB-4BF6-9E72-F9D03B869756}"
EndProject
Project("{FAE04EC0-301F-11D3-BF4B-00C04F79EFBC}") = "Facade", "Structural Patterns (Simpler)\Facade\Facade.csproj", "{9A3DB714-F41A-4E79-9F3E-09BE8996157C}"
EndProject
Project("{FAE04EC0-301F-11D3-BF4B-00C04F79EFBC}") = "Adapter", "Structural Patterns (Simpler)\Adapter\Adapter.csproj", "{E90F28FF-4A84-4A6F-B6E2-A1025DC88856}"
EndProject
Project("{FAE04EC0-301F-11D3-BF4B-00C04F79EFBC}") = "Composite", "Structural Patterns (Simpler)\Composite\Composite.csproj", "{58AF4E20-7849-4129-9C37-B045699EF990}"
EndProject
Project("{FAE04EC0-301F-11D3-BF4B-00C04F79EFBC}") = "Flyweight", "Structural Patterns (Simpler)\Flyweight\Flyweight.csproj", "{BBF15FCF-D3A7-4CE3-9711-35E04A1F188B}"
EndProject
Project("{2150E333-8FDC-42A3-9474-1A3956D46DE8}") = "Structural Patterns (Business)", "Structural Patterns (Business)", "{2E3E0152-316C-BC7B-D86F-1400FDE1F4A2}"
EndProject
Project("{FAE04EC0-301F-11D3-BF4B-00C04F79EFBC}") = "Proxy", "Structural Patterns (Business)\Proxy\Proxy.csproj", "{7079D570-4B55-4E82-BDE9-5ABF2B1FCF55}"
EndProject
Project("{FAE04EC0-301F-11D3-BF4B-00C04F79EFBC}") = "Decorator", "Structural Patterns (Business)\Decorator\Decorator.csproj", "{24D46D5D-9EF6-4DED-9B68-D9D3CC7500CA}"
EndProject
Project("{FAE04EC0-301F-11D3-BF4B-00C04F79EFBC}") = "Bridge", "Structural Patterns (Business)\Bridge\Bridge.csproj", "{80EA5E13-8808-489C-B625-7251C46CCFE5}"
EndProject
Project("{FAE04EC0-301F-11D3-BF4B-00C04F79EFBC}") = "Facade", "Structural Patterns (Business)\Facade\Facade.csproj", "{5FD974CC-C6D6-4801-B6AE-5755BC301DD6}"
EndProject
Project("{FAE04EC0-301F-11D3-BF4B-00C04F79EFBC}") = "Adapter", "Structural Patterns (Business)\Adapter\Adapter.csproj", "{4A6D430B-2768-43C7-99BB-2B667BC20884}"
EndProject
Project("{FAE04EC0-301F-11D3-BF4B-00C04F79EFBC}") = "Composite", "Structural Patterns (Business)\Composite\Composite.csproj", "{1338B3FD-F601-42BD-9C93-05D3E52C63BF}"
EndProject
Project("{FAE04EC0-301F-11D3-BF4B-00C04F79EFBC}") = "Flyweight", "Structural Patterns (Business)\Flyweight\Flyweight.csproj", "{D0FD0073-59D1-4BFA-A51B-A72E586AEABD}"
EndProject
Global
	GlobalSection(SolutionConfigurationPlatforms) = preSolution
		Debug|Any CPU = Debug|Any CPU
		Debug|x64 = Debug|x64
		Debug|x86 = Debug|x86
		Release|Any CPU = Release|Any CPU
		Release|x64 = Release|x64
		Release|x86 = Release|x86
	EndGlobalSection
	GlobalSection(ProjectConfigurationPlatforms) = postSolution
		{563D95C0-C0A5-4652-AC8E-FC195DEB055C}.Debug|Any CPU.ActiveCfg = Debug|Any CPU
		{563D95C0-C0A5-4652-AC8E-FC195DEB055C}.Debug|Any CPU.Build.0 = Debug|Any CPU
		{563D95C0-C0A5-4652-AC8E-FC195DEB055C}.Debug|x64.ActiveCfg = Debug|Any CPU
		{563D95C0-C0A5-4652-AC8E-FC195DEB055C}.Debug|x64.Build.0 = Debug|Any CPU
		{563D95C0-C0A5-4652-AC8E-FC195DEB055C}.Debug|x86.ActiveCfg = Debug|Any CPU
		{563D95C0-C0A5-4652-AC8E-FC195DEB055C}.Debug|x86.Build.0 = Debug|Any CPU
		{563D95C0-C0A5-4652-AC8E-FC195DEB055C}.Release|Any CPU.ActiveCfg = Release|Any CPU
		{563D95C0-C0A5-4652-AC8E-FC195DEB055C}.Release|Any CPU.Build.0 = Release|Any CPU
		{563D95C0-C0A5-4652-AC8E-FC195DEB055C}.Release|x64.ActiveCfg = Release|Any CPU
		{563D95C0-C0A5-4652-AC8E-FC195DEB055C}.Release|x64.Build.0 = Release|Any CPU
		{563D95C0-C0A5-4652-AC8E-FC195DEB055C}.Release|x86.ActiveCfg = Release|Any CPU
		{563D95C0-C0A5-4652-AC8E-FC195DEB055C}.Release|x86.Build.0 = Release|Any CPU
		{C52C55BC-A5A0-4584-9FCF-B118D0A80781}.Debug|Any CPU.ActiveCfg = Debug|Any CPU
		{C52C55BC-A5A0-4584-9FCF-B118D0A80781}.Debug|Any CPU.Build.0 = Debug|Any CPU
		{C52C55BC-A5A0-4584-9FCF-B118D0A80781}.Debug|x64.ActiveCfg = Debug|Any CPU
		{C52C55BC-A5A0-4584-9FCF-B118D0A80781}.Debug|x64.Build.0 = Debug|Any CPU
		{C52C55BC-A5A0-4584-9FCF-B118D0A80781}.Debug|x86.ActiveCfg = Debug|Any CPU
		{C52C55BC-A5A0-4584-9FCF-B118D0A80781}.Debug|x86.Build.0 = Debug|Any CPU
		{C52C55BC-A5A0-4584-9FCF-B118D0A80781}.Release|Any CPU.ActiveCfg = Release|Any CPU
		{C52C55BC-A5A0-4584-9FCF-B118D0A80781}.Release|Any CPU.Build.0 = Release|Any CPU
		{C52C55BC-A5A0-4584-9FCF-B118D0A80781}.Release|x64.ActiveCfg = Release|Any CPU
		{C52C55BC-A5A0-4584-9FCF-B118D0A80781}.Release|x64.Build.0 = Release|Any CPU
		{C52C55BC-A5A0-4584-9FCF-B118D0A80781}.Release|x86.ActiveCfg = Release|Any CPU
		{C52C55BC-A5A0-4584-9FCF-B118D0A80781}.Release|x86.Build.0 = Release|Any CPU
		{7724FDAB-54FE-4133-B43F-826E57A3405B}.Debug|Any CPU.ActiveCfg = Debug|Any CPU
		{7724FDAB-54FE-4133-B43F-826E57A3405B}.Debug|Any CPU.Build.0 = Debug|Any CPU
		{7724FDAB-54FE-4133-B43F-826E57A3405B}.Debug|x64.ActiveCfg = Debug|Any CPU
		{7724FDAB-54FE-4133-B43F-826E57A3405B}.Debug|x64.Build.0 = Debug|Any CPU
		{7724FDAB-54FE-4133-B43F-826E57A3405B}.Debug|x86.ActiveCfg = Debug|Any CPU
		{7724FDAB-54FE-4133-B43F-826E57A3405B}.Debug|x86.Build.0 = Debug|Any CPU
		{7724FDAB-54FE-4133-B43F-826E57A3405B}.Release|Any CPU.ActiveCfg = Release|Any CPU
		{7724FDAB-54FE-4133-B43F-826E57A3405B}.Release|Any CPU.Build.0 = Release|Any CPU
		{7724FDAB-54FE-4133-B43F-826E57A3405B}.Release|x64.ActiveCfg = Release|Any CPU
		{7724FDAB-54FE-4133-B43F-826E57A3405B}.Release|x64.Build.0 = Release|Any CPU
		{7724FDAB-54FE-4133-B43F-826E57A3405B}.Release|x86.ActiveCfg = Release|Any CPU
		{7724FDAB-54FE-4133-B43F-826E57A3405B}.Release|x86.Build.0 = Release|Any CPU
		{B4B8C11A-6D8F-4CD6-85C7-F364D969FC3C}.Debug|Any CPU.ActiveCfg = Debug|Any CPU
		{B4B8C11A-6D8F-4CD6-85C7-F364D969FC3C}.Debug|Any CPU.Build.0 = Debug|Any CPU
		{B4B8C11A-6D8F-4CD6-85C7-F364D969FC3C}.Debug|x64.ActiveCfg = Debug|Any CPU
		{B4B8C11A-6D8F-4CD6-85C7-F364D969FC3C}.Debug|x64.Build.0 = Debug|Any CPU
		{B4B8C11A-6D8F-4CD6-85C7-F364D969FC3C}.Debug|x86.ActiveCfg = Debug|Any CPU
		{B4B8C11A-6D8F-4CD6-85C7-F364D969FC3C}.Debug|x86.Build.0 = Debug|Any CPU
		{B4B8C11A-6D8F-4CD6-85C7-F364D969FC3C}.Release|Any CPU.ActiveCfg = Release|Any CPU
		{B4B8C11A-6D8F-4CD6-85C7-F364D969FC3C}.Release|Any CPU.Build.0 = Release|Any CPU
		{B4B8C11A-6D8F-4CD6-85C7-F364D969FC3C}.Release|x64.ActiveCfg = Release|Any CPU
		{B4B8C11A-6D8F-4CD6-85C7-F364D969FC3C}.Release|x64.Build.0 = Release|Any CPU
		{B4B8C11A-6D8F-4CD6-85C7-F364D969FC3C}.Release|x86.ActiveCfg = Release|Any CPU
		{B4B8C11A-6D8F-4CD6-85C7-F364D969FC3C}.Release|x86.Build.0 = Release|Any CPU
		{0CFAED74-75AC-4155-9E59-99A0EB317EE8}.Debug|Any CPU.ActiveCfg = Debug|Any CPU
		{0CFAED74-75AC-4155-9E59-99A0EB317EE8}.Debug|Any CPU.Build.0 = Debug|Any CPU
		{0CFAED74-75AC-4155-9E59-99A0EB317EE8}.Debug|x64.ActiveCfg = Debug|Any CPU
		{0CFAED74-75AC-4155-9E59-99A0EB317EE8}.Debug|x64.Build.0 = Debug|Any CPU
		{0CFAED74-75AC-4155-9E59-99A0EB317EE8}.Debug|x86.ActiveCfg = Debug|Any CPU
		{0CFAED74-75AC-4155-9E59-99A0EB317EE8}.Debug|x86.Build.0 = Debug|Any CPU
		{0CFAED74-75AC-4155-9E59-99A0EB317EE8}.Release|Any CPU.ActiveCfg = Release|Any CPU
		{0CFAED74-75AC-4155-9E59-99A0EB317EE8}.Release|Any CPU.Build.0 = Release|Any CPU
		{0CFAED74-75AC-4155-9E59-99A0EB317EE8}.Release|x64.ActiveCfg = Release|Any CPU
		{0CFAED74-75AC-4155-9E59-99A0EB317EE8}.Release|x64.Build.0 = Release|Any CPU
		{0CFAED74-75AC-4155-9E59-99A0EB317EE8}.Release|x86.ActiveCfg = Release|Any CPU
		{0CFAED74-75AC-4155-9E59-99A0EB317EE8}.Release|x86.Build.0 = Release|Any CPU
		{85AC30EC-29C1-409E-B38B-938E986C8A91}.Debug|Any CPU.ActiveCfg = Debug|Any CPU
		{85AC30EC-29C1-409E-B38B-938E986C8A91}.Debug|Any CPU.Build.0 = Debug|Any CPU
		{85AC30EC-29C1-409E-B38B-938E986C8A91}.Debug|x64.ActiveCfg = Debug|Any CPU
		{85AC30EC-29C1-409E-B38B-938E986C8A91}.Debug|x64.Build.0 = Debug|Any CPU
		{85AC30EC-29C1-409E-B38B-938E986C8A91}.Debug|x86.ActiveCfg = Debug|Any CPU
		{85AC30EC-29C1-409E-B38B-938E986C8A91}.Debug|x86.Build.0 = Debug|Any CPU
		{85AC30EC-29C1-409E-B38B-938E986C8A91}.Release|Any CPU.ActiveCfg = Release|Any CPU
		{85AC30EC-29C1-409E-B38B-938E986C8A91}.Release|Any CPU.Build.0 = Release|Any CPU
		{85AC30EC-29C1-409E-B38B-938E986C8A91}.Release|x64.ActiveCfg = Release|Any CPU
		{85AC30EC-29C1-409E-B38B-938E986C8A91}.Release|x64.Build.0 = Release|Any CPU
		{85AC30EC-29C1-409E-B38B-938E986C8A91}.Release|x86.ActiveCfg = Release|Any CPU
		{85AC30EC-29C1-409E-B38B-938E986C8A91}.Release|x86.Build.0 = Release|Any CPU
		{CBA89554-5CDF-436C-B81E-FFAF90C97EE1}.Debug|Any CPU.ActiveCfg = Debug|Any CPU
		{CBA89554-5CDF-436C-B81E-FFAF90C97EE1}.Debug|Any CPU.Build.0 = Debug|Any CPU
		{CBA89554-5CDF-436C-B81E-FFAF90C97EE1}.Debug|x64.ActiveCfg = Debug|Any CPU
		{CBA89554-5CDF-436C-B81E-FFAF90C97EE1}.Debug|x64.Build.0 = Debug|Any CPU
		{CBA89554-5CDF-436C-B81E-FFAF90C97EE1}.Debug|x86.ActiveCfg = Debug|Any CPU
		{CBA89554-5CDF-436C-B81E-FFAF90C97EE1}.Debug|x86.Build.0 = Debug|Any CPU
		{CBA89554-5CDF-436C-B81E-FFAF90C97EE1}.Release|Any CPU.ActiveCfg = Release|Any CPU
		{CBA89554-5CDF-436C-B81E-FFAF90C97EE1}.Release|Any CPU.Build.0 = Release|Any CPU
		{CBA89554-5CDF-436C-B81E-FFAF90C97EE1}.Release|x64.ActiveCfg = Release|Any CPU
		{CBA89554-5CDF-436C-B81E-FFAF90C97EE1}.Release|x64.Build.0 = Release|Any CPU
		{CBA89554-5CDF-436C-B81E-FFAF90C97EE1}.Release|x86.ActiveCfg = Release|Any CPU
		{CBA89554-5CDF-436C-B81E-FFAF90C97EE1}.Release|x86.Build.0 = Release|Any CPU
		{5C855C56-859C-4802-9D74-9F112A9DA77E}.Debug|Any CPU.ActiveCfg = Debug|Any CPU
		{5C855C56-859C-4802-9D74-9F112A9DA77E}.Debug|Any CPU.Build.0 = Debug|Any CPU
		{5C855C56-859C-4802-9D74-9F112A9DA77E}.Debug|x64.ActiveCfg = Debug|Any CPU
		{5C855C56-859C-4802-9D74-9F112A9DA77E}.Debug|x64.Build.0 = Debug|Any CPU
		{5C855C56-859C-4802-9D74-9F112A9DA77E}.Debug|x86.ActiveCfg = Debug|Any CPU
		{5C855C56-859C-4802-9D74-9F112A9DA77E}.Debug|x86.Build.0 = Debug|Any CPU
		{5C855C56-859C-4802-9D74-9F112A9DA77E}.Release|Any CPU.ActiveCfg = Release|Any CPU
		{5C855C56-859C-4802-9D74-9F112A9DA77E}.Release|Any CPU.Build.0 = Release|Any CPU
		{5C855C56-859C-4802-9D74-9F112A9DA77E}.Release|x64.ActiveCfg = Release|Any CPU
		{5C855C56-859C-4802-9D74-9F112A9DA77E}.Release|x64.Build.0 = Release|Any CPU
		{5C855C56-859C-4802-9D74-9F112A9DA77E}.Release|x86.ActiveCfg = Release|Any CPU
		{5C855C56-859C-4802-9D74-9F112A9DA77E}.Release|x86.Build.0 = Release|Any CPU
		{4247EB6F-1301-4EF2-9B3C-FAD91216CF86}.Debug|Any CPU.ActiveCfg = Debug|Any CPU
		{4247EB6F-1301-4EF2-9B3C-FAD91216CF86}.Debug|Any CPU.Build.0 = Debug|Any CPU
		{4247EB6F-1301-4EF2-9B3C-FAD91216CF86}.Debug|x64.ActiveCfg = Debug|Any CPU
		{4247EB6F-1301-4EF2-9B3C-FAD91216CF86}.Debug|x64.Build.0 = Debug|Any CPU
		{4247EB6F-1301-4EF2-9B3C-FAD91216CF86}.Debug|x86.ActiveCfg = Debug|Any CPU
		{4247EB6F-1301-4EF2-9B3C-FAD91216CF86}.Debug|x86.Build.0 = Debug|Any CPU
		{4247EB6F-1301-4EF2-9B3C-FAD91216CF86}.Release|Any CPU.ActiveCfg = Release|Any CPU
		{4247EB6F-1301-4EF2-9B3C-FAD91216CF86}.Release|Any CPU.Build.0 = Release|Any CPU
		{4247EB6F-1301-4EF2-9B3C-FAD91216CF86}.Release|x64.ActiveCfg = Release|Any CPU
		{4247EB6F-1301-4EF2-9B3C-FAD91216CF86}.Release|x64.Build.0 = Release|Any CPU
		{4247EB6F-1301-4EF2-9B3C-FAD91216CF86}.Release|x86.ActiveCfg = Release|Any CPU
		{4247EB6F-1301-4EF2-9B3C-FAD91216CF86}.Release|x86.Build.0 = Release|Any CPU
		{54B4FDE9-A636-4CBA-AFD0-3A5EB3A51FEC}.Debug|Any CPU.ActiveCfg = Debug|Any CPU
		{54B4FDE9-A636-4CBA-AFD0-3A5EB3A51FEC}.Debug|Any CPU.Build.0 = Debug|Any CPU
		{54B4FDE9-A636-4CBA-AFD0-3A5EB3A51FEC}.Debug|x64.ActiveCfg = Debug|Any CPU
		{54B4FDE9-A636-4CBA-AFD0-3A5EB3A51FEC}.Debug|x64.Build.0 = Debug|Any CPU
		{54B4FDE9-A636-4CBA-AFD0-3A5EB3A51FEC}.Debug|x86.ActiveCfg = Debug|Any CPU
		{54B4FDE9-A636-4CBA-AFD0-3A5EB3A51FEC}.Debug|x86.Build.0 = Debug|Any CPU
		{54B4FDE9-A636-4CBA-AFD0-3A5EB3A51FEC}.Release|Any CPU.ActiveCfg = Release|Any CPU
		{54B4FDE9-A636-4CBA-AFD0-3A5EB3A51FEC}.Release|Any CPU.Build.0 = Release|Any CPU
		{54B4FDE9-A636-4CBA-AFD0-3A5EB3A51FEC}.Release|x64.ActiveCfg = Release|Any CPU
		{54B4FDE9-A636-4CBA-AFD0-3A5EB3A51FEC}.Release|x64.Build.0 = Release|Any CPU
		{54B4FDE9-A636-4CBA-AFD0-3A5EB3A51FEC}.Release|x86.ActiveCfg = Release|Any CPU
		{54B4FDE9-A636-4CBA-AFD0-3A5EB3A51FEC}.Release|x86.Build.0 = Release|Any CPU
		{D68AD848-A988-48CD-A3A4-384AED1E97D1}.Debug|Any CPU.ActiveCfg = Debug|Any CPU
		{D68AD848-A988-48CD-A3A4-384AED1E97D1}.Debug|Any CPU.Build.0 = Debug|Any CPU
		{D68AD848-A988-48CD-A3A4-384AED1E97D1}.Debug|x64.ActiveCfg = Debug|Any CPU
		{D68AD848-A988-48CD-A3A4-384AED1E97D1}.Debug|x64.Build.0 = Debug|Any CPU
		{D68AD848-A988-48CD-A3A4-384AED1E97D1}.Debug|x86.ActiveCfg = Debug|Any CPU
		{D68AD848-A988-48CD-A3A4-384AED1E97D1}.Debug|x86.Build.0 = Debug|Any CPU
		{D68AD848-A988-48CD-A3A4-384AED1E97D1}.Release|Any CPU.ActiveCfg = Release|Any CPU
		{D68AD848-A988-48CD-A3A4-384AED1E97D1}.Release|Any CPU.Build.0 = Release|Any CPU
		{D68AD848-A988-48CD-A3A4-384AED1E97D1}.Release|x64.ActiveCfg = Release|Any CPU
		{D68AD848-A988-48CD-A3A4-384AED1E97D1}.Release|x64.Build.0 = Release|Any CPU
		{D68AD848-A988-48CD-A3A4-384AED1E97D1}.Release|x86.ActiveCfg = Release|Any CPU
		{D68AD848-A988-48CD-A3A4-384AED1E97D1}.Release|x86.Build.0 = Release|Any CPU
		{92699711-F060-4AB4-9A30-F55B9DAFA68D}.Debug|Any CPU.ActiveCfg = Debug|Any CPU
		{92699711-F060-4AB4-9A30-F55B9DAFA68D}.Debug|Any CPU.Build.0 = Debug|Any CPU
		{92699711-F060-4AB4-9A30-F55B9DAFA68D}.Debug|x64.ActiveCfg = Debug|Any CPU
		{92699711-F060-4AB4-9A30-F55B9DAFA68D}.Debug|x64.Build.0 = Debug|Any CPU
		{92699711-F060-4AB4-9A30-F55B9DAFA68D}.Debug|x86.ActiveCfg = Debug|Any CPU
		{92699711-F060-4AB4-9A30-F55B9DAFA68D}.Debug|x86.Build.0 = Debug|Any CPU
		{92699711-F060-4AB4-9A30-F55B9DAFA68D}.Release|Any CPU.ActiveCfg = Release|Any CPU
		{92699711-F060-4AB4-9A30-F55B9DAFA68D}.Release|Any CPU.Build.0 = Release|Any CPU
		{92699711-F060-4AB4-9A30-F55B9DAFA68D}.Release|x64.ActiveCfg = Release|Any CPU
		{92699711-F060-4AB4-9A30-F55B9DAFA68D}.Release|x64.Build.0 = Release|Any CPU
		{92699711-F060-4AB4-9A30-F55B9DAFA68D}.Release|x86.ActiveCfg = Release|Any CPU
		{92699711-F060-4AB4-9A30-F55B9DAFA68D}.Release|x86.Build.0 = Release|Any CPU
		{FFE80A4E-10AB-4C03-99E5-809287CBC3B0}.Debug|Any CPU.ActiveCfg = Debug|Any CPU
		{FFE80A4E-10AB-4C03-99E5-809287CBC3B0}.Debug|Any CPU.Build.0 = Debug|Any CPU
		{FFE80A4E-10AB-4C03-99E5-809287CBC3B0}.Debug|x64.ActiveCfg = Debug|Any CPU
		{FFE80A4E-10AB-4C03-99E5-809287CBC3B0}.Debug|x64.Build.0 = Debug|Any CPU
		{FFE80A4E-10AB-4C03-99E5-809287CBC3B0}.Debug|x86.ActiveCfg = Debug|Any CPU
		{FFE80A4E-10AB-4C03-99E5-809287CBC3B0}.Debug|x86.Build.0 = Debug|Any CPU
		{FFE80A4E-10AB-4C03-99E5-809287CBC3B0}.Release|Any CPU.ActiveCfg = Release|Any CPU
		{FFE80A4E-10AB-4C03-99E5-809287CBC3B0}.Release|Any CPU.Build.0 = Release|Any CPU
		{FFE80A4E-10AB-4C03-99E5-809287CBC3B0}.Release|x64.ActiveCfg = Release|Any CPU
		{FFE80A4E-10AB-4C03-99E5-809287CBC3B0}.Release|x64.Build.0 = Release|Any CPU
		{FFE80A4E-10AB-4C03-99E5-809287CBC3B0}.Release|x86.ActiveCfg = Release|Any CPU
		{FFE80A4E-10AB-4C03-99E5-809287CBC3B0}.Release|x86.Build.0 = Release|Any CPU
		{617F0661-CD9E-456F-854C-760B733D5DEF}.Debug|Any CPU.ActiveCfg = Debug|Any CPU
		{617F0661-CD9E-456F-854C-760B733D5DEF}.Debug|Any CPU.Build.0 = Debug|Any CPU
		{617F0661-CD9E-456F-854C-760B733D5DEF}.Debug|x64.ActiveCfg = Debug|Any CPU
		{617F0661-CD9E-456F-854C-760B733D5DEF}.Debug|x64.Build.0 = Debug|Any CPU
		{617F0661-CD9E-456F-854C-760B733D5DEF}.Debug|x86.ActiveCfg = Debug|Any CPU
		{617F0661-CD9E-456F-854C-760B733D5DEF}.Debug|x86.Build.0 = Debug|Any CPU
		{617F0661-CD9E-456F-854C-760B733D5DEF}.Release|Any CPU.ActiveCfg = Release|Any CPU
		{617F0661-CD9E-456F-854C-760B733D5DEF}.Release|Any CPU.Build.0 = Release|Any CPU
		{617F0661-CD9E-456F-854C-760B733D5DEF}.Release|x64.ActiveCfg = Release|Any CPU
		{617F0661-CD9E-456F-854C-760B733D5DEF}.Release|x64.Build.0 = Release|Any CPU
		{617F0661-CD9E-456F-854C-760B733D5DEF}.Release|x86.ActiveCfg = Release|Any CPU
		{617F0661-CD9E-456F-854C-760B733D5DEF}.Release|x86.Build.0 = Release|Any CPU
		{8DE36B2F-DF7A-4134-9DE1-A1FEE8FAC80F}.Debug|Any CPU.ActiveCfg = Debug|Any CPU
		{8DE36B2F-DF7A-4134-9DE1-A1FEE8FAC80F}.Debug|Any CPU.Build.0 = Debug|Any CPU
		{8DE36B2F-DF7A-4134-9DE1-A1FEE8FAC80F}.Debug|x64.ActiveCfg = Debug|Any CPU
		{8DE36B2F-DF7A-4134-9DE1-A1FEE8FAC80F}.Debug|x64.Build.0 = Debug|Any CPU
		{8DE36B2F-DF7A-4134-9DE1-A1FEE8FAC80F}.Debug|x86.ActiveCfg = Debug|Any CPU
		{8DE36B2F-DF7A-4134-9DE1-A1FEE8FAC80F}.Debug|x86.Build.0 = Debug|Any CPU
		{8DE36B2F-DF7A-4134-9DE1-A1FEE8FAC80F}.Release|Any CPU.ActiveCfg = Release|Any CPU
		{8DE36B2F-DF7A-4134-9DE1-A1FEE8FAC80F}.Release|Any CPU.Build.0 = Release|Any CPU
		{8DE36B2F-DF7A-4134-9DE1-A1FEE8FAC80F}.Release|x64.ActiveCfg = Release|Any CPU
		{8DE36B2F-DF7A-4134-9DE1-A1FEE8FAC80F}.Release|x64.Build.0 = Release|Any CPU
		{8DE36B2F-DF7A-4134-9DE1-A1FEE8FAC80F}.Release|x86.ActiveCfg = Release|Any CPU
		{8DE36B2F-DF7A-4134-9DE1-A1FEE8FAC80F}.Release|x86.Build.0 = Release|Any CPU
		{AAB470D3-CB33-468D-B5A1-F32A052A7CE5}.Debug|Any CPU.ActiveCfg = Debug|Any CPU
		{AAB470D3-CB33-468D-B5A1-F32A052A7CE5}.Debug|Any CPU.Build.0 = Debug|Any CPU
		{AAB470D3-CB33-468D-B5A1-F32A052A7CE5}.Debug|x64.ActiveCfg = Debug|Any CPU
		{AAB470D3-CB33-468D-B5A1-F32A052A7CE5}.Debug|x64.Build.0 = Debug|Any CPU
		{AAB470D3-CB33-468D-B5A1-F32A052A7CE5}.Debug|x86.ActiveCfg = Debug|Any CPU
		{AAB470D3-CB33-468D-B5A1-F32A052A7CE5}.Debug|x86.Build.0 = Debug|Any CPU
		{AAB470D3-CB33-468D-B5A1-F32A052A7CE5}.Release|Any CPU.ActiveCfg = Release|Any CPU
		{AAB470D3-CB33-468D-B5A1-F32A052A7CE5}.Release|Any CPU.Build.0 = Release|Any CPU
		{AAB470D3-CB33-468D-B5A1-F32A052A7CE5}.Release|x64.ActiveCfg = Release|Any CPU
		{AAB470D3-CB33-468D-B5A1-F32A052A7CE5}.Release|x64.Build.0 = Release|Any CPU
		{AAB470D3-CB33-468D-B5A1-F32A052A7CE5}.Release|x86.ActiveCfg = Release|Any CPU
		{AAB470D3-CB33-468D-B5A1-F32A052A7CE5}.Release|x86.Build.0 = Release|Any CPU
		{E41DC708-9EC7-4247-A78C-1A2B8B5DD4BC}.Debug|Any CPU.ActiveCfg = Debug|Any CPU
		{E41DC708-9EC7-4247-A78C-1A2B8B5DD4BC}.Debug|Any CPU.Build.0 = Debug|Any CPU
		{E41DC708-9EC7-4247-A78C-1A2B8B5DD4BC}.Debug|x64.ActiveCfg = Debug|Any CPU
		{E41DC708-9EC7-4247-A78C-1A2B8B5DD4BC}.Debug|x64.Build.0 = Debug|Any CPU
		{E41DC708-9EC7-4247-A78C-1A2B8B5DD4BC}.Debug|x86.ActiveCfg = Debug|Any CPU
		{E41DC708-9EC7-4247-A78C-1A2B8B5DD4BC}.Debug|x86.Build.0 = Debug|Any CPU
		{E41DC708-9EC7-4247-A78C-1A2B8B5DD4BC}.Release|Any CPU.ActiveCfg = Release|Any CPU
		{E41DC708-9EC7-4247-A78C-1A2B8B5DD4BC}.Release|Any CPU.Build.0 = Release|Any CPU
		{E41DC708-9EC7-4247-A78C-1A2B8B5DD4BC}.Release|x64.ActiveCfg = Release|Any CPU
		{E41DC708-9EC7-4247-A78C-1A2B8B5DD4BC}.Release|x64.Build.0 = Release|Any CPU
		{E41DC708-9EC7-4247-A78C-1A2B8B5DD4BC}.Release|x86.ActiveCfg = Release|Any CPU
		{E41DC708-9EC7-4247-A78C-1A2B8B5DD4BC}.Release|x86.Build.0 = Release|Any CPU
		{1448CE95-A647-4CE3-A56E-2D7A728C9CB5}.Debug|Any CPU.ActiveCfg = Debug|Any CPU
		{1448CE95-A647-4CE3-A56E-2D7A728C9CB5}.Debug|Any CPU.Build.0 = Debug|Any CPU
		{1448CE95-A647-4CE3-A56E-2D7A728C9CB5}.Debug|x64.ActiveCfg = Debug|Any CPU
		{1448CE95-A647-4CE3-A56E-2D7A728C9CB5}.Debug|x64.Build.0 = Debug|Any CPU
		{1448CE95-A647-4CE3-A56E-2D7A728C9CB5}.Debug|x86.ActiveCfg = Debug|Any CPU
		{1448CE95-A647-4CE3-A56E-2D7A728C9CB5}.Debug|x86.Build.0 = Debug|Any CPU
		{1448CE95-A647-4CE3-A56E-2D7A728C9CB5}.Release|Any CPU.ActiveCfg = Release|Any CPU
		{1448CE95-A647-4CE3-A56E-2D7A728C9CB5}.Release|Any CPU.Build.0 = Release|Any CPU
		{1448CE95-A647-4CE3-A56E-2D7A728C9CB5}.Release|x64.ActiveCfg = Release|Any CPU
		{1448CE95-A647-4CE3-A56E-2D7A728C9CB5}.Release|x64.Build.0 = Release|Any CPU
		{1448CE95-A647-4CE3-A56E-2D7A728C9CB5}.Release|x86.ActiveCfg = Release|Any CPU
		{1448CE95-A647-4CE3-A56E-2D7A728C9CB5}.Release|x86.Build.0 = Release|Any CPU
		{08CCDCD0-AB1A-4132-A931-DCF8865DDCDC}.Debug|Any CPU.ActiveCfg = Debug|Any CPU
		{08CCDCD0-AB1A-4132-A931-DCF8865DDCDC}.Debug|Any CPU.Build.0 = Debug|Any CPU
		{08CCDCD0-AB1A-4132-A931-DCF8865DDCDC}.Debug|x64.ActiveCfg = Debug|Any CPU
		{08CCDCD0-AB1A-4132-A931-DCF8865DDCDC}.Debug|x64.Build.0 = Debug|Any CPU
		{08CCDCD0-AB1A-4132-A931-DCF8865DDCDC}.Debug|x86.ActiveCfg = Debug|Any CPU
		{08CCDCD0-AB1A-4132-A931-DCF8865DDCDC}.Debug|x86.Build.0 = Debug|Any CPU
		{08CCDCD0-AB1A-4132-A931-DCF8865DDCDC}.Release|Any CPU.ActiveCfg = Release|Any CPU
		{08CCDCD0-AB1A-4132-A931-DCF8865DDCDC}.Release|Any CPU.Build.0 = Release|Any CPU
		{08CCDCD0-AB1A-4132-A931-DCF8865DDCDC}.Release|x64.ActiveCfg = Release|Any CPU
		{08CCDCD0-AB1A-4132-A931-DCF8865DDCDC}.Release|x64.Build.0 = Release|Any CPU
		{08CCDCD0-AB1A-4132-A931-DCF8865DDCDC}.Release|x86.ActiveCfg = Release|Any CPU
		{08CCDCD0-AB1A-4132-A931-DCF8865DDCDC}.Release|x86.Build.0 = Release|Any CPU
		{B7B405A0-8CB4-41D2-AFB9-5A7BBFCEFF1C}.Debug|Any CPU.ActiveCfg = Debug|Any CPU
		{B7B405A0-8CB4-41D2-AFB9-5A7BBFCEFF1C}.Debug|Any CPU.Build.0 = Debug|Any CPU
		{B7B405A0-8CB4-41D2-AFB9-5A7BBFCEFF1C}.Debug|x64.ActiveCfg = Debug|Any CPU
		{B7B405A0-8CB4-41D2-AFB9-5A7BBFCEFF1C}.Debug|x64.Build.0 = Debug|Any CPU
		{B7B405A0-8CB4-41D2-AFB9-5A7BBFCEFF1C}.Debug|x86.ActiveCfg = Debug|Any CPU
		{B7B405A0-8CB4-41D2-AFB9-5A7BBFCEFF1C}.Debug|x86.Build.0 = Debug|Any CPU
		{B7B405A0-8CB4-41D2-AFB9-5A7BBFCEFF1C}.Release|Any CPU.ActiveCfg = Release|Any CPU
		{B7B405A0-8CB4-41D2-AFB9-5A7BBFCEFF1C}.Release|Any CPU.Build.0 = Release|Any CPU
		{B7B405A0-8CB4-41D2-AFB9-5A7BBFCEFF1C}.Release|x64.ActiveCfg = Release|Any CPU
		{B7B405A0-8CB4-41D2-AFB9-5A7BBFCEFF1C}.Release|x64.Build.0 = Release|Any CPU
		{B7B405A0-8CB4-41D2-AFB9-5A7BBFCEFF1C}.Release|x86.ActiveCfg = Release|Any CPU
		{B7B405A0-8CB4-41D2-AFB9-5A7BBFCEFF1C}.Release|x86.Build.0 = Release|Any CPU
		{C078A33F-84AB-4BF6-9E72-F9D03B869756}.Debug|Any CPU.ActiveCfg = Debug|Any CPU
		{C078A33F-84AB-4BF6-9E72-F9D03B869756}.Debug|Any CPU.Build.0 = Debug|Any CPU
		{C078A33F-84AB-4BF6-9E72-F9D03B869756}.Debug|x64.ActiveCfg = Debug|Any CPU
		{C078A33F-84AB-4BF6-9E72-F9D03B869756}.Debug|x64.Build.0 = Debug|Any CPU
		{C078A33F-84AB-4BF6-9E72-F9D03B869756}.Debug|x86.ActiveCfg = Debug|Any CPU
		{C078A33F-84AB-4BF6-9E72-F9D03B869756}.Debug|x86.Build.0 = Debug|Any CPU
		{C078A33F-84AB-4BF6-9E72-F9D03B869756}.Release|Any CPU.ActiveCfg = Release|Any CPU
		{C078A33F-84AB-4BF6-9E72-F9D03B869756}.Release|Any CPU.Build.0 = Release|Any CPU
		{C078A33F-84AB-4BF6-9E72-F9D03B869756}.Release|x64.ActiveCfg = Release|Any CPU
		{C078A33F-84AB-4BF6-9E72-F9D03B869756}.Release|x64.Build.0 = Release|Any CPU
		{C078A33F-84AB-4BF6-9E72-F9D03B869756}.Release|x86.ActiveCfg = Release|Any CPU
		{C078A33F-84AB-4BF6-9E72-F9D03B869756}.Release|x86.Build.0 = Release|Any CPU
		{9A3DB714-F41A-4E79-9F3E-09BE8996157C}.Debug|Any CPU.ActiveCfg = Debug|Any CPU
		{9A3DB714-F41A-4E79-9F3E-09BE8996157C}.Debug|Any CPU.Build.0 = Debug|Any CPU
		{9A3DB714-F41A-4E79-9F3E-09BE8996157C}.Debug|x64.ActiveCfg = Debug|Any CPU
		{9A3DB714-F41A-4E79-9F3E-09BE8996157C}.Debug|x64.Build.0 = Debug|Any CPU
		{9A3DB714-F41A-4E79-9F3E-09BE8996157C}.Debug|x86.ActiveCfg = Debug|Any CPU
		{9A3DB714-F41A-4E79-9F3E-09BE8996157C}.Debug|x86.Build.0 = Debug|Any CPU
		{9A3DB714-F41A-4E79-9F3E-09BE8996157C}.Release|Any CPU.ActiveCfg = Release|Any CPU
		{9A3DB714-F41A-4E79-9F3E-09BE8996157C}.Release|Any CPU.Build.0 = Release|Any CPU
		{9A3DB714-F41A-4E79-9F3E-09BE8996157C}.Release|x64.ActiveCfg = Release|Any CPU
		{9A3DB714-F41A-4E79-9F3E-09BE8996157C}.Release|x64.Build.0 = Release|Any CPU
		{9A3DB714-F41A-4E79-9F3E-09BE8996157C}.Release|x86.ActiveCfg = Release|Any CPU
		{9A3DB714-F41A-4E79-9F3E-09BE8996157C}.Release|x86.Build.0 = Release|Any CPU
		{E90F28FF-4A84-4A6F-B6E2-A1025DC88856}.Debug|Any CPU.ActiveCfg = Debug|Any CPU
		{E90F28FF-4A84-4A6F-B6E2-A1025DC88856}.Debug|Any CPU.Build.0 = Debug|Any CPU
		{E90F28FF-4A84-4A6F-B6E2-A1025DC88856}.Debug|x64.ActiveCfg = Debug|Any CPU
		{E90F28FF-4A84-4A6F-B6E2-A1025DC88856}.Debug|x64.Build.0 = Debug|Any CPU
		{E90F28FF-4A84-4A6F-B6E2-A1025DC88856}.Debug|x86.ActiveCfg = Debug|Any CPU
		{E90F28FF-4A84-4A6F-B6E2-A1025DC88856}.Debug|x86.Build.0 = Debug|Any CPU
		{E90F28FF-4A84-4A6F-B6E2-A1025DC88856}.Release|Any CPU.ActiveCfg = Release|Any CPU
		{E90F28FF-4A84-4A6F-B6E2-A1025DC88856}.Release|Any CPU.Build.0 = Release|Any CPU
		{E90F28FF-4A84-4A6F-B6E2-A1025DC88856}.Release|x64.ActiveCfg = Release|Any CPU
		{E90F28FF-4A84-4A6F-B6E2-A1025DC88856}.Release|x64.Build.0 = Release|Any CPU
		{E90F28FF-4A84-4A6F-B6E2-A1025DC88856}.Release|x86.ActiveCfg = Release|Any CPU
		{E90F28FF-4A84-4A6F-B6E2-A1025DC88856}.Release|x86.Build.0 = Release|Any CPU
		{58AF4E20-7849-4129-9C37-B045699EF990}.Debug|Any CPU.ActiveCfg = Debug|Any CPU
		{58AF4E20-7849-4129-9C37-B045699EF990}.Debug|Any CPU.Build.0 = Debug|Any CPU
		{58AF4E20-7849-4129-9C37-B045699EF990}.Debug|x64.ActiveCfg = Debug|Any CPU
		{58AF4E20-7849-4129-9C37-B045699EF990}.Debug|x64.Build.0 = Debug|Any CPU
		{58AF4E20-7849-4129-9C37-B045699EF990}.Debug|x86.ActiveCfg = Debug|Any CPU
		{58AF4E20-7849-4129-9C37-B045699EF990}.Debug|x86.Build.0 = Debug|Any CPU
		{58AF4E20-7849-4129-9C37-B045699EF990}.Release|Any CPU.ActiveCfg = Release|Any CPU
		{58AF4E20-7849-4129-9C37-B045699EF990}.Release|Any CPU.Build.0 = Release|Any CPU
		{58AF4E20-7849-4129-9C37-B045699EF990}.Release|x64.ActiveCfg = Release|Any CPU
		{58AF4E20-7849-4129-9C37-B045699EF990}.Release|x64.Build.0 = Release|Any CPU
		{58AF4E20-7849-4129-9C37-B045699EF990}.Release|x86.ActiveCfg = Release|Any CPU
		{58AF4E20-7849-4129-9C37-B045699EF990}.Release|x86.Build.0 = Release|Any CPU
		{BBF15FCF-D3A7-4CE3-9711-35E04A1F188B}.Debug|Any CPU.ActiveCfg = Debug|Any CPU
		{BBF15FCF-D3A7-4CE3-9711-35E04A1F188B}.Debug|Any CPU.Build.0 = Debug|Any CPU
		{BBF15FCF-D3A7-4CE3-9711-35E04A1F188B}.Debug|x64.ActiveCfg = Debug|Any CPU
		{BBF15FCF-D3A7-4CE3-9711-35E04A1F188B}.Debug|x64.Build.0 = Debug|Any CPU
		{BBF15FCF-D3A7-4CE3-9711-35E04A1F188B}.Debug|x86.ActiveCfg = Debug|Any CPU
		{BBF15FCF-D3A7-4CE3-9711-35E04A1F188B}.Debug|x86.Build.0 = Debug|Any CPU
		{BBF15FCF-D3A7-4CE3-9711-35E04A1F188B}.Release|Any CPU.ActiveCfg = Release|Any CPU
		{BBF15FCF-D3A7-4CE3-9711-35E04A1F188B}.Release|Any CPU.Build.0 = Release|Any CPU
		{BBF15FCF-D3A7-4CE3-9711-35E04A1F188B}.Release|x64.ActiveCfg = Release|Any CPU
		{BBF15FCF-D3A7-4CE3-9711-35E04A1F188B}.Release|x64.Build.0 = Release|Any CPU
		{BBF15FCF-D3A7-4CE3-9711-35E04A1F188B}.Release|x86.ActiveCfg = Release|Any CPU
		{BBF15FCF-D3A7-4CE3-9711-35E04A1F188B}.Release|x86.Build.0 = Release|Any CPU
		{7079D570-4B55-4E82-BDE9-5ABF2B1FCF55}.Debug|Any CPU.ActiveCfg = Debug|Any CPU
		{7079D570-4B55-4E82-BDE9-5ABF2B1FCF55}.Debug|Any CPU.Build.0 = Debug|Any CPU
		{7079D570-4B55-4E82-BDE9-5ABF2B1FCF55}.Debug|x64.ActiveCfg = Debug|Any CPU
		{7079D570-4B55-4E82-BDE9-5ABF2B1FCF55}.Debug|x64.Build.0 = Debug|Any CPU
		{7079D570-4B55-4E82-BDE9-5ABF2B1FCF55}.Debug|x86.ActiveCfg = Debug|Any CPU
		{7079D570-4B55-4E82-BDE9-5ABF2B1FCF55}.Debug|x86.Build.0 = Debug|Any CPU
		{7079D570-4B55-4E82-BDE9-5ABF2B1FCF55}.Release|Any CPU.ActiveCfg = Release|Any CPU
		{7079D570-4B55-4E82-BDE9-5ABF2B1FCF55}.Release|Any CPU.Build.0 = Release|Any CPU
		{7079D570-4B55-4E82-BDE9-5ABF2B1FCF55}.Release|x64.ActiveCfg = Release|Any CPU
		{7079D570-4B55-4E82-BDE9-5ABF2B1FCF55}.Release|x64.Build.0 = Release|Any CPU
		{7079D570-4B55-4E82-BDE9-5ABF2B1FCF55}.Release|x86.ActiveCfg = Release|Any CPU
		{7079D570-4B55-4E82-BDE9-5ABF2B1FCF55}.Release|x86.Build.0 = Release|Any CPU
		{24D46D5D-9EF6-4DED-9B68-D9D3CC7500CA}.Debug|Any CPU.ActiveCfg = Debug|Any CPU
		{24D46D5D-9EF6-4DED-9B68-D9D3CC7500CA}.Debug|Any CPU.Build.0 = Debug|Any CPU
		{24D46D5D-9EF6-4DED-9B68-D9D3CC7500CA}.Debug|x64.ActiveCfg = Debug|Any CPU
		{24D46D5D-9EF6-4DED-9B68-D9D3CC7500CA}.Debug|x64.Build.0 = Debug|Any CPU
		{24D46D5D-9EF6-4DED-9B68-D9D3CC7500CA}.Debug|x86.ActiveCfg = Debug|Any CPU
		{24D46D5D-9EF6-4DED-9B68-D9D3CC7500CA}.Debug|x86.Build.0 = Debug|Any CPU
		{24D46D5D-9EF6-4DED-9B68-D9D3CC7500CA}.Release|Any CPU.ActiveCfg = Release|Any CPU
		{24D46D5D-9EF6-4DED-9B68-D9D3CC7500CA}.Release|Any CPU.Build.0 = Release|Any CPU
		{24D46D5D-9EF6-4DED-9B68-D9D3CC7500CA}.Release|x64.ActiveCfg = Release|Any CPU
		{24D46D5D-9EF6-4DED-9B68-D9D3CC7500CA}.Release|x64.Build.0 = Release|Any CPU
		{24D46D5D-9EF6-4DED-9B68-D9D3CC7500CA}.Release|x86.ActiveCfg = Release|Any CPU
		{24D46D5D-9EF6-4DED-9B68-D9D3CC7500CA}.Release|x86.Build.0 = Release|Any CPU
		{80EA5E13-8808-489C-B625-7251C46CCFE5}.Debug|Any CPU.ActiveCfg = Debug|Any CPU
		{80EA5E13-8808-489C-B625-7251C46CCFE5}.Debug|Any CPU.Build.0 = Debug|Any CPU
		{80EA5E13-8808-489C-B625-7251C46CCFE5}.Debug|x64.ActiveCfg = Debug|Any CPU
		{80EA5E13-8808-489C-B625-7251C46CCFE5}.Debug|x64.Build.0 = Debug|Any CPU
		{80EA5E13-8808-489C-B625-7251C46CCFE5}.Debug|x86.ActiveCfg = Debug|Any CPU
		{80EA5E13-8808-489C-B625-7251C46CCFE5}.Debug|x86.Build.0 = Debug|Any CPU
		{80EA5E13-8808-489C-B625-7251C46CCFE5}.Release|Any CPU.ActiveCfg = Release|Any CPU
		{80EA5E13-8808-489C-B625-7251C46CCFE5}.Release|Any CPU.Build.0 = Release|Any CPU
		{80EA5E13-8808-489C-B625-7251C46CCFE5}.Release|x64.ActiveCfg = Release|Any CPU
		{80EA5E13-8808-489C-B625-7251C46CCFE5}.Release|x64.Build.0 = Release|Any CPU
		{80EA5E13-8808-489C-B625-7251C46CCFE5}.Release|x86.ActiveCfg = Release|Any CPU
		{80EA5E13-8808-489C-B625-7251C46CCFE5}.Release|x86.Build.0 = Release|Any CPU
		{5FD974CC-C6D6-4801-B6AE-5755BC301DD6}.Debug|Any CPU.ActiveCfg = Debug|Any CPU
		{5FD974CC-C6D6-4801-B6AE-5755BC301DD6}.Debug|Any CPU.Build.0 = Debug|Any CPU
		{5FD974CC-C6D6-4801-B6AE-5755BC301DD6}.Debug|x64.ActiveCfg = Debug|Any CPU
		{5FD974CC-C6D6-4801-B6AE-5755BC301DD6}.Debug|x64.Build.0 = Debug|Any CPU
		{5FD974CC-C6D6-4801-B6AE-5755BC301DD6}.Debug|x86.ActiveCfg = Debug|Any CPU
		{5FD974CC-C6D6-4801-B6AE-5755BC301DD6}.Debug|x86.Build.0 = Debug|Any CPU
		{5FD974CC-C6D6-4801-B6AE-5755BC301DD6}.Release|Any CPU.ActiveCfg = Release|Any CPU
		{5FD974CC-C6D6-4801-B6AE-5755BC301DD6}.Release|Any CPU.Build.0 = Release|Any CPU
		{5FD974CC-C6D6-4801-B6AE-5755BC301DD6}.Release|x64.ActiveCfg = Release|Any CPU
		{5FD974CC-C6D6-4801-B6AE-5755BC301DD6}.Release|x64.Build.0 = Release|Any CPU
		{5FD974CC-C6D6-4801-B6AE-5755BC301DD6}.Release|x86.ActiveCfg = Release|Any CPU
		{5FD974CC-C6D6-4801-B6AE-5755BC301DD6}.Release|x86.Build.0 = Release|Any CPU
		{4A6D430B-2768-43C7-99BB-2B667BC20884}.Debug|Any CPU.ActiveCfg = Debug|Any CPU
		{4A6D430B-2768-43C7-99BB-2B667BC20884}.Debug|Any CPU.Build.0 = Debug|Any CPU
		{4A6D430B-2768-43C7-99BB-2B667BC20884}.Debug|x64.ActiveCfg = Debug|Any CPU
		{4A6D430B-2768-43C7-99BB-2B667BC20884}.Debug|x64.Build.0 = Debug|Any CPU
		{4A6D430B-2768-43C7-99BB-2B667BC20884}.Debug|x86.ActiveCfg = Debug|Any CPU
		{4A6D430B-2768-43C7-99BB-2B667BC20884}.Debug|x86.Build.0 = Debug|Any CPU
		{4A6D430B-2768-43C7-99BB-2B667BC20884}.Release|Any CPU.ActiveCfg = Release|Any CPU
		{4A6D430B-2768-43C7-99BB-2B667BC20884}.Release|Any CPU.Build.0 = Release|Any CPU
		{4A6D430B-2768-43C7-99BB-2B667BC20884}.Release|x64.ActiveCfg = Release|Any CPU
		{4A6D430B-2768-43C7-99BB-2B667BC20884}.Release|x64.Build.0 = Release|Any CPU
		{4A6D430B-2768-43C7-99BB-2B667BC20884}.Release|x86.ActiveCfg = Release|Any CPU
		{4A6D430B-2768-43C7-99BB-2B667BC20884}.Release|x86.Build.0 = Release|Any CPU
		{1338B3FD-F601-42BD-9C93-05D3E52C63BF}.Debug|Any CPU.ActiveCfg = Debug|Any CPU
		{1338B3FD-F601-42BD-9C93-05D3E52C63BF}.Debug|Any CPU.Build.0 = Debug|Any CPU
		{1338B3FD-F601-42BD-9C93-05D3E52C63BF}.Debug|x64.ActiveCfg = Debug|Any CPU
		{1338B3FD-F601-42BD-9C93-05D3E52C63BF}.Debug|x64.Build.0 = Debug|Any CPU
		{1338B3FD-F601-42BD-9C93-05D3E52C63BF}.Debug|x86.ActiveCfg = Debug|Any CPU
		{1338B3FD-F601-42BD-9C93-05D3E52C63BF}.Debug|x86.Build.0 = Debug|Any CPU
		{1338B3FD-F601-42BD-9C93-05D3E52C63BF}.Release|Any CPU.ActiveCfg = Release|Any CPU
		{1338B3FD-F601-42BD-9C93-05D3E52C63BF}.Release|Any CPU.Build.0 = Release|Any CPU
		{1338B3FD-F601-42BD-9C93-05D3E52C63BF}.Release|x64.ActiveCfg = Release|Any CPU
		{1338B3FD-F601-42BD-9C93-05D3E52C63BF}.Release|x64.Build.0 = Release|Any CPU
		{1338B3FD-F601-42BD-9C93-05D3E52C63BF}.Release|x86.ActiveCfg = Release|Any CPU
		{1338B3FD-F601-42BD-9C93-05D3E52C63BF}.Release|x86.Build.0 = Release|Any CPU
		{D0FD0073-59D1-4BFA-A51B-A72E586AEABD}.Debug|Any CPU.ActiveCfg = Debug|Any CPU
		{D0FD0073-59D1-4BFA-A51B-A72E586AEABD}.Debug|Any CPU.Build.0 = Debug|Any CPU
		{D0FD0073-59D1-4BFA-A51B-A72E586AEABD}.Debug|x64.ActiveCfg = Debug|Any CPU
		{D0FD0073-59D1-4BFA-A51B-A72E586AEABD}.Debug|x64.Build.0 = Debug|Any CPU
		{D0FD0073-59D1-4BFA-A51B-A72E586AEABD}.Debug|x86.ActiveCfg = Debug|Any CPU
		{D0FD0073-59D1-4BFA-A51B-A72E586AEABD}.Debug|x86.Build.0 = Debug|Any CPU
		{D0FD0073-59D1-4BFA-A51B-A72E586AEABD}.Release|Any CPU.ActiveCfg = Release|Any CPU
		{D0FD0073-59D1-4BFA-A51B-A72E586AEABD}.Release|Any CPU.Build.0 = Release|Any CPU
		{D0FD0073-59D1-4BFA-A51B-A72E586AEABD}.Release|x64.ActiveCfg = Release|Any CPU
		{D0FD0073-59D1-4BFA-A51B-A72E586AEABD}.Release|x64.Build.0 = Release|Any CPU
		{D0FD0073-59D1-4BFA-A51B-A72E586AEABD}.Release|x86.ActiveCfg = Release|Any CPU
		{D0FD0073-59D1-4BFA-A51B-A72E586AEABD}.Release|x86.Build.0 = Release|Any CPU
	EndGlobalSection
	GlobalSection(SolutionProperties) = preSolution
		HideSolutionNode = FALSE
	EndGlobalSection
	GlobalSection(NestedProjects) = preSolution
		{563D95C0-C0A5-4652-AC8E-FC195DEB055C} = {F68480A7-1667-9DF4-D054-EE76B178F56C}
		{C52C55BC-A5A0-4584-9FCF-B118D0A80781} = {F68480A7-1667-9DF4-D054-EE76B178F56C}
		{7724FDAB-54FE-4133-B43F-826E57A3405B} = {F68480A7-1667-9DF4-D054-EE76B178F56C}
		{B4B8C11A-6D8F-4CD6-85C7-F364D969FC3C} = {F68480A7-1667-9DF4-D054-EE76B178F56C}
		{0CFAED74-75AC-4155-9E59-99A0EB317EE8} = {F68480A7-1667-9DF4-D054-EE76B178F56C}
		{85AC30EC-29C1-409E-B38B-938E986C8A91} = {F68480A7-1667-9DF4-D054-EE76B178F56C}
		{CBA89554-5CDF-436C-B81E-FFAF90C97EE1} = {F68480A7-1667-9DF4-D054-EE76B178F56C}
		{5C855C56-859C-4802-9D74-9F112A9DA77E} = {F68480A7-1667-9DF4-D054-EE76B178F56C}
		{4247EB6F-1301-4EF2-9B3C-FAD91216CF86} = {F68480A7-1667-9DF4-D054-EE76B178F56C}
		{54B4FDE9-A636-4CBA-AFD0-3A5EB3A51FEC} = {F68480A7-1667-9DF4-D054-EE76B178F56C}
		{D68AD848-A988-48CD-A3A4-384AED1E97D1} = {F68480A7-1667-9DF4-D054-EE76B178F56C}
		{92699711-F060-4AB4-9A30-F55B9DAFA68D} = {F68480A7-1667-9DF4-D054-EE76B178F56C}
		{FFE80A4E-10AB-4C03-99E5-809287CBC3B0} = {F68480A7-1667-9DF4-D054-EE76B178F56C}
		{617F0661-CD9E-456F-854C-760B733D5DEF} = {F68480A7-1667-9DF4-D054-EE76B178F56C}
		{8DE36B2F-DF7A-4134-9DE1-A1FEE8FAC80F} = {F68480A7-1667-9DF4-D054-EE76B178F56C}
		{AAB470D3-CB33-468D-B5A1-F32A052A7CE5} = {F68480A7-1667-9DF4-D054-EE76B178F56C}
		{E41DC708-9EC7-4247-A78C-1A2B8B5DD4BC} = {8DB7E26F-772B-97FE-A958-FEA60A4DD86B}
		{1448CE95-A647-4CE3-A56E-2D7A728C9CB5} = {8DB7E26F-772B-97FE-A958-FEA60A4DD86B}
		{08CCDCD0-AB1A-4132-A931-DCF8865DDCDC} = {AADCF890-3222-9FDA-7EB4-1FA47FAF1587}
		{B7B405A0-8CB4-41D2-AFB9-5A7BBFCEFF1C} = {AADCF890-3222-9FDA-7EB4-1FA47FAF1587}
		{C078A33F-84AB-4BF6-9E72-F9D03B869756} = {AADCF890-3222-9FDA-7EB4-1FA47FAF1587}
		{9A3DB714-F41A-4E79-9F3E-09BE8996157C} = {AADCF890-3222-9FDA-7EB4-1FA47FAF1587}
		{E90F28FF-4A84-4A6F-B6E2-A1025DC88856} = {AADCF890-3222-9FDA-7EB4-1FA47FAF1587}
		{58AF4E20-7849-4129-9C37-B045699EF990} = {AADCF890-3222-9FDA-7EB4-1FA47FAF1587}
		{BBF15FCF-D3A7-4CE3-9711-35E04A1F188B} = {AADCF890-3222-9FDA-7EB4-1FA47FAF1587}
		{7079D570-4B55-4E82-BDE9-5ABF2B1FCF55} = {2E3E0152-316C-BC7B-D86F-1400FDE1F4A2}
		{24D46D5D-9EF6-4DED-9B68-D9D3CC7500CA} = {2E3E0152-316C-BC7B-D86F-1400FDE1F4A2}
		{80EA5E13-8808-489C-B625-7251C46CCFE5} = {2E3E0152-316C-BC7B-D86F-1400FDE1F4A2}
		{5FD974CC-C6D6-4801-B6AE-5755BC301DD6} = {2E3E0152-316C-BC7B-D86F-1400FDE1F4A2}
		{4A6D430B-2768-43C7-99BB-2B667BC20884} = {2E3E0152-316C-BC7B-D86F-1400FDE1F4A2}
		{1338B3FD-F601-42BD-9C93-05D3E52C63BF} = {2E3E0152-316C-BC7B-D86F-1400FDE1F4A2}
		{D0FD0073-59D1-4BFA-A51B-A72E586AEABD} = {2E3E0152-316C-BC7B-D86F-1400FDE1F4A2}
	EndGlobalSection
EndGlobal
