
Microsoft Visual Studio Solution File, Format Version 12.00
# Visual Studio Version 17
VisualStudioVersion = 17.0.31903.59
MinimumVisualStudioVersion = 10.0.40219.1
Project("{2150E333-8FDC-42A3-9474-1A3956D46DE8}") = "Adapter", "Adapter", "{F68480A7-1667-9DF4-D054-EE76B178F56C}"
EndProject
Project("{FAE04EC0-301F-11D3-BF4B-00C04F79EFBC}") = "Adapter.Tests", "Adapter\tests\Adapter.Tests\Adapter.Tests.csproj", "{265BA539-2349-4090-9D14-183C6B728458}"
EndProject
Project("{FAE04EC0-301F-11D3-BF4B-00C04F79EFBC}") = "Electricity.PowerAdapter1", "Adapter\src\Electricity.PowerAdapter1\Electricity.PowerAdapter1.csproj", "{2205B946-68C0-4CDC-B2ED-2C7BCD179D29}"
EndProject
Project("{FAE04EC0-301F-11D3-BF4B-00C04F79EFBC}") = "Gof.Pluggable", "Adapter\src\Gof.Pluggable\Gof.Pluggable.csproj", "{3027AFA2-8090-45CC-B701-A9C1197CB94B}"
EndProject
Project("{FAE04EC0-301F-11D3-BF4B-00C04F79EFBC}") = "Electricity.Domain.Us.Demo", "Adapter\src\Electricity.Domain.Us.Demo\Electricity.Domain.Us.Demo.csproj", "{B41D082B-F985-41D6-8498-723ECFC9E83C}"
EndProject
Project("{FAE04EC0-301F-11D3-BF4B-00C04F79EFBC}") = "Gof.Demo", "Adapter\src\Gof.Demo\Gof.Demo.csproj", "{5DB38BAE-22D0-4A93-A035-45E9AA855A62}"
EndProject
Project("{FAE04EC0-301F-11D3-BF4B-00C04F79EFBC}") = "Gof", "Adapter\src\Gof\Gof.csproj", "{191F0D08-77A3-40C1-93E2-C96337178A60}"
EndProject
Project("{FAE04EC0-301F-11D3-BF4B-00C04F79EFBC}") = "Electricity.Domain.Tr.Demo", "Adapter\src\Electricity.Domain.Tr.Demo\Electricity.Domain.Tr.Demo.csproj", "{F0AF0FD8-E309-4A11-89D5-47A4BBBAA691}"
EndProject
Project("{FAE04EC0-301F-11D3-BF4B-00C04F79EFBC}") = "Electricity.Problem2", "Adapter\src\Electricity.Problem2\Electricity.Problem2.csproj", "{C1C36134-9A7A-4052-A10E-9614C1AB5155}"
EndProject
Project("{FAE04EC0-301F-11D3-BF4B-00C04F79EFBC}") = "Electricity.TwoWayAdapter", "Adapter\src\Electricity.TwoWayAdapter\Electricity.TwoWayAdapter.csproj", "{A7204682-C98C-4920-B1E1-E7A7A55CD11A}"
EndProject
Project("{FAE04EC0-301F-11D3-BF4B-00C04F79EFBC}") = "Electricity.PowerAdapter2", "Adapter\src\Electricity.PowerAdapter2\Electricity.PowerAdapter2.csproj", "{481BCB7D-B7D2-456F-9EB9-44C269D04F59}"
EndProject
Project("{FAE04EC0-301F-11D3-BF4B-00C04F79EFBC}") = "Pluggable.DelegateObject", "Adapter\src\Pluggable.DelegateObject\Pluggable.DelegateObject.csproj", "{443E4464-5BFC-4DB5-B427-023765CBC1D5}"
EndProject
Project("{FAE04EC0-301F-11D3-BF4B-00C04F79EFBC}") = "Electricity.ClassAdapter", "Adapter\src\Electricity.ClassAdapter\Electricity.ClassAdapter.csproj", "{B9004C72-F336-4FE6-BBAF-ADC5ED39EA32}"
EndProject
Project("{FAE04EC0-301F-11D3-BF4B-00C04F79EFBC}") = "Electricity.Domain", "Adapter\src\Electricity.Domain\Electricity.Domain.csproj", "{42BC1F70-13C6-4AF5-B1BF-76C20C196F34}"
EndProject
Project("{FAE04EC0-301F-11D3-BF4B-00C04F79EFBC}") = "Pluggable.AbstractOperations", "Adapter\src\Pluggable.AbstractOperations\Pluggable.AbstractOperations.csproj", "{D726C4BB-25A3-4F22-A475-121AC5757FF5}"
EndProject
Project("{FAE04EC0-301F-11D3-BF4B-00C04F79EFBC}") = "Pluggable.Parameterized", "Adapter\src\Pluggable.Parameterized\Pluggable.Parameterized.csproj", "{AD46420C-93BA-4175-94A6-B1D957C13720}"
EndProject
Project("{FAE04EC0-301F-11D3-BF4B-00C04F79EFBC}") = "Electricity.Problem1", "Adapter\src\Electricity.Problem1\Electricity.Problem1.csproj", "{2B960EBD-B5C7-4A77-B36D-1E52F8CD0EA5}"
EndProject
Project("{2150E333-8FDC-42A3-9474-1A3956D46DE8}") = "Flyweight", "Flyweight", "{8DB7E26F-772B-97FE-A958-FEA60A4DD86B}"
EndProject
Project("{FAE04EC0-301F-11D3-BF4B-00C04F79EFBC}") = "Flyweight.Tests", "Flyweight\tests\Flyweight.Tests\Flyweight.Tests.csproj", "{128A9D1C-7AAD-4FC3-B9AB-03DDBBE35381}"
EndProject
Project("{FAE04EC0-301F-11D3-BF4B-00C04F79EFBC}") = "Flyweight", "Flyweight\src\Flyweight\Flyweight.csproj", "{87589220-7A13-47B0-AAAC-0A2FEF1598AA}"
EndProject
Project("{2150E333-8FDC-42A3-9474-1A3956D46DE8}") = "Structural Patterns (Simpler)", "Structural Patterns (Simpler)", "{AADCF890-3222-9FDA-7EB4-1FA47FAF1587}"
EndProject
Project("{FAE04EC0-301F-11D3-BF4B-00C04F79EFBC}") = "Simpler.Proxy", "Structural Patterns (Simpler)\Simpler.Proxy\Simpler.Proxy.csproj", "{D40B6F42-E93D-4B15-BFC6-32CF5821BCD7}"
EndProject
Project("{FAE04EC0-301F-11D3-BF4B-00C04F79EFBC}") = "Simpler.Bridge", "Structural Patterns (Simpler)\Simpler.Bridge\Simpler.Bridge.csproj", "{A365EF04-8B1B-4603-8A94-53EE9221A52B}"
EndProject
Project("{FAE04EC0-301F-11D3-BF4B-00C04F79EFBC}") = "Simpler.Decorator", "Structural Patterns (Simpler)\Simpler.Decorator\Simpler.Decorator.csproj", "{CF006405-F0F0-445B-B085-3431B2E1B417}"
EndProject
Project("{FAE04EC0-301F-11D3-BF4B-00C04F79EFBC}") = "Simpler.Facade", "Structural Patterns (Simpler)\Simpler.Facade\Simpler.Facade.csproj", "{8B51EB76-96B2-44EE-96A0-A90376BFDA00}"
EndProject
Project("{FAE04EC0-301F-11D3-BF4B-00C04F79EFBC}") = "Simpler.Flyweight", "Structural Patterns (Simpler)\Simpler.Flyweight\Simpler.Flyweight.csproj", "{CA9C1E02-8161-4B19-AB2D-CB1A577A437B}"
EndProject
Project("{FAE04EC0-301F-11D3-BF4B-00C04F79EFBC}") = "Simpler.Composite", "Structural Patterns (Simpler)\Simpler.Composite\Simpler.Composite.csproj", "{80ADCBC8-AAF7-4837-B07B-DFB68FFA1B33}"
EndProject
Project("{FAE04EC0-301F-11D3-BF4B-00C04F79EFBC}") = "Simpler.Adapter", "Structural Patterns (Simpler)\Simpler.Adapter\Simpler.Adapter.csproj", "{44081CD6-3859-4EFA-A2CB-95CA54D9A2BE}"
EndProject
Project("{2150E333-8FDC-42A3-9474-1A3956D46DE8}") = "Structural Patterns (Business)", "Structural Patterns (Business)", "{2E3E0152-316C-BC7B-D86F-1400FDE1F4A2}"
EndProject
Project("{FAE04EC0-301F-11D3-BF4B-00C04F79EFBC}") = "Business.Flyweight", "Structural Patterns (Business)\Business.Flyweight\Business.Flyweight.csproj", "{9844EB29-F0CC-416C-8EA0-AD0573851569}"
EndProject
Project("{FAE04EC0-301F-11D3-BF4B-00C04F79EFBC}") = "Business.Proxy", "Structural Patterns (Business)\Business.Proxy\Business.Proxy.csproj", "{63B285C6-1B46-4B70-8AF8-D808A706FB29}"
EndProject
Project("{FAE04EC0-301F-11D3-BF4B-00C04F79EFBC}") = "Business.Adapter", "Structural Patterns (Business)\Business.Adapter\Business.Adapter.csproj", "{487E9F5D-FD4D-4E45-B916-0A5B63EF8F05}"
EndProject
Project("{FAE04EC0-301F-11D3-BF4B-00C04F79EFBC}") = "Business.Composite", "Structural Patterns (Business)\Business.Composite\Business.Composite.csproj", "{665C5C05-6AC0-4A37-ACA8-995E8B37C676}"
EndProject
Project("{FAE04EC0-301F-11D3-BF4B-00C04F79EFBC}") = "Business.Bridge", "Structural Patterns (Business)\Business.Bridge\Business.Bridge.csproj", "{7FB7AE51-869D-49BA-830A-904A4548393B}"
EndProject
Project("{FAE04EC0-301F-11D3-BF4B-00C04F79EFBC}") = "Business.Decorator", "Structural Patterns (Business)\Business.Decorator\Business.Decorator.csproj", "{00BD573B-D19E-457E-8E3E-ACD8CD9A210B}"
EndProject
Project("{FAE04EC0-301F-11D3-BF4B-00C04F79EFBC}") = "Business.Facade", "Structural Patterns (Business)\Business.Facade\Business.Facade.csproj", "{3ADEF494-2B98-42AF-88F3-E04273F3D03D}"
EndProject
Project("{2150E333-8FDC-42A3-9474-1A3956D46DE8}") = "Proxy", "Proxy", "{F9C07279-9FC2-56E5-BB47-2338B3B825A0}"
EndProject
Project("{FAE04EC0-301F-11D3-BF4B-00C04F79EFBC}") = "Proxy", "Proxy\src\Proxy\Proxy.csproj", "{5FC3E10D-4AD4-44B0-8E51-54DE711A4E42}"
EndProject
Project("{FAE04EC0-301F-11D3-BF4B-00C04F79EFBC}") = "Proxy.Demo", "Proxy\src\Proxy.Demo\Proxy.Demo.csproj", "{96D12E62-1EE7-44A1-86F7-51EB1AFF5FDF}"
EndProject
Project("{FAE04EC0-301F-11D3-BF4B-00C04F79EFBC}") = "Proxy.Tests", "Proxy\tests\Proxy.Tests\Proxy.Tests.csproj", "{03E636D8-88C4-4CF7-8ACB-6B73291E39C6}"
EndProject
Project("{2150E333-8FDC-42A3-9474-1A3956D46DE8}") = "Facade", "Facade", "{3750B0E0-A555-4F82-A1FA-C67DE7BF75EE}"
EndProject
Project("{FAE04EC0-301F-11D3-BF4B-00C04F79EFBC}") = "Facade.Gof", "Facade\src\Facade.Gof\Facade.Gof.csproj", "{3447098D-9EB3-429D-973C-FF5B39E9FF4F}"
EndProject
Project("{FAE04EC0-301F-11D3-BF4B-00C04F79EFBC}") = "Facade.Notification", "Facade\src\Facade.Notification\Facade.Notification.csproj", "{7B9EBFC8-390E-4E0F-98F5-65AA7C9039A4}"
EndProject
Project("{FAE04EC0-301F-11D3-BF4B-00C04F79EFBC}") = "Facade.Logging", "Facade\src\Facade.Logging\Facade.Logging.csproj", "{B4D6AF71-E4E1-49B3-B83C-D2C6E9800B39}"
EndProject
Project("{FAE04EC0-301F-11D3-BF4B-00C04F79EFBC}") = "Facade.Gof.Tests", "Facade\tests\Facade.Gof.Tests\Facade.Gof.Tests.csproj", "{FEB99C41-0821-4C00-B2AE-1B23E86E4438}"
EndProject
Project("{FAE04EC0-301F-11D3-BF4B-00C04F79EFBC}") = "Facade.Notification.Tests", "Facade\tests\Facade.Notification.Tests\Facade.Notification.Tests.csproj", "{DCDA55FB-4734-471C-8576-BEB9863A9F73}"
EndProject
Project("{FAE04EC0-301F-11D3-BF4B-00C04F79EFBC}") = "Facade.Logging.Tests", "Facade\tests\Facade.Logging.Tests\Facade.Logging.Tests.csproj", "{E69C1EB7-C9F7-4853-92D7-6A75D062AAF0}"
EndProject
Global
	GlobalSection(SolutionConfigurationPlatforms) = preSolution
		Debug|Any CPU = Debug|Any CPU
		Debug|x64 = Debug|x64
		Debug|x86 = Debug|x86
		Release|Any CPU = Release|Any CPU
		Release|x64 = Release|x64
		Release|x86 = Release|x86
	EndGlobalSection
	GlobalSection(ProjectConfigurationPlatforms) = postSolution
		{265BA539-2349-4090-9D14-183C6B728458}.Debug|Any CPU.ActiveCfg = Debug|Any CPU
		{265BA539-2349-4090-9D14-183C6B728458}.Debug|Any CPU.Build.0 = Debug|Any CPU
		{265BA539-2349-4090-9D14-183C6B728458}.Debug|x64.ActiveCfg = Debug|Any CPU
		{265BA539-2349-4090-9D14-183C6B728458}.Debug|x64.Build.0 = Debug|Any CPU
		{265BA539-2349-4090-9D14-183C6B728458}.Debug|x86.ActiveCfg = Debug|Any CPU
		{265BA539-2349-4090-9D14-183C6B728458}.Debug|x86.Build.0 = Debug|Any CPU
		{265BA539-2349-4090-9D14-183C6B728458}.Release|Any CPU.ActiveCfg = Release|Any CPU
		{265BA539-2349-4090-9D14-183C6B728458}.Release|Any CPU.Build.0 = Release|Any CPU
		{265BA539-2349-4090-9D14-183C6B728458}.Release|x64.ActiveCfg = Release|Any CPU
		{265BA539-2349-4090-9D14-183C6B728458}.Release|x64.Build.0 = Release|Any CPU
		{265BA539-2349-4090-9D14-183C6B728458}.Release|x86.ActiveCfg = Release|Any CPU
		{265BA539-2349-4090-9D14-183C6B728458}.Release|x86.Build.0 = Release|Any CPU
		{2205B946-68C0-4CDC-B2ED-2C7BCD179D29}.Debug|Any CPU.ActiveCfg = Debug|Any CPU
		{2205B946-68C0-4CDC-B2ED-2C7BCD179D29}.Debug|Any CPU.Build.0 = Debug|Any CPU
		{2205B946-68C0-4CDC-B2ED-2C7BCD179D29}.Debug|x64.ActiveCfg = Debug|Any CPU
		{2205B946-68C0-4CDC-B2ED-2C7BCD179D29}.Debug|x64.Build.0 = Debug|Any CPU
		{2205B946-68C0-4CDC-B2ED-2C7BCD179D29}.Debug|x86.ActiveCfg = Debug|Any CPU
		{2205B946-68C0-4CDC-B2ED-2C7BCD179D29}.Debug|x86.Build.0 = Debug|Any CPU
		{2205B946-68C0-4CDC-B2ED-2C7BCD179D29}.Release|Any CPU.ActiveCfg = Release|Any CPU
		{2205B946-68C0-4CDC-B2ED-2C7BCD179D29}.Release|Any CPU.Build.0 = Release|Any CPU
		{2205B946-68C0-4CDC-B2ED-2C7BCD179D29}.Release|x64.ActiveCfg = Release|Any CPU
		{2205B946-68C0-4CDC-B2ED-2C7BCD179D29}.Release|x64.Build.0 = Release|Any CPU
		{2205B946-68C0-4CDC-B2ED-2C7BCD179D29}.Release|x86.ActiveCfg = Release|Any CPU
		{2205B946-68C0-4CDC-B2ED-2C7BCD179D29}.Release|x86.Build.0 = Release|Any CPU
		{3027AFA2-8090-45CC-B701-A9C1197CB94B}.Debug|Any CPU.ActiveCfg = Debug|Any CPU
		{3027AFA2-8090-45CC-B701-A9C1197CB94B}.Debug|Any CPU.Build.0 = Debug|Any CPU
		{3027AFA2-8090-45CC-B701-A9C1197CB94B}.Debug|x64.ActiveCfg = Debug|Any CPU
		{3027AFA2-8090-45CC-B701-A9C1197CB94B}.Debug|x64.Build.0 = Debug|Any CPU
		{3027AFA2-8090-45CC-B701-A9C1197CB94B}.Debug|x86.ActiveCfg = Debug|Any CPU
		{3027AFA2-8090-45CC-B701-A9C1197CB94B}.Debug|x86.Build.0 = Debug|Any CPU
		{3027AFA2-8090-45CC-B701-A9C1197CB94B}.Release|Any CPU.ActiveCfg = Release|Any CPU
		{3027AFA2-8090-45CC-B701-A9C1197CB94B}.Release|Any CPU.Build.0 = Release|Any CPU
		{3027AFA2-8090-45CC-B701-A9C1197CB94B}.Release|x64.ActiveCfg = Release|Any CPU
		{3027AFA2-8090-45CC-B701-A9C1197CB94B}.Release|x64.Build.0 = Release|Any CPU
		{3027AFA2-8090-45CC-B701-A9C1197CB94B}.Release|x86.ActiveCfg = Release|Any CPU
		{3027AFA2-8090-45CC-B701-A9C1197CB94B}.Release|x86.Build.0 = Release|Any CPU
		{B41D082B-F985-41D6-8498-723ECFC9E83C}.Debug|Any CPU.ActiveCfg = Debug|Any CPU
		{B41D082B-F985-41D6-8498-723ECFC9E83C}.Debug|Any CPU.Build.0 = Debug|Any CPU
		{B41D082B-F985-41D6-8498-723ECFC9E83C}.Debug|x64.ActiveCfg = Debug|Any CPU
		{B41D082B-F985-41D6-8498-723ECFC9E83C}.Debug|x64.Build.0 = Debug|Any CPU
		{B41D082B-F985-41D6-8498-723ECFC9E83C}.Debug|x86.ActiveCfg = Debug|Any CPU
		{B41D082B-F985-41D6-8498-723ECFC9E83C}.Debug|x86.Build.0 = Debug|Any CPU
		{B41D082B-F985-41D6-8498-723ECFC9E83C}.Release|Any CPU.ActiveCfg = Release|Any CPU
		{B41D082B-F985-41D6-8498-723ECFC9E83C}.Release|Any CPU.Build.0 = Release|Any CPU
		{B41D082B-F985-41D6-8498-723ECFC9E83C}.Release|x64.ActiveCfg = Release|Any CPU
		{B41D082B-F985-41D6-8498-723ECFC9E83C}.Release|x64.Build.0 = Release|Any CPU
		{B41D082B-F985-41D6-8498-723ECFC9E83C}.Release|x86.ActiveCfg = Release|Any CPU
		{B41D082B-F985-41D6-8498-723ECFC9E83C}.Release|x86.Build.0 = Release|Any CPU
		{5DB38BAE-22D0-4A93-A035-45E9AA855A62}.Debug|Any CPU.ActiveCfg = Debug|Any CPU
		{5DB38BAE-22D0-4A93-A035-45E9AA855A62}.Debug|Any CPU.Build.0 = Debug|Any CPU
		{5DB38BAE-22D0-4A93-A035-45E9AA855A62}.Debug|x64.ActiveCfg = Debug|Any CPU
		{5DB38BAE-22D0-4A93-A035-45E9AA855A62}.Debug|x64.Build.0 = Debug|Any CPU
		{5DB38BAE-22D0-4A93-A035-45E9AA855A62}.Debug|x86.ActiveCfg = Debug|Any CPU
		{5DB38BAE-22D0-4A93-A035-45E9AA855A62}.Debug|x86.Build.0 = Debug|Any CPU
		{5DB38BAE-22D0-4A93-A035-45E9AA855A62}.Release|Any CPU.ActiveCfg = Release|Any CPU
		{5DB38BAE-22D0-4A93-A035-45E9AA855A62}.Release|Any CPU.Build.0 = Release|Any CPU
		{5DB38BAE-22D0-4A93-A035-45E9AA855A62}.Release|x64.ActiveCfg = Release|Any CPU
		{5DB38BAE-22D0-4A93-A035-45E9AA855A62}.Release|x64.Build.0 = Release|Any CPU
		{5DB38BAE-22D0-4A93-A035-45E9AA855A62}.Release|x86.ActiveCfg = Release|Any CPU
		{5DB38BAE-22D0-4A93-A035-45E9AA855A62}.Release|x86.Build.0 = Release|Any CPU
		{191F0D08-77A3-40C1-93E2-C96337178A60}.Debug|Any CPU.ActiveCfg = Debug|Any CPU
		{191F0D08-77A3-40C1-93E2-C96337178A60}.Debug|Any CPU.Build.0 = Debug|Any CPU
		{191F0D08-77A3-40C1-93E2-C96337178A60}.Debug|x64.ActiveCfg = Debug|Any CPU
		{191F0D08-77A3-40C1-93E2-C96337178A60}.Debug|x64.Build.0 = Debug|Any CPU
		{191F0D08-77A3-40C1-93E2-C96337178A60}.Debug|x86.ActiveCfg = Debug|Any CPU
		{191F0D08-77A3-40C1-93E2-C96337178A60}.Debug|x86.Build.0 = Debug|Any CPU
		{191F0D08-77A3-40C1-93E2-C96337178A60}.Release|Any CPU.ActiveCfg = Release|Any CPU
		{191F0D08-77A3-40C1-93E2-C96337178A60}.Release|Any CPU.Build.0 = Release|Any CPU
		{191F0D08-77A3-40C1-93E2-C96337178A60}.Release|x64.ActiveCfg = Release|Any CPU
		{191F0D08-77A3-40C1-93E2-C96337178A60}.Release|x64.Build.0 = Release|Any CPU
		{191F0D08-77A3-40C1-93E2-C96337178A60}.Release|x86.ActiveCfg = Release|Any CPU
		{191F0D08-77A3-40C1-93E2-C96337178A60}.Release|x86.Build.0 = Release|Any CPU
		{F0AF0FD8-E309-4A11-89D5-47A4BBBAA691}.Debug|Any CPU.ActiveCfg = Debug|Any CPU
		{F0AF0FD8-E309-4A11-89D5-47A4BBBAA691}.Debug|Any CPU.Build.0 = Debug|Any CPU
		{F0AF0FD8-E309-4A11-89D5-47A4BBBAA691}.Debug|x64.ActiveCfg = Debug|Any CPU
		{F0AF0FD8-E309-4A11-89D5-47A4BBBAA691}.Debug|x64.Build.0 = Debug|Any CPU
		{F0AF0FD8-E309-4A11-89D5-47A4BBBAA691}.Debug|x86.ActiveCfg = Debug|Any CPU
		{F0AF0FD8-E309-4A11-89D5-47A4BBBAA691}.Debug|x86.Build.0 = Debug|Any CPU
		{F0AF0FD8-E309-4A11-89D5-47A4BBBAA691}.Release|Any CPU.ActiveCfg = Release|Any CPU
		{F0AF0FD8-E309-4A11-89D5-47A4BBBAA691}.Release|Any CPU.Build.0 = Release|Any CPU
		{F0AF0FD8-E309-4A11-89D5-47A4BBBAA691}.Release|x64.ActiveCfg = Release|Any CPU
		{F0AF0FD8-E309-4A11-89D5-47A4BBBAA691}.Release|x64.Build.0 = Release|Any CPU
		{F0AF0FD8-E309-4A11-89D5-47A4BBBAA691}.Release|x86.ActiveCfg = Release|Any CPU
		{F0AF0FD8-E309-4A11-89D5-47A4BBBAA691}.Release|x86.Build.0 = Release|Any CPU
		{C1C36134-9A7A-4052-A10E-9614C1AB5155}.Debug|Any CPU.ActiveCfg = Debug|Any CPU
		{C1C36134-9A7A-4052-A10E-9614C1AB5155}.Debug|Any CPU.Build.0 = Debug|Any CPU
		{C1C36134-9A7A-4052-A10E-9614C1AB5155}.Debug|x64.ActiveCfg = Debug|Any CPU
		{C1C36134-9A7A-4052-A10E-9614C1AB5155}.Debug|x64.Build.0 = Debug|Any CPU
		{C1C36134-9A7A-4052-A10E-9614C1AB5155}.Debug|x86.ActiveCfg = Debug|Any CPU
		{C1C36134-9A7A-4052-A10E-9614C1AB5155}.Debug|x86.Build.0 = Debug|Any CPU
		{C1C36134-9A7A-4052-A10E-9614C1AB5155}.Release|Any CPU.ActiveCfg = Release|Any CPU
		{C1C36134-9A7A-4052-A10E-9614C1AB5155}.Release|Any CPU.Build.0 = Release|Any CPU
		{C1C36134-9A7A-4052-A10E-9614C1AB5155}.Release|x64.ActiveCfg = Release|Any CPU
		{C1C36134-9A7A-4052-A10E-9614C1AB5155}.Release|x64.Build.0 = Release|Any CPU
		{C1C36134-9A7A-4052-A10E-9614C1AB5155}.Release|x86.ActiveCfg = Release|Any CPU
		{C1C36134-9A7A-4052-A10E-9614C1AB5155}.Release|x86.Build.0 = Release|Any CPU
		{A7204682-C98C-4920-B1E1-E7A7A55CD11A}.Debug|Any CPU.ActiveCfg = Debug|Any CPU
		{A7204682-C98C-4920-B1E1-E7A7A55CD11A}.Debug|Any CPU.Build.0 = Debug|Any CPU
		{A7204682-C98C-4920-B1E1-E7A7A55CD11A}.Debug|x64.ActiveCfg = Debug|Any CPU
		{A7204682-C98C-4920-B1E1-E7A7A55CD11A}.Debug|x64.Build.0 = Debug|Any CPU
		{A7204682-C98C-4920-B1E1-E7A7A55CD11A}.Debug|x86.ActiveCfg = Debug|Any CPU
		{A7204682-C98C-4920-B1E1-E7A7A55CD11A}.Debug|x86.Build.0 = Debug|Any CPU
		{A7204682-C98C-4920-B1E1-E7A7A55CD11A}.Release|Any CPU.ActiveCfg = Release|Any CPU
		{A7204682-C98C-4920-B1E1-E7A7A55CD11A}.Release|Any CPU.Build.0 = Release|Any CPU
		{A7204682-C98C-4920-B1E1-E7A7A55CD11A}.Release|x64.ActiveCfg = Release|Any CPU
		{A7204682-C98C-4920-B1E1-E7A7A55CD11A}.Release|x64.Build.0 = Release|Any CPU
		{A7204682-C98C-4920-B1E1-E7A7A55CD11A}.Release|x86.ActiveCfg = Release|Any CPU
		{A7204682-C98C-4920-B1E1-E7A7A55CD11A}.Release|x86.Build.0 = Release|Any CPU
		{481BCB7D-B7D2-456F-9EB9-44C269D04F59}.Debug|Any CPU.ActiveCfg = Debug|Any CPU
		{481BCB7D-B7D2-456F-9EB9-44C269D04F59}.Debug|Any CPU.Build.0 = Debug|Any CPU
		{481BCB7D-B7D2-456F-9EB9-44C269D04F59}.Debug|x64.ActiveCfg = Debug|Any CPU
		{481BCB7D-B7D2-456F-9EB9-44C269D04F59}.Debug|x64.Build.0 = Debug|Any CPU
		{481BCB7D-B7D2-456F-9EB9-44C269D04F59}.Debug|x86.ActiveCfg = Debug|Any CPU
		{481BCB7D-B7D2-456F-9EB9-44C269D04F59}.Debug|x86.Build.0 = Debug|Any CPU
		{481BCB7D-B7D2-456F-9EB9-44C269D04F59}.Release|Any CPU.ActiveCfg = Release|Any CPU
		{481BCB7D-B7D2-456F-9EB9-44C269D04F59}.Release|Any CPU.Build.0 = Release|Any CPU
		{481BCB7D-B7D2-456F-9EB9-44C269D04F59}.Release|x64.ActiveCfg = Release|Any CPU
		{481BCB7D-B7D2-456F-9EB9-44C269D04F59}.Release|x64.Build.0 = Release|Any CPU
		{481BCB7D-B7D2-456F-9EB9-44C269D04F59}.Release|x86.ActiveCfg = Release|Any CPU
		{481BCB7D-B7D2-456F-9EB9-44C269D04F59}.Release|x86.Build.0 = Release|Any CPU
		{443E4464-5BFC-4DB5-B427-023765CBC1D5}.Debug|Any CPU.ActiveCfg = Debug|Any CPU
		{443E4464-5BFC-4DB5-B427-023765CBC1D5}.Debug|Any CPU.Build.0 = Debug|Any CPU
		{443E4464-5BFC-4DB5-B427-023765CBC1D5}.Debug|x64.ActiveCfg = Debug|Any CPU
		{443E4464-5BFC-4DB5-B427-023765CBC1D5}.Debug|x64.Build.0 = Debug|Any CPU
		{443E4464-5BFC-4DB5-B427-023765CBC1D5}.Debug|x86.ActiveCfg = Debug|Any CPU
		{443E4464-5BFC-4DB5-B427-023765CBC1D5}.Debug|x86.Build.0 = Debug|Any CPU
		{443E4464-5BFC-4DB5-B427-023765CBC1D5}.Release|Any CPU.ActiveCfg = Release|Any CPU
		{443E4464-5BFC-4DB5-B427-023765CBC1D5}.Release|Any CPU.Build.0 = Release|Any CPU
		{443E4464-5BFC-4DB5-B427-023765CBC1D5}.Release|x64.ActiveCfg = Release|Any CPU
		{443E4464-5BFC-4DB5-B427-023765CBC1D5}.Release|x64.Build.0 = Release|Any CPU
		{443E4464-5BFC-4DB5-B427-023765CBC1D5}.Release|x86.ActiveCfg = Release|Any CPU
		{443E4464-5BFC-4DB5-B427-023765CBC1D5}.Release|x86.Build.0 = Release|Any CPU
		{B9004C72-F336-4FE6-BBAF-ADC5ED39EA32}.Debug|Any CPU.ActiveCfg = Debug|Any CPU
		{B9004C72-F336-4FE6-BBAF-ADC5ED39EA32}.Debug|Any CPU.Build.0 = Debug|Any CPU
		{B9004C72-F336-4FE6-BBAF-ADC5ED39EA32}.Debug|x64.ActiveCfg = Debug|Any CPU
		{B9004C72-F336-4FE6-BBAF-ADC5ED39EA32}.Debug|x64.Build.0 = Debug|Any CPU
		{B9004C72-F336-4FE6-BBAF-ADC5ED39EA32}.Debug|x86.ActiveCfg = Debug|Any CPU
		{B9004C72-F336-4FE6-BBAF-ADC5ED39EA32}.Debug|x86.Build.0 = Debug|Any CPU
		{B9004C72-F336-4FE6-BBAF-ADC5ED39EA32}.Release|Any CPU.ActiveCfg = Release|Any CPU
		{B9004C72-F336-4FE6-BBAF-ADC5ED39EA32}.Release|Any CPU.Build.0 = Release|Any CPU
		{B9004C72-F336-4FE6-BBAF-ADC5ED39EA32}.Release|x64.ActiveCfg = Release|Any CPU
		{B9004C72-F336-4FE6-BBAF-ADC5ED39EA32}.Release|x64.Build.0 = Release|Any CPU
		{B9004C72-F336-4FE6-BBAF-ADC5ED39EA32}.Release|x86.ActiveCfg = Release|Any CPU
		{B9004C72-F336-4FE6-BBAF-ADC5ED39EA32}.Release|x86.Build.0 = Release|Any CPU
		{42BC1F70-13C6-4AF5-B1BF-76C20C196F34}.Debug|Any CPU.ActiveCfg = Debug|Any CPU
		{42BC1F70-13C6-4AF5-B1BF-76C20C196F34}.Debug|Any CPU.Build.0 = Debug|Any CPU
		{42BC1F70-13C6-4AF5-B1BF-76C20C196F34}.Debug|x64.ActiveCfg = Debug|Any CPU
		{42BC1F70-13C6-4AF5-B1BF-76C20C196F34}.Debug|x64.Build.0 = Debug|Any CPU
		{42BC1F70-13C6-4AF5-B1BF-76C20C196F34}.Debug|x86.ActiveCfg = Debug|Any CPU
		{42BC1F70-13C6-4AF5-B1BF-76C20C196F34}.Debug|x86.Build.0 = Debug|Any CPU
		{42BC1F70-13C6-4AF5-B1BF-76C20C196F34}.Release|Any CPU.ActiveCfg = Release|Any CPU
		{42BC1F70-13C6-4AF5-B1BF-76C20C196F34}.Release|Any CPU.Build.0 = Release|Any CPU
		{42BC1F70-13C6-4AF5-B1BF-76C20C196F34}.Release|x64.ActiveCfg = Release|Any CPU
		{42BC1F70-13C6-4AF5-B1BF-76C20C196F34}.Release|x64.Build.0 = Release|Any CPU
		{42BC1F70-13C6-4AF5-B1BF-76C20C196F34}.Release|x86.ActiveCfg = Release|Any CPU
		{42BC1F70-13C6-4AF5-B1BF-76C20C196F34}.Release|x86.Build.0 = Release|Any CPU
		{D726C4BB-25A3-4F22-A475-121AC5757FF5}.Debug|Any CPU.ActiveCfg = Debug|Any CPU
		{D726C4BB-25A3-4F22-A475-121AC5757FF5}.Debug|Any CPU.Build.0 = Debug|Any CPU
		{D726C4BB-25A3-4F22-A475-121AC5757FF5}.Debug|x64.ActiveCfg = Debug|Any CPU
		{D726C4BB-25A3-4F22-A475-121AC5757FF5}.Debug|x64.Build.0 = Debug|Any CPU
		{D726C4BB-25A3-4F22-A475-121AC5757FF5}.Debug|x86.ActiveCfg = Debug|Any CPU
		{D726C4BB-25A3-4F22-A475-121AC5757FF5}.Debug|x86.Build.0 = Debug|Any CPU
		{D726C4BB-25A3-4F22-A475-121AC5757FF5}.Release|Any CPU.ActiveCfg = Release|Any CPU
		{D726C4BB-25A3-4F22-A475-121AC5757FF5}.Release|Any CPU.Build.0 = Release|Any CPU
		{D726C4BB-25A3-4F22-A475-121AC5757FF5}.Release|x64.ActiveCfg = Release|Any CPU
		{D726C4BB-25A3-4F22-A475-121AC5757FF5}.Release|x64.Build.0 = Release|Any CPU
		{D726C4BB-25A3-4F22-A475-121AC5757FF5}.Release|x86.ActiveCfg = Release|Any CPU
		{D726C4BB-25A3-4F22-A475-121AC5757FF5}.Release|x86.Build.0 = Release|Any CPU
		{AD46420C-93BA-4175-94A6-B1D957C13720}.Debug|Any CPU.ActiveCfg = Debug|Any CPU
		{AD46420C-93BA-4175-94A6-B1D957C13720}.Debug|Any CPU.Build.0 = Debug|Any CPU
		{AD46420C-93BA-4175-94A6-B1D957C13720}.Debug|x64.ActiveCfg = Debug|Any CPU
		{AD46420C-93BA-4175-94A6-B1D957C13720}.Debug|x64.Build.0 = Debug|Any CPU
		{AD46420C-93BA-4175-94A6-B1D957C13720}.Debug|x86.ActiveCfg = Debug|Any CPU
		{AD46420C-93BA-4175-94A6-B1D957C13720}.Debug|x86.Build.0 = Debug|Any CPU
		{AD46420C-93BA-4175-94A6-B1D957C13720}.Release|Any CPU.ActiveCfg = Release|Any CPU
		{AD46420C-93BA-4175-94A6-B1D957C13720}.Release|Any CPU.Build.0 = Release|Any CPU
		{AD46420C-93BA-4175-94A6-B1D957C13720}.Release|x64.ActiveCfg = Release|Any CPU
		{AD46420C-93BA-4175-94A6-B1D957C13720}.Release|x64.Build.0 = Release|Any CPU
		{AD46420C-93BA-4175-94A6-B1D957C13720}.Release|x86.ActiveCfg = Release|Any CPU
		{AD46420C-93BA-4175-94A6-B1D957C13720}.Release|x86.Build.0 = Release|Any CPU
		{2B960EBD-B5C7-4A77-B36D-1E52F8CD0EA5}.Debug|Any CPU.ActiveCfg = Debug|Any CPU
		{2B960EBD-B5C7-4A77-B36D-1E52F8CD0EA5}.Debug|Any CPU.Build.0 = Debug|Any CPU
		{2B960EBD-B5C7-4A77-B36D-1E52F8CD0EA5}.Debug|x64.ActiveCfg = Debug|Any CPU
		{2B960EBD-B5C7-4A77-B36D-1E52F8CD0EA5}.Debug|x64.Build.0 = Debug|Any CPU
		{2B960EBD-B5C7-4A77-B36D-1E52F8CD0EA5}.Debug|x86.ActiveCfg = Debug|Any CPU
		{2B960EBD-B5C7-4A77-B36D-1E52F8CD0EA5}.Debug|x86.Build.0 = Debug|Any CPU
		{2B960EBD-B5C7-4A77-B36D-1E52F8CD0EA5}.Release|Any CPU.ActiveCfg = Release|Any CPU
		{2B960EBD-B5C7-4A77-B36D-1E52F8CD0EA5}.Release|Any CPU.Build.0 = Release|Any CPU
		{2B960EBD-B5C7-4A77-B36D-1E52F8CD0EA5}.Release|x64.ActiveCfg = Release|Any CPU
		{2B960EBD-B5C7-4A77-B36D-1E52F8CD0EA5}.Release|x64.Build.0 = Release|Any CPU
		{2B960EBD-B5C7-4A77-B36D-1E52F8CD0EA5}.Release|x86.ActiveCfg = Release|Any CPU
		{2B960EBD-B5C7-4A77-B36D-1E52F8CD0EA5}.Release|x86.Build.0 = Release|Any CPU
		{128A9D1C-7AAD-4FC3-B9AB-03DDBBE35381}.Debug|Any CPU.ActiveCfg = Debug|Any CPU
		{128A9D1C-7AAD-4FC3-B9AB-03DDBBE35381}.Debug|Any CPU.Build.0 = Debug|Any CPU
		{128A9D1C-7AAD-4FC3-B9AB-03DDBBE35381}.Debug|x64.ActiveCfg = Debug|Any CPU
		{128A9D1C-7AAD-4FC3-B9AB-03DDBBE35381}.Debug|x64.Build.0 = Debug|Any CPU
		{128A9D1C-7AAD-4FC3-B9AB-03DDBBE35381}.Debug|x86.ActiveCfg = Debug|Any CPU
		{128A9D1C-7AAD-4FC3-B9AB-03DDBBE35381}.Debug|x86.Build.0 = Debug|Any CPU
		{128A9D1C-7AAD-4FC3-B9AB-03DDBBE35381}.Release|Any CPU.ActiveCfg = Release|Any CPU
		{128A9D1C-7AAD-4FC3-B9AB-03DDBBE35381}.Release|Any CPU.Build.0 = Release|Any CPU
		{128A9D1C-7AAD-4FC3-B9AB-03DDBBE35381}.Release|x64.ActiveCfg = Release|Any CPU
		{128A9D1C-7AAD-4FC3-B9AB-03DDBBE35381}.Release|x64.Build.0 = Release|Any CPU
		{128A9D1C-7AAD-4FC3-B9AB-03DDBBE35381}.Release|x86.ActiveCfg = Release|Any CPU
		{128A9D1C-7AAD-4FC3-B9AB-03DDBBE35381}.Release|x86.Build.0 = Release|Any CPU
		{87589220-7A13-47B0-AAAC-0A2FEF1598AA}.Debug|Any CPU.ActiveCfg = Debug|Any CPU
		{87589220-7A13-47B0-AAAC-0A2FEF1598AA}.Debug|Any CPU.Build.0 = Debug|Any CPU
		{87589220-7A13-47B0-AAAC-0A2FEF1598AA}.Debug|x64.ActiveCfg = Debug|Any CPU
		{87589220-7A13-47B0-AAAC-0A2FEF1598AA}.Debug|x64.Build.0 = Debug|Any CPU
		{87589220-7A13-47B0-AAAC-0A2FEF1598AA}.Debug|x86.ActiveCfg = Debug|Any CPU
		{87589220-7A13-47B0-AAAC-0A2FEF1598AA}.Debug|x86.Build.0 = Debug|Any CPU
		{87589220-7A13-47B0-AAAC-0A2FEF1598AA}.Release|Any CPU.ActiveCfg = Release|Any CPU
		{87589220-7A13-47B0-AAAC-0A2FEF1598AA}.Release|Any CPU.Build.0 = Release|Any CPU
		{87589220-7A13-47B0-AAAC-0A2FEF1598AA}.Release|x64.ActiveCfg = Release|Any CPU
		{87589220-7A13-47B0-AAAC-0A2FEF1598AA}.Release|x64.Build.0 = Release|Any CPU
		{87589220-7A13-47B0-AAAC-0A2FEF1598AA}.Release|x86.ActiveCfg = Release|Any CPU
		{87589220-7A13-47B0-AAAC-0A2FEF1598AA}.Release|x86.Build.0 = Release|Any CPU
		{D40B6F42-E93D-4B15-BFC6-32CF5821BCD7}.Debug|Any CPU.ActiveCfg = Debug|Any CPU
		{D40B6F42-E93D-4B15-BFC6-32CF5821BCD7}.Debug|Any CPU.Build.0 = Debug|Any CPU
		{D40B6F42-E93D-4B15-BFC6-32CF5821BCD7}.Debug|x64.ActiveCfg = Debug|Any CPU
		{D40B6F42-E93D-4B15-BFC6-32CF5821BCD7}.Debug|x64.Build.0 = Debug|Any CPU
		{D40B6F42-E93D-4B15-BFC6-32CF5821BCD7}.Debug|x86.ActiveCfg = Debug|Any CPU
		{D40B6F42-E93D-4B15-BFC6-32CF5821BCD7}.Debug|x86.Build.0 = Debug|Any CPU
		{D40B6F42-E93D-4B15-BFC6-32CF5821BCD7}.Release|Any CPU.ActiveCfg = Release|Any CPU
		{D40B6F42-E93D-4B15-BFC6-32CF5821BCD7}.Release|Any CPU.Build.0 = Release|Any CPU
		{D40B6F42-E93D-4B15-BFC6-32CF5821BCD7}.Release|x64.ActiveCfg = Release|Any CPU
		{D40B6F42-E93D-4B15-BFC6-32CF5821BCD7}.Release|x64.Build.0 = Release|Any CPU
		{D40B6F42-E93D-4B15-BFC6-32CF5821BCD7}.Release|x86.ActiveCfg = Release|Any CPU
		{D40B6F42-E93D-4B15-BFC6-32CF5821BCD7}.Release|x86.Build.0 = Release|Any CPU
		{A365EF04-8B1B-4603-8A94-53EE9221A52B}.Debug|Any CPU.ActiveCfg = Debug|Any CPU
		{A365EF04-8B1B-4603-8A94-53EE9221A52B}.Debug|Any CPU.Build.0 = Debug|Any CPU
		{A365EF04-8B1B-4603-8A94-53EE9221A52B}.Debug|x64.ActiveCfg = Debug|Any CPU
		{A365EF04-8B1B-4603-8A94-53EE9221A52B}.Debug|x64.Build.0 = Debug|Any CPU
		{A365EF04-8B1B-4603-8A94-53EE9221A52B}.Debug|x86.ActiveCfg = Debug|Any CPU
		{A365EF04-8B1B-4603-8A94-53EE9221A52B}.Debug|x86.Build.0 = Debug|Any CPU
		{A365EF04-8B1B-4603-8A94-53EE9221A52B}.Release|Any CPU.ActiveCfg = Release|Any CPU
		{A365EF04-8B1B-4603-8A94-53EE9221A52B}.Release|Any CPU.Build.0 = Release|Any CPU
		{A365EF04-8B1B-4603-8A94-53EE9221A52B}.Release|x64.ActiveCfg = Release|Any CPU
		{A365EF04-8B1B-4603-8A94-53EE9221A52B}.Release|x64.Build.0 = Release|Any CPU
		{A365EF04-8B1B-4603-8A94-53EE9221A52B}.Release|x86.ActiveCfg = Release|Any CPU
		{A365EF04-8B1B-4603-8A94-53EE9221A52B}.Release|x86.Build.0 = Release|Any CPU
		{CF006405-F0F0-445B-B085-3431B2E1B417}.Debug|Any CPU.ActiveCfg = Debug|Any CPU
		{CF006405-F0F0-445B-B085-3431B2E1B417}.Debug|Any CPU.Build.0 = Debug|Any CPU
		{CF006405-F0F0-445B-B085-3431B2E1B417}.Debug|x64.ActiveCfg = Debug|Any CPU
		{CF006405-F0F0-445B-B085-3431B2E1B417}.Debug|x64.Build.0 = Debug|Any CPU
		{CF006405-F0F0-445B-B085-3431B2E1B417}.Debug|x86.ActiveCfg = Debug|Any CPU
		{CF006405-F0F0-445B-B085-3431B2E1B417}.Debug|x86.Build.0 = Debug|Any CPU
		{CF006405-F0F0-445B-B085-3431B2E1B417}.Release|Any CPU.ActiveCfg = Release|Any CPU
		{CF006405-F0F0-445B-B085-3431B2E1B417}.Release|Any CPU.Build.0 = Release|Any CPU
		{CF006405-F0F0-445B-B085-3431B2E1B417}.Release|x64.ActiveCfg = Release|Any CPU
		{CF006405-F0F0-445B-B085-3431B2E1B417}.Release|x64.Build.0 = Release|Any CPU
		{CF006405-F0F0-445B-B085-3431B2E1B417}.Release|x86.ActiveCfg = Release|Any CPU
		{CF006405-F0F0-445B-B085-3431B2E1B417}.Release|x86.Build.0 = Release|Any CPU
		{8B51EB76-96B2-44EE-96A0-A90376BFDA00}.Debug|Any CPU.ActiveCfg = Debug|Any CPU
		{8B51EB76-96B2-44EE-96A0-A90376BFDA00}.Debug|Any CPU.Build.0 = Debug|Any CPU
		{8B51EB76-96B2-44EE-96A0-A90376BFDA00}.Debug|x64.ActiveCfg = Debug|Any CPU
		{8B51EB76-96B2-44EE-96A0-A90376BFDA00}.Debug|x64.Build.0 = Debug|Any CPU
		{8B51EB76-96B2-44EE-96A0-A90376BFDA00}.Debug|x86.ActiveCfg = Debug|Any CPU
		{8B51EB76-96B2-44EE-96A0-A90376BFDA00}.Debug|x86.Build.0 = Debug|Any CPU
		{8B51EB76-96B2-44EE-96A0-A90376BFDA00}.Release|Any CPU.ActiveCfg = Release|Any CPU
		{8B51EB76-96B2-44EE-96A0-A90376BFDA00}.Release|Any CPU.Build.0 = Release|Any CPU
		{8B51EB76-96B2-44EE-96A0-A90376BFDA00}.Release|x64.ActiveCfg = Release|Any CPU
		{8B51EB76-96B2-44EE-96A0-A90376BFDA00}.Release|x64.Build.0 = Release|Any CPU
		{8B51EB76-96B2-44EE-96A0-A90376BFDA00}.Release|x86.ActiveCfg = Release|Any CPU
		{8B51EB76-96B2-44EE-96A0-A90376BFDA00}.Release|x86.Build.0 = Release|Any CPU
		{CA9C1E02-8161-4B19-AB2D-CB1A577A437B}.Debug|Any CPU.ActiveCfg = Debug|Any CPU
		{CA9C1E02-8161-4B19-AB2D-CB1A577A437B}.Debug|Any CPU.Build.0 = Debug|Any CPU
		{CA9C1E02-8161-4B19-AB2D-CB1A577A437B}.Debug|x64.ActiveCfg = Debug|Any CPU
		{CA9C1E02-8161-4B19-AB2D-CB1A577A437B}.Debug|x64.Build.0 = Debug|Any CPU
		{CA9C1E02-8161-4B19-AB2D-CB1A577A437B}.Debug|x86.ActiveCfg = Debug|Any CPU
		{CA9C1E02-8161-4B19-AB2D-CB1A577A437B}.Debug|x86.Build.0 = Debug|Any CPU
		{CA9C1E02-8161-4B19-AB2D-CB1A577A437B}.Release|Any CPU.ActiveCfg = Release|Any CPU
		{CA9C1E02-8161-4B19-AB2D-CB1A577A437B}.Release|Any CPU.Build.0 = Release|Any CPU
		{CA9C1E02-8161-4B19-AB2D-CB1A577A437B}.Release|x64.ActiveCfg = Release|Any CPU
		{CA9C1E02-8161-4B19-AB2D-CB1A577A437B}.Release|x64.Build.0 = Release|Any CPU
		{CA9C1E02-8161-4B19-AB2D-CB1A577A437B}.Release|x86.ActiveCfg = Release|Any CPU
		{CA9C1E02-8161-4B19-AB2D-CB1A577A437B}.Release|x86.Build.0 = Release|Any CPU
		{80ADCBC8-AAF7-4837-B07B-DFB68FFA1B33}.Debug|Any CPU.ActiveCfg = Debug|Any CPU
		{80ADCBC8-AAF7-4837-B07B-DFB68FFA1B33}.Debug|Any CPU.Build.0 = Debug|Any CPU
		{80ADCBC8-AAF7-4837-B07B-DFB68FFA1B33}.Debug|x64.ActiveCfg = Debug|Any CPU
		{80ADCBC8-AAF7-4837-B07B-DFB68FFA1B33}.Debug|x64.Build.0 = Debug|Any CPU
		{80ADCBC8-AAF7-4837-B07B-DFB68FFA1B33}.Debug|x86.ActiveCfg = Debug|Any CPU
		{80ADCBC8-AAF7-4837-B07B-DFB68FFA1B33}.Debug|x86.Build.0 = Debug|Any CPU
		{80ADCBC8-AAF7-4837-B07B-DFB68FFA1B33}.Release|Any CPU.ActiveCfg = Release|Any CPU
		{80ADCBC8-AAF7-4837-B07B-DFB68FFA1B33}.Release|Any CPU.Build.0 = Release|Any CPU
		{80ADCBC8-AAF7-4837-B07B-DFB68FFA1B33}.Release|x64.ActiveCfg = Release|Any CPU
		{80ADCBC8-AAF7-4837-B07B-DFB68FFA1B33}.Release|x64.Build.0 = Release|Any CPU
		{80ADCBC8-AAF7-4837-B07B-DFB68FFA1B33}.Release|x86.ActiveCfg = Release|Any CPU
		{80ADCBC8-AAF7-4837-B07B-DFB68FFA1B33}.Release|x86.Build.0 = Release|Any CPU
		{44081CD6-3859-4EFA-A2CB-95CA54D9A2BE}.Debug|Any CPU.ActiveCfg = Debug|Any CPU
		{44081CD6-3859-4EFA-A2CB-95CA54D9A2BE}.Debug|Any CPU.Build.0 = Debug|Any CPU
		{44081CD6-3859-4EFA-A2CB-95CA54D9A2BE}.Debug|x64.ActiveCfg = Debug|Any CPU
		{44081CD6-3859-4EFA-A2CB-95CA54D9A2BE}.Debug|x64.Build.0 = Debug|Any CPU
		{44081CD6-3859-4EFA-A2CB-95CA54D9A2BE}.Debug|x86.ActiveCfg = Debug|Any CPU
		{44081CD6-3859-4EFA-A2CB-95CA54D9A2BE}.Debug|x86.Build.0 = Debug|Any CPU
		{44081CD6-3859-4EFA-A2CB-95CA54D9A2BE}.Release|Any CPU.ActiveCfg = Release|Any CPU
		{44081CD6-3859-4EFA-A2CB-95CA54D9A2BE}.Release|Any CPU.Build.0 = Release|Any CPU
		{44081CD6-3859-4EFA-A2CB-95CA54D9A2BE}.Release|x64.ActiveCfg = Release|Any CPU
		{44081CD6-3859-4EFA-A2CB-95CA54D9A2BE}.Release|x64.Build.0 = Release|Any CPU
		{44081CD6-3859-4EFA-A2CB-95CA54D9A2BE}.Release|x86.ActiveCfg = Release|Any CPU
		{44081CD6-3859-4EFA-A2CB-95CA54D9A2BE}.Release|x86.Build.0 = Release|Any CPU
		{9844EB29-F0CC-416C-8EA0-AD0573851569}.Debug|Any CPU.ActiveCfg = Debug|Any CPU
		{9844EB29-F0CC-416C-8EA0-AD0573851569}.Debug|Any CPU.Build.0 = Debug|Any CPU
		{9844EB29-F0CC-416C-8EA0-AD0573851569}.Debug|x64.ActiveCfg = Debug|Any CPU
		{9844EB29-F0CC-416C-8EA0-AD0573851569}.Debug|x64.Build.0 = Debug|Any CPU
		{9844EB29-F0CC-416C-8EA0-AD0573851569}.Debug|x86.ActiveCfg = Debug|Any CPU
		{9844EB29-F0CC-416C-8EA0-AD0573851569}.Debug|x86.Build.0 = Debug|Any CPU
		{9844EB29-F0CC-416C-8EA0-AD0573851569}.Release|Any CPU.ActiveCfg = Release|Any CPU
		{9844EB29-F0CC-416C-8EA0-AD0573851569}.Release|Any CPU.Build.0 = Release|Any CPU
		{9844EB29-F0CC-416C-8EA0-AD0573851569}.Release|x64.ActiveCfg = Release|Any CPU
		{9844EB29-F0CC-416C-8EA0-AD0573851569}.Release|x64.Build.0 = Release|Any CPU
		{9844EB29-F0CC-416C-8EA0-AD0573851569}.Release|x86.ActiveCfg = Release|Any CPU
		{9844EB29-F0CC-416C-8EA0-AD0573851569}.Release|x86.Build.0 = Release|Any CPU
		{63B285C6-1B46-4B70-8AF8-D808A706FB29}.Debug|Any CPU.ActiveCfg = Debug|Any CPU
		{63B285C6-1B46-4B70-8AF8-D808A706FB29}.Debug|Any CPU.Build.0 = Debug|Any CPU
		{63B285C6-1B46-4B70-8AF8-D808A706FB29}.Debug|x64.ActiveCfg = Debug|Any CPU
		{63B285C6-1B46-4B70-8AF8-D808A706FB29}.Debug|x64.Build.0 = Debug|Any CPU
		{63B285C6-1B46-4B70-8AF8-D808A706FB29}.Debug|x86.ActiveCfg = Debug|Any CPU
		{63B285C6-1B46-4B70-8AF8-D808A706FB29}.Debug|x86.Build.0 = Debug|Any CPU
		{63B285C6-1B46-4B70-8AF8-D808A706FB29}.Release|Any CPU.ActiveCfg = Release|Any CPU
		{63B285C6-1B46-4B70-8AF8-D808A706FB29}.Release|Any CPU.Build.0 = Release|Any CPU
		{63B285C6-1B46-4B70-8AF8-D808A706FB29}.Release|x64.ActiveCfg = Release|Any CPU
		{63B285C6-1B46-4B70-8AF8-D808A706FB29}.Release|x64.Build.0 = Release|Any CPU
		{63B285C6-1B46-4B70-8AF8-D808A706FB29}.Release|x86.ActiveCfg = Release|Any CPU
		{63B285C6-1B46-4B70-8AF8-D808A706FB29}.Release|x86.Build.0 = Release|Any CPU
		{487E9F5D-FD4D-4E45-B916-0A5B63EF8F05}.Debug|Any CPU.ActiveCfg = Debug|Any CPU
		{487E9F5D-FD4D-4E45-B916-0A5B63EF8F05}.Debug|Any CPU.Build.0 = Debug|Any CPU
		{487E9F5D-FD4D-4E45-B916-0A5B63EF8F05}.Debug|x64.ActiveCfg = Debug|Any CPU
		{487E9F5D-FD4D-4E45-B916-0A5B63EF8F05}.Debug|x64.Build.0 = Debug|Any CPU
		{487E9F5D-FD4D-4E45-B916-0A5B63EF8F05}.Debug|x86.ActiveCfg = Debug|Any CPU
		{487E9F5D-FD4D-4E45-B916-0A5B63EF8F05}.Debug|x86.Build.0 = Debug|Any CPU
		{487E9F5D-FD4D-4E45-B916-0A5B63EF8F05}.Release|Any CPU.ActiveCfg = Release|Any CPU
		{487E9F5D-FD4D-4E45-B916-0A5B63EF8F05}.Release|Any CPU.Build.0 = Release|Any CPU
		{487E9F5D-FD4D-4E45-B916-0A5B63EF8F05}.Release|x64.ActiveCfg = Release|Any CPU
		{487E9F5D-FD4D-4E45-B916-0A5B63EF8F05}.Release|x64.Build.0 = Release|Any CPU
		{487E9F5D-FD4D-4E45-B916-0A5B63EF8F05}.Release|x86.ActiveCfg = Release|Any CPU
		{487E9F5D-FD4D-4E45-B916-0A5B63EF8F05}.Release|x86.Build.0 = Release|Any CPU
		{665C5C05-6AC0-4A37-ACA8-995E8B37C676}.Debug|Any CPU.ActiveCfg = Debug|Any CPU
		{665C5C05-6AC0-4A37-ACA8-995E8B37C676}.Debug|Any CPU.Build.0 = Debug|Any CPU
		{665C5C05-6AC0-4A37-ACA8-995E8B37C676}.Debug|x64.ActiveCfg = Debug|Any CPU
		{665C5C05-6AC0-4A37-ACA8-995E8B37C676}.Debug|x64.Build.0 = Debug|Any CPU
		{665C5C05-6AC0-4A37-ACA8-995E8B37C676}.Debug|x86.ActiveCfg = Debug|Any CPU
		{665C5C05-6AC0-4A37-ACA8-995E8B37C676}.Debug|x86.Build.0 = Debug|Any CPU
		{665C5C05-6AC0-4A37-ACA8-995E8B37C676}.Release|Any CPU.ActiveCfg = Release|Any CPU
		{665C5C05-6AC0-4A37-ACA8-995E8B37C676}.Release|Any CPU.Build.0 = Release|Any CPU
		{665C5C05-6AC0-4A37-ACA8-995E8B37C676}.Release|x64.ActiveCfg = Release|Any CPU
		{665C5C05-6AC0-4A37-ACA8-995E8B37C676}.Release|x64.Build.0 = Release|Any CPU
		{665C5C05-6AC0-4A37-ACA8-995E8B37C676}.Release|x86.ActiveCfg = Release|Any CPU
		{665C5C05-6AC0-4A37-ACA8-995E8B37C676}.Release|x86.Build.0 = Release|Any CPU
		{7FB7AE51-869D-49BA-830A-904A4548393B}.Debug|Any CPU.ActiveCfg = Debug|Any CPU
		{7FB7AE51-869D-49BA-830A-904A4548393B}.Debug|Any CPU.Build.0 = Debug|Any CPU
		{7FB7AE51-869D-49BA-830A-904A4548393B}.Debug|x64.ActiveCfg = Debug|Any CPU
		{7FB7AE51-869D-49BA-830A-904A4548393B}.Debug|x64.Build.0 = Debug|Any CPU
		{7FB7AE51-869D-49BA-830A-904A4548393B}.Debug|x86.ActiveCfg = Debug|Any CPU
		{7FB7AE51-869D-49BA-830A-904A4548393B}.Debug|x86.Build.0 = Debug|Any CPU
		{7FB7AE51-869D-49BA-830A-904A4548393B}.Release|Any CPU.ActiveCfg = Release|Any CPU
		{7FB7AE51-869D-49BA-830A-904A4548393B}.Release|Any CPU.Build.0 = Release|Any CPU
		{7FB7AE51-869D-49BA-830A-904A4548393B}.Release|x64.ActiveCfg = Release|Any CPU
		{7FB7AE51-869D-49BA-830A-904A4548393B}.Release|x64.Build.0 = Release|Any CPU
		{7FB7AE51-869D-49BA-830A-904A4548393B}.Release|x86.ActiveCfg = Release|Any CPU
		{7FB7AE51-869D-49BA-830A-904A4548393B}.Release|x86.Build.0 = Release|Any CPU
		{00BD573B-D19E-457E-8E3E-ACD8CD9A210B}.Debug|Any CPU.ActiveCfg = Debug|Any CPU
		{00BD573B-D19E-457E-8E3E-ACD8CD9A210B}.Debug|Any CPU.Build.0 = Debug|Any CPU
		{00BD573B-D19E-457E-8E3E-ACD8CD9A210B}.Debug|x64.ActiveCfg = Debug|Any CPU
		{00BD573B-D19E-457E-8E3E-ACD8CD9A210B}.Debug|x64.Build.0 = Debug|Any CPU
		{00BD573B-D19E-457E-8E3E-ACD8CD9A210B}.Debug|x86.ActiveCfg = Debug|Any CPU
		{00BD573B-D19E-457E-8E3E-ACD8CD9A210B}.Debug|x86.Build.0 = Debug|Any CPU
		{00BD573B-D19E-457E-8E3E-ACD8CD9A210B}.Release|Any CPU.ActiveCfg = Release|Any CPU
		{00BD573B-D19E-457E-8E3E-ACD8CD9A210B}.Release|Any CPU.Build.0 = Release|Any CPU
		{00BD573B-D19E-457E-8E3E-ACD8CD9A210B}.Release|x64.ActiveCfg = Release|Any CPU
		{00BD573B-D19E-457E-8E3E-ACD8CD9A210B}.Release|x64.Build.0 = Release|Any CPU
		{00BD573B-D19E-457E-8E3E-ACD8CD9A210B}.Release|x86.ActiveCfg = Release|Any CPU
		{00BD573B-D19E-457E-8E3E-ACD8CD9A210B}.Release|x86.Build.0 = Release|Any CPU
		{3ADEF494-2B98-42AF-88F3-E04273F3D03D}.Debug|Any CPU.ActiveCfg = Debug|Any CPU
		{3ADEF494-2B98-42AF-88F3-E04273F3D03D}.Debug|Any CPU.Build.0 = Debug|Any CPU
		{3ADEF494-2B98-42AF-88F3-E04273F3D03D}.Debug|x64.ActiveCfg = Debug|Any CPU
		{3ADEF494-2B98-42AF-88F3-E04273F3D03D}.Debug|x64.Build.0 = Debug|Any CPU
		{3ADEF494-2B98-42AF-88F3-E04273F3D03D}.Debug|x86.ActiveCfg = Debug|Any CPU
		{3ADEF494-2B98-42AF-88F3-E04273F3D03D}.Debug|x86.Build.0 = Debug|Any CPU
		{3ADEF494-2B98-42AF-88F3-E04273F3D03D}.Release|Any CPU.ActiveCfg = Release|Any CPU
		{3ADEF494-2B98-42AF-88F3-E04273F3D03D}.Release|Any CPU.Build.0 = Release|Any CPU
		{3ADEF494-2B98-42AF-88F3-E04273F3D03D}.Release|x64.ActiveCfg = Release|Any CPU
		{3ADEF494-2B98-42AF-88F3-E04273F3D03D}.Release|x64.Build.0 = Release|Any CPU
		{3ADEF494-2B98-42AF-88F3-E04273F3D03D}.Release|x86.ActiveCfg = Release|Any CPU
		{3ADEF494-2B98-42AF-88F3-E04273F3D03D}.Release|x86.Build.0 = Release|Any CPU
		{5FC3E10D-4AD4-44B0-8E51-54DE711A4E42}.Debug|Any CPU.ActiveCfg = Debug|Any CPU
		{5FC3E10D-4AD4-44B0-8E51-54DE711A4E42}.Debug|Any CPU.Build.0 = Debug|Any CPU
		{5FC3E10D-4AD4-44B0-8E51-54DE711A4E42}.Debug|x64.ActiveCfg = Debug|Any CPU
		{5FC3E10D-4AD4-44B0-8E51-54DE711A4E42}.Debug|x64.Build.0 = Debug|Any CPU
		{5FC3E10D-4AD4-44B0-8E51-54DE711A4E42}.Debug|x86.ActiveCfg = Debug|Any CPU
		{5FC3E10D-4AD4-44B0-8E51-54DE711A4E42}.Debug|x86.Build.0 = Debug|Any CPU
		{5FC3E10D-4AD4-44B0-8E51-54DE711A4E42}.Release|Any CPU.ActiveCfg = Release|Any CPU
		{5FC3E10D-4AD4-44B0-8E51-54DE711A4E42}.Release|Any CPU.Build.0 = Release|Any CPU
		{5FC3E10D-4AD4-44B0-8E51-54DE711A4E42}.Release|x64.ActiveCfg = Release|Any CPU
		{5FC3E10D-4AD4-44B0-8E51-54DE711A4E42}.Release|x64.Build.0 = Release|Any CPU
		{5FC3E10D-4AD4-44B0-8E51-54DE711A4E42}.Release|x86.ActiveCfg = Release|Any CPU
		{5FC3E10D-4AD4-44B0-8E51-54DE711A4E42}.Release|x86.Build.0 = Release|Any CPU
		{96D12E62-1EE7-44A1-86F7-51EB1AFF5FDF}.Debug|Any CPU.ActiveCfg = Debug|Any CPU
		{96D12E62-1EE7-44A1-86F7-51EB1AFF5FDF}.Debug|Any CPU.Build.0 = Debug|Any CPU
		{96D12E62-1EE7-44A1-86F7-51EB1AFF5FDF}.Debug|x64.ActiveCfg = Debug|Any CPU
		{96D12E62-1EE7-44A1-86F7-51EB1AFF5FDF}.Debug|x64.Build.0 = Debug|Any CPU
		{96D12E62-1EE7-44A1-86F7-51EB1AFF5FDF}.Debug|x86.ActiveCfg = Debug|Any CPU
		{96D12E62-1EE7-44A1-86F7-51EB1AFF5FDF}.Debug|x86.Build.0 = Debug|Any CPU
		{96D12E62-1EE7-44A1-86F7-51EB1AFF5FDF}.Release|Any CPU.ActiveCfg = Release|Any CPU
		{96D12E62-1EE7-44A1-86F7-51EB1AFF5FDF}.Release|Any CPU.Build.0 = Release|Any CPU
		{96D12E62-1EE7-44A1-86F7-51EB1AFF5FDF}.Release|x64.ActiveCfg = Release|Any CPU
		{96D12E62-1EE7-44A1-86F7-51EB1AFF5FDF}.Release|x64.Build.0 = Release|Any CPU
		{96D12E62-1EE7-44A1-86F7-51EB1AFF5FDF}.Release|x86.ActiveCfg = Release|Any CPU
		{96D12E62-1EE7-44A1-86F7-51EB1AFF5FDF}.Release|x86.Build.0 = Release|Any CPU
		{03E636D8-88C4-4CF7-8ACB-6B73291E39C6}.Debug|Any CPU.ActiveCfg = Debug|Any CPU
		{03E636D8-88C4-4CF7-8ACB-6B73291E39C6}.Debug|Any CPU.Build.0 = Debug|Any CPU
		{03E636D8-88C4-4CF7-8ACB-6B73291E39C6}.Debug|x64.ActiveCfg = Debug|Any CPU
		{03E636D8-88C4-4CF7-8ACB-6B73291E39C6}.Debug|x64.Build.0 = Debug|Any CPU
		{03E636D8-88C4-4CF7-8ACB-6B73291E39C6}.Debug|x86.ActiveCfg = Debug|Any CPU
		{03E636D8-88C4-4CF7-8ACB-6B73291E39C6}.Debug|x86.Build.0 = Debug|Any CPU
		{03E636D8-88C4-4CF7-8ACB-6B73291E39C6}.Release|Any CPU.ActiveCfg = Release|Any CPU
		{03E636D8-88C4-4CF7-8ACB-6B73291E39C6}.Release|Any CPU.Build.0 = Release|Any CPU
		{03E636D8-88C4-4CF7-8ACB-6B73291E39C6}.Release|x64.ActiveCfg = Release|Any CPU
		{03E636D8-88C4-4CF7-8ACB-6B73291E39C6}.Release|x64.Build.0 = Release|Any CPU
		{03E636D8-88C4-4CF7-8ACB-6B73291E39C6}.Release|x86.ActiveCfg = Release|Any CPU
		{03E636D8-88C4-4CF7-8ACB-6B73291E39C6}.Release|x86.Build.0 = Release|Any CPU
		{3447098D-9EB3-429D-973C-FF5B39E9FF4F}.Debug|Any CPU.ActiveCfg = Debug|Any CPU
		{3447098D-9EB3-429D-973C-FF5B39E9FF4F}.Debug|Any CPU.Build.0 = Debug|Any CPU
		{3447098D-9EB3-429D-973C-FF5B39E9FF4F}.Debug|x64.ActiveCfg = Debug|Any CPU
		{3447098D-9EB3-429D-973C-FF5B39E9FF4F}.Debug|x64.Build.0 = Debug|Any CPU
		{3447098D-9EB3-429D-973C-FF5B39E9FF4F}.Debug|x86.ActiveCfg = Debug|Any CPU
		{3447098D-9EB3-429D-973C-FF5B39E9FF4F}.Debug|x86.Build.0 = Debug|Any CPU
		{3447098D-9EB3-429D-973C-FF5B39E9FF4F}.Release|Any CPU.ActiveCfg = Release|Any CPU
		{3447098D-9EB3-429D-973C-FF5B39E9FF4F}.Release|Any CPU.Build.0 = Release|Any CPU
		{3447098D-9EB3-429D-973C-FF5B39E9FF4F}.Release|x64.ActiveCfg = Release|Any CPU
		{3447098D-9EB3-429D-973C-FF5B39E9FF4F}.Release|x64.Build.0 = Release|Any CPU
		{3447098D-9EB3-429D-973C-FF5B39E9FF4F}.Release|x86.ActiveCfg = Release|Any CPU
		{3447098D-9EB3-429D-973C-FF5B39E9FF4F}.Release|x86.Build.0 = Release|Any CPU
		{7B9EBFC8-390E-4E0F-98F5-65AA7C9039A4}.Debug|Any CPU.ActiveCfg = Debug|Any CPU
		{7B9EBFC8-390E-4E0F-98F5-65AA7C9039A4}.Debug|Any CPU.Build.0 = Debug|Any CPU
		{7B9EBFC8-390E-4E0F-98F5-65AA7C9039A4}.Debug|x64.ActiveCfg = Debug|Any CPU
		{7B9EBFC8-390E-4E0F-98F5-65AA7C9039A4}.Debug|x64.Build.0 = Debug|Any CPU
		{7B9EBFC8-390E-4E0F-98F5-65AA7C9039A4}.Debug|x86.ActiveCfg = Debug|Any CPU
		{7B9EBFC8-390E-4E0F-98F5-65AA7C9039A4}.Debug|x86.Build.0 = Debug|Any CPU
		{7B9EBFC8-390E-4E0F-98F5-65AA7C9039A4}.Release|Any CPU.ActiveCfg = Release|Any CPU
		{7B9EBFC8-390E-4E0F-98F5-65AA7C9039A4}.Release|Any CPU.Build.0 = Release|Any CPU
		{7B9EBFC8-390E-4E0F-98F5-65AA7C9039A4}.Release|x64.ActiveCfg = Release|Any CPU
		{7B9EBFC8-390E-4E0F-98F5-65AA7C9039A4}.Release|x64.Build.0 = Release|Any CPU
		{7B9EBFC8-390E-4E0F-98F5-65AA7C9039A4}.Release|x86.ActiveCfg = Release|Any CPU
		{7B9EBFC8-390E-4E0F-98F5-65AA7C9039A4}.Release|x86.Build.0 = Release|Any CPU
		{B4D6AF71-E4E1-49B3-B83C-D2C6E9800B39}.Debug|Any CPU.ActiveCfg = Debug|Any CPU
		{B4D6AF71-E4E1-49B3-B83C-D2C6E9800B39}.Debug|Any CPU.Build.0 = Debug|Any CPU
		{B4D6AF71-E4E1-49B3-B83C-D2C6E9800B39}.Debug|x64.ActiveCfg = Debug|Any CPU
		{B4D6AF71-E4E1-49B3-B83C-D2C6E9800B39}.Debug|x64.Build.0 = Debug|Any CPU
		{B4D6AF71-E4E1-49B3-B83C-D2C6E9800B39}.Debug|x86.ActiveCfg = Debug|Any CPU
		{B4D6AF71-E4E1-49B3-B83C-D2C6E9800B39}.Debug|x86.Build.0 = Debug|Any CPU
		{B4D6AF71-E4E1-49B3-B83C-D2C6E9800B39}.Release|Any CPU.ActiveCfg = Release|Any CPU
		{B4D6AF71-E4E1-49B3-B83C-D2C6E9800B39}.Release|Any CPU.Build.0 = Release|Any CPU
		{B4D6AF71-E4E1-49B3-B83C-D2C6E9800B39}.Release|x64.ActiveCfg = Release|Any CPU
		{B4D6AF71-E4E1-49B3-B83C-D2C6E9800B39}.Release|x64.Build.0 = Release|Any CPU
		{B4D6AF71-E4E1-49B3-B83C-D2C6E9800B39}.Release|x86.ActiveCfg = Release|Any CPU
		{B4D6AF71-E4E1-49B3-B83C-D2C6E9800B39}.Release|x86.Build.0 = Release|Any CPU
		{FEB99C41-0821-4C00-B2AE-1B23E86E4438}.Debug|Any CPU.ActiveCfg = Debug|Any CPU
		{FEB99C41-0821-4C00-B2AE-1B23E86E4438}.Debug|Any CPU.Build.0 = Debug|Any CPU
		{FEB99C41-0821-4C00-B2AE-1B23E86E4438}.Debug|x64.ActiveCfg = Debug|Any CPU
		{FEB99C41-0821-4C00-B2AE-1B23E86E4438}.Debug|x64.Build.0 = Debug|Any CPU
		{FEB99C41-0821-4C00-B2AE-1B23E86E4438}.Debug|x86.ActiveCfg = Debug|Any CPU
		{FEB99C41-0821-4C00-B2AE-1B23E86E4438}.Debug|x86.Build.0 = Debug|Any CPU
		{FEB99C41-0821-4C00-B2AE-1B23E86E4438}.Release|Any CPU.ActiveCfg = Release|Any CPU
		{FEB99C41-0821-4C00-B2AE-1B23E86E4438}.Release|Any CPU.Build.0 = Release|Any CPU
		{FEB99C41-0821-4C00-B2AE-1B23E86E4438}.Release|x64.ActiveCfg = Release|Any CPU
		{FEB99C41-0821-4C00-B2AE-1B23E86E4438}.Release|x64.Build.0 = Release|Any CPU
		{FEB99C41-0821-4C00-B2AE-1B23E86E4438}.Release|x86.ActiveCfg = Release|Any CPU
		{FEB99C41-0821-4C00-B2AE-1B23E86E4438}.Release|x86.Build.0 = Release|Any CPU
		{DCDA55FB-4734-471C-8576-BEB9863A9F73}.Debug|Any CPU.ActiveCfg = Debug|Any CPU
		{DCDA55FB-4734-471C-8576-BEB9863A9F73}.Debug|Any CPU.Build.0 = Debug|Any CPU
		{DCDA55FB-4734-471C-8576-BEB9863A9F73}.Debug|x64.ActiveCfg = Debug|Any CPU
		{DCDA55FB-4734-471C-8576-BEB9863A9F73}.Debug|x64.Build.0 = Debug|Any CPU
		{DCDA55FB-4734-471C-8576-BEB9863A9F73}.Debug|x86.ActiveCfg = Debug|Any CPU
		{DCDA55FB-4734-471C-8576-BEB9863A9F73}.Debug|x86.Build.0 = Debug|Any CPU
		{DCDA55FB-4734-471C-8576-BEB9863A9F73}.Release|Any CPU.ActiveCfg = Release|Any CPU
		{DCDA55FB-4734-471C-8576-BEB9863A9F73}.Release|Any CPU.Build.0 = Release|Any CPU
		{DCDA55FB-4734-471C-8576-BEB9863A9F73}.Release|x64.ActiveCfg = Release|Any CPU
		{DCDA55FB-4734-471C-8576-BEB9863A9F73}.Release|x64.Build.0 = Release|Any CPU
		{DCDA55FB-4734-471C-8576-BEB9863A9F73}.Release|x86.ActiveCfg = Release|Any CPU
		{DCDA55FB-4734-471C-8576-BEB9863A9F73}.Release|x86.Build.0 = Release|Any CPU
		{E69C1EB7-C9F7-4853-92D7-6A75D062AAF0}.Debug|Any CPU.ActiveCfg = Debug|Any CPU
		{E69C1EB7-C9F7-4853-92D7-6A75D062AAF0}.Debug|Any CPU.Build.0 = Debug|Any CPU
		{E69C1EB7-C9F7-4853-92D7-6A75D062AAF0}.Debug|x64.ActiveCfg = Debug|Any CPU
		{E69C1EB7-C9F7-4853-92D7-6A75D062AAF0}.Debug|x64.Build.0 = Debug|Any CPU
		{E69C1EB7-C9F7-4853-92D7-6A75D062AAF0}.Debug|x86.ActiveCfg = Debug|Any CPU
		{E69C1EB7-C9F7-4853-92D7-6A75D062AAF0}.Debug|x86.Build.0 = Debug|Any CPU
		{E69C1EB7-C9F7-4853-92D7-6A75D062AAF0}.Release|Any CPU.ActiveCfg = Release|Any CPU
		{E69C1EB7-C9F7-4853-92D7-6A75D062AAF0}.Release|Any CPU.Build.0 = Release|Any CPU
		{E69C1EB7-C9F7-4853-92D7-6A75D062AAF0}.Release|x64.ActiveCfg = Release|Any CPU
		{E69C1EB7-C9F7-4853-92D7-6A75D062AAF0}.Release|x64.Build.0 = Release|Any CPU
		{E69C1EB7-C9F7-4853-92D7-6A75D062AAF0}.Release|x86.ActiveCfg = Release|Any CPU
		{E69C1EB7-C9F7-4853-92D7-6A75D062AAF0}.Release|x86.Build.0 = Release|Any CPU
	EndGlobalSection
	GlobalSection(SolutionProperties) = preSolution
		HideSolutionNode = FALSE
	EndGlobalSection
	GlobalSection(NestedProjects) = preSolution
		{265BA539-2349-4090-9D14-183C6B728458} = {F68480A7-1667-9DF4-D054-EE76B178F56C}
		{2205B946-68C0-4CDC-B2ED-2C7BCD179D29} = {F68480A7-1667-9DF4-D054-EE76B178F56C}
		{3027AFA2-8090-45CC-B701-A9C1197CB94B} = {F68480A7-1667-9DF4-D054-EE76B178F56C}
		{B41D082B-F985-41D6-8498-723ECFC9E83C} = {F68480A7-1667-9DF4-D054-EE76B178F56C}
		{5DB38BAE-22D0-4A93-A035-45E9AA855A62} = {F68480A7-1667-9DF4-D054-EE76B178F56C}
		{191F0D08-77A3-40C1-93E2-C96337178A60} = {F68480A7-1667-9DF4-D054-EE76B178F56C}
		{F0AF0FD8-E309-4A11-89D5-47A4BBBAA691} = {F68480A7-1667-9DF4-D054-EE76B178F56C}
		{C1C36134-9A7A-4052-A10E-9614C1AB5155} = {F68480A7-1667-9DF4-D054-EE76B178F56C}
		{A7204682-C98C-4920-B1E1-E7A7A55CD11A} = {F68480A7-1667-9DF4-D054-EE76B178F56C}
		{481BCB7D-B7D2-456F-9EB9-44C269D04F59} = {F68480A7-1667-9DF4-D054-EE76B178F56C}
		{443E4464-5BFC-4DB5-B427-023765CBC1D5} = {F68480A7-1667-9DF4-D054-EE76B178F56C}
		{B9004C72-F336-4FE6-BBAF-ADC5ED39EA32} = {F68480A7-1667-9DF4-D054-EE76B178F56C}
		{42BC1F70-13C6-4AF5-B1BF-76C20C196F34} = {F68480A7-1667-9DF4-D054-EE76B178F56C}
		{D726C4BB-25A3-4F22-A475-121AC5757FF5} = {F68480A7-1667-9DF4-D054-EE76B178F56C}
		{AD46420C-93BA-4175-94A6-B1D957C13720} = {F68480A7-1667-9DF4-D054-EE76B178F56C}
		{2B960EBD-B5C7-4A77-B36D-1E52F8CD0EA5} = {F68480A7-1667-9DF4-D054-EE76B178F56C}
		{128A9D1C-7AAD-4FC3-B9AB-03DDBBE35381} = {8DB7E26F-772B-97FE-A958-FEA60A4DD86B}
		{87589220-7A13-47B0-AAAC-0A2FEF1598AA} = {8DB7E26F-772B-97FE-A958-FEA60A4DD86B}
		{D40B6F42-E93D-4B15-BFC6-32CF5821BCD7} = {AADCF890-3222-9FDA-7EB4-1FA47FAF1587}
		{A365EF04-8B1B-4603-8A94-53EE9221A52B} = {AADCF890-3222-9FDA-7EB4-1FA47FAF1587}
		{CF006405-F0F0-445B-B085-3431B2E1B417} = {AADCF890-3222-9FDA-7EB4-1FA47FAF1587}
		{8B51EB76-96B2-44EE-96A0-A90376BFDA00} = {AADCF890-3222-9FDA-7EB4-1FA47FAF1587}
		{CA9C1E02-8161-4B19-AB2D-CB1A577A437B} = {AADCF890-3222-9FDA-7EB4-1FA47FAF1587}
		{80ADCBC8-AAF7-4837-B07B-DFB68FFA1B33} = {AADCF890-3222-9FDA-7EB4-1FA47FAF1587}
		{44081CD6-3859-4EFA-A2CB-95CA54D9A2BE} = {AADCF890-3222-9FDA-7EB4-1FA47FAF1587}
		{9844EB29-F0CC-416C-8EA0-AD0573851569} = {2E3E0152-316C-BC7B-D86F-1400FDE1F4A2}
		{63B285C6-1B46-4B70-8AF8-D808A706FB29} = {2E3E0152-316C-BC7B-D86F-1400FDE1F4A2}
		{487E9F5D-FD4D-4E45-B916-0A5B63EF8F05} = {2E3E0152-316C-BC7B-D86F-1400FDE1F4A2}
		{665C5C05-6AC0-4A37-ACA8-995E8B37C676} = {2E3E0152-316C-BC7B-D86F-1400FDE1F4A2}
		{7FB7AE51-869D-49BA-830A-904A4548393B} = {2E3E0152-316C-BC7B-D86F-1400FDE1F4A2}
		{00BD573B-D19E-457E-8E3E-ACD8CD9A210B} = {2E3E0152-316C-BC7B-D86F-1400FDE1F4A2}
		{3ADEF494-2B98-42AF-88F3-E04273F3D03D} = {2E3E0152-316C-BC7B-D86F-1400FDE1F4A2}
		{5FC3E10D-4AD4-44B0-8E51-54DE711A4E42} = {F9C07279-9FC2-56E5-BB47-2338B3B825A0}
		{96D12E62-1EE7-44A1-86F7-51EB1AFF5FDF} = {F9C07279-9FC2-56E5-BB47-2338B3B825A0}
		{03E636D8-88C4-4CF7-8ACB-6B73291E39C6} = {F9C07279-9FC2-56E5-BB47-2338B3B825A0}
		{3447098D-9EB3-429D-973C-FF5B39E9FF4F} = {3750B0E0-A555-4F82-A1FA-C67DE7BF75EE}
		{7B9EBFC8-390E-4E0F-98F5-65AA7C9039A4} = {3750B0E0-A555-4F82-A1FA-C67DE7BF75EE}
		{B4D6AF71-E4E1-49B3-B83C-D2C6E9800B39} = {3750B0E0-A555-4F82-A1FA-C67DE7BF75EE}
		{FEB99C41-0821-4C00-B2AE-1B23E86E4438} = {3750B0E0-A555-4F82-A1FA-C67DE7BF75EE}
		{DCDA55FB-4734-471C-8576-BEB9863A9F73} = {3750B0E0-A555-4F82-A1FA-C67DE7BF75EE}
		{E69C1EB7-C9F7-4853-92D7-6A75D062AAF0} = {3750B0E0-A555-4F82-A1FA-C67DE7BF75EE}
	EndGlobalSection
EndGlobal
