
Microsoft Visual Studio Solution File, Format Version 12.00
# Visual Studio Version 17
VisualStudioVersion = 17.0.31903.59
MinimumVisualStudioVersion = 10.0.40219.1
Project("{2150E333-8FDC-42A3-9474-1A3956D46DE8}") = "Gof", "Gof", "{218CFC50-AD13-1D53-CEB8-61E727D3CEFA}"
EndProject
Project("{FAE04EC0-301F-11D3-BF4B-00C04F79EFBC}") = "Facade.Gof", "src\Facade.Gof\Facade.Gof.csproj", "{8F3A4E69-9AFE-4A09-9E63-9659B7B17F25}"
EndProject
Project("{FAE04EC0-301F-11D3-BF4B-00C04F79EFBC}") = "Facade.Gof.Tests", "tests\Facade.Gof.Tests\Facade.Gof.Tests.csproj", "{C2F9AC4E-DAF9-49DB-B522-68AA5AAA9E01}"
EndProject
Project("{2150E333-8FDC-42A3-9474-1A3956D46DE8}") = "Notification", "Notification", "{AA9EE0C7-4E1A-44BC-243C-C4E356DC2F3C}"
EndProject
Project("{FAE04EC0-301F-11D3-BF4B-00C04F79EFBC}") = "Facade.Notification", "src\Facade.Notification\Facade.Notification.csproj", "{210A4659-D69E-4FB5-9C6F-6B284279CEEB}"
EndProject
Project("{FAE04EC0-301F-11D3-BF4B-00C04F79EFBC}") = "Facade.Notification.Tests", "tests\Facade.Notification.Tests\Facade.Notification.Tests.csproj", "{D782DD92-FB04-4CCA-82BA-2D8E662D6618}"
EndProject
Project("{2150E333-8FDC-42A3-9474-1A3956D46DE8}") = "Logging", "Logging", "{592BFD43-8236-1486-20CA-62D2F7ED4E57}"
EndProject
Project("{FAE04EC0-301F-11D3-BF4B-00C04F79EFBC}") = "Facade.Logging", "src\Facade.Logging\Facade.Logging.csproj", "{54F0474F-8FDC-434E-A7F8-70190118EA99}"
EndProject
Project("{FAE04EC0-301F-11D3-BF4B-00C04F79EFBC}") = "Facade.Logging.Tests", "tests\Facade.Logging.Tests\Facade.Logging.Tests.csproj", "{A6B8F024-DAFB-4B32-A489-AB24331E0888}"
EndProject
Global
	GlobalSection(SolutionConfigurationPlatforms) = preSolution
		Debug|Any CPU = Debug|Any CPU
		Debug|x64 = Debug|x64
		Debug|x86 = Debug|x86
		Release|Any CPU = Release|Any CPU
		Release|x64 = Release|x64
		Release|x86 = Release|x86
	EndGlobalSection
	GlobalSection(ProjectConfigurationPlatforms) = postSolution
		{8F3A4E69-9AFE-4A09-9E63-9659B7B17F25}.Debug|Any CPU.ActiveCfg = Debug|Any CPU
		{8F3A4E69-9AFE-4A09-9E63-9659B7B17F25}.Debug|Any CPU.Build.0 = Debug|Any CPU
		{8F3A4E69-9AFE-4A09-9E63-9659B7B17F25}.Debug|x64.ActiveCfg = Debug|Any CPU
		{8F3A4E69-9AFE-4A09-9E63-9659B7B17F25}.Debug|x64.Build.0 = Debug|Any CPU
		{8F3A4E69-9AFE-4A09-9E63-9659B7B17F25}.Debug|x86.ActiveCfg = Debug|Any CPU
		{8F3A4E69-9AFE-4A09-9E63-9659B7B17F25}.Debug|x86.Build.0 = Debug|Any CPU
		{8F3A4E69-9AFE-4A09-9E63-9659B7B17F25}.Release|Any CPU.ActiveCfg = Release|Any CPU
		{8F3A4E69-9AFE-4A09-9E63-9659B7B17F25}.Release|Any CPU.Build.0 = Release|Any CPU
		{8F3A4E69-9AFE-4A09-9E63-9659B7B17F25}.Release|x64.ActiveCfg = Release|Any CPU
		{8F3A4E69-9AFE-4A09-9E63-9659B7B17F25}.Release|x64.Build.0 = Release|Any CPU
		{8F3A4E69-9AFE-4A09-9E63-9659B7B17F25}.Release|x86.ActiveCfg = Release|Any CPU
		{8F3A4E69-9AFE-4A09-9E63-9659B7B17F25}.Release|x86.Build.0 = Release|Any CPU
		{C2F9AC4E-DAF9-49DB-B522-68AA5AAA9E01}.Debug|Any CPU.ActiveCfg = Debug|Any CPU
		{C2F9AC4E-DAF9-49DB-B522-68AA5AAA9E01}.Debug|Any CPU.Build.0 = Debug|Any CPU
		{C2F9AC4E-DAF9-49DB-B522-68AA5AAA9E01}.Debug|x64.ActiveCfg = Debug|Any CPU
		{C2F9AC4E-DAF9-49DB-B522-68AA5AAA9E01}.Debug|x64.Build.0 = Debug|Any CPU
		{C2F9AC4E-DAF9-49DB-B522-68AA5AAA9E01}.Debug|x86.ActiveCfg = Debug|Any CPU
		{C2F9AC4E-DAF9-49DB-B522-68AA5AAA9E01}.Debug|x86.Build.0 = Debug|Any CPU
		{C2F9AC4E-DAF9-49DB-B522-68AA5AAA9E01}.Release|Any CPU.ActiveCfg = Release|Any CPU
		{C2F9AC4E-DAF9-49DB-B522-68AA5AAA9E01}.Release|Any CPU.Build.0 = Release|Any CPU
		{C2F9AC4E-DAF9-49DB-B522-68AA5AAA9E01}.Release|x64.ActiveCfg = Release|Any CPU
		{C2F9AC4E-DAF9-49DB-B522-68AA5AAA9E01}.Release|x64.Build.0 = Release|Any CPU
		{C2F9AC4E-DAF9-49DB-B522-68AA5AAA9E01}.Release|x86.ActiveCfg = Release|Any CPU
		{C2F9AC4E-DAF9-49DB-B522-68AA5AAA9E01}.Release|x86.Build.0 = Release|Any CPU
		{210A4659-D69E-4FB5-9C6F-6B284279CEEB}.Debug|Any CPU.ActiveCfg = Debug|Any CPU
		{210A4659-D69E-4FB5-9C6F-6B284279CEEB}.Debug|Any CPU.Build.0 = Debug|Any CPU
		{210A4659-D69E-4FB5-9C6F-6B284279CEEB}.Debug|x64.ActiveCfg = Debug|Any CPU
		{210A4659-D69E-4FB5-9C6F-6B284279CEEB}.Debug|x64.Build.0 = Debug|Any CPU
		{210A4659-D69E-4FB5-9C6F-6B284279CEEB}.Debug|x86.ActiveCfg = Debug|Any CPU
		{210A4659-D69E-4FB5-9C6F-6B284279CEEB}.Debug|x86.Build.0 = Debug|Any CPU
		{210A4659-D69E-4FB5-9C6F-6B284279CEEB}.Release|Any CPU.ActiveCfg = Release|Any CPU
		{210A4659-D69E-4FB5-9C6F-6B284279CEEB}.Release|Any CPU.Build.0 = Release|Any CPU
		{210A4659-D69E-4FB5-9C6F-6B284279CEEB}.Release|x64.ActiveCfg = Release|Any CPU
		{210A4659-D69E-4FB5-9C6F-6B284279CEEB}.Release|x64.Build.0 = Release|Any CPU
		{210A4659-D69E-4FB5-9C6F-6B284279CEEB}.Release|x86.ActiveCfg = Release|Any CPU
		{210A4659-D69E-4FB5-9C6F-6B284279CEEB}.Release|x86.Build.0 = Release|Any CPU
		{D782DD92-FB04-4CCA-82BA-2D8E662D6618}.Debug|Any CPU.ActiveCfg = Debug|Any CPU
		{D782DD92-FB04-4CCA-82BA-2D8E662D6618}.Debug|Any CPU.Build.0 = Debug|Any CPU
		{D782DD92-FB04-4CCA-82BA-2D8E662D6618}.Debug|x64.ActiveCfg = Debug|Any CPU
		{D782DD92-FB04-4CCA-82BA-2D8E662D6618}.Debug|x64.Build.0 = Debug|Any CPU
		{D782DD92-FB04-4CCA-82BA-2D8E662D6618}.Debug|x86.ActiveCfg = Debug|Any CPU
		{D782DD92-FB04-4CCA-82BA-2D8E662D6618}.Debug|x86.Build.0 = Debug|Any CPU
		{D782DD92-FB04-4CCA-82BA-2D8E662D6618}.Release|Any CPU.ActiveCfg = Release|Any CPU
		{D782DD92-FB04-4CCA-82BA-2D8E662D6618}.Release|Any CPU.Build.0 = Release|Any CPU
		{D782DD92-FB04-4CCA-82BA-2D8E662D6618}.Release|x64.ActiveCfg = Release|Any CPU
		{D782DD92-FB04-4CCA-82BA-2D8E662D6618}.Release|x64.Build.0 = Release|Any CPU
		{D782DD92-FB04-4CCA-82BA-2D8E662D6618}.Release|x86.ActiveCfg = Release|Any CPU
		{D782DD92-FB04-4CCA-82BA-2D8E662D6618}.Release|x86.Build.0 = Release|Any CPU
		{54F0474F-8FDC-434E-A7F8-70190118EA99}.Debug|Any CPU.ActiveCfg = Debug|Any CPU
		{54F0474F-8FDC-434E-A7F8-70190118EA99}.Debug|Any CPU.Build.0 = Debug|Any CPU
		{54F0474F-8FDC-434E-A7F8-70190118EA99}.Debug|x64.ActiveCfg = Debug|Any CPU
		{54F0474F-8FDC-434E-A7F8-70190118EA99}.Debug|x64.Build.0 = Debug|Any CPU
		{54F0474F-8FDC-434E-A7F8-70190118EA99}.Debug|x86.ActiveCfg = Debug|Any CPU
		{54F0474F-8FDC-434E-A7F8-70190118EA99}.Debug|x86.Build.0 = Debug|Any CPU
		{54F0474F-8FDC-434E-A7F8-70190118EA99}.Release|Any CPU.ActiveCfg = Release|Any CPU
		{54F0474F-8FDC-434E-A7F8-70190118EA99}.Release|Any CPU.Build.0 = Release|Any CPU
		{54F0474F-8FDC-434E-A7F8-70190118EA99}.Release|x64.ActiveCfg = Release|Any CPU
		{54F0474F-8FDC-434E-A7F8-70190118EA99}.Release|x64.Build.0 = Release|Any CPU
		{54F0474F-8FDC-434E-A7F8-70190118EA99}.Release|x86.ActiveCfg = Release|Any CPU
		{54F0474F-8FDC-434E-A7F8-70190118EA99}.Release|x86.Build.0 = Release|Any CPU
		{A6B8F024-DAFB-4B32-A489-AB24331E0888}.Debug|Any CPU.ActiveCfg = Debug|Any CPU
		{A6B8F024-DAFB-4B32-A489-AB24331E0888}.Debug|Any CPU.Build.0 = Debug|Any CPU
		{A6B8F024-DAFB-4B32-A489-AB24331E0888}.Debug|x64.ActiveCfg = Debug|Any CPU
		{A6B8F024-DAFB-4B32-A489-AB24331E0888}.Debug|x64.Build.0 = Debug|Any CPU
		{A6B8F024-DAFB-4B32-A489-AB24331E0888}.Debug|x86.ActiveCfg = Debug|Any CPU
		{A6B8F024-DAFB-4B32-A489-AB24331E0888}.Debug|x86.Build.0 = Debug|Any CPU
		{A6B8F024-DAFB-4B32-A489-AB24331E0888}.Release|Any CPU.ActiveCfg = Release|Any CPU
		{A6B8F024-DAFB-4B32-A489-AB24331E0888}.Release|Any CPU.Build.0 = Release|Any CPU
		{A6B8F024-DAFB-4B32-A489-AB24331E0888}.Release|x64.ActiveCfg = Release|Any CPU
		{A6B8F024-DAFB-4B32-A489-AB24331E0888}.Release|x64.Build.0 = Release|Any CPU
		{A6B8F024-DAFB-4B32-A489-AB24331E0888}.Release|x86.ActiveCfg = Release|Any CPU
		{A6B8F024-DAFB-4B32-A489-AB24331E0888}.Release|x86.Build.0 = Release|Any CPU
	EndGlobalSection
	GlobalSection(SolutionProperties) = preSolution
		HideSolutionNode = FALSE
	EndGlobalSection
	GlobalSection(NestedProjects) = preSolution
		{8F3A4E69-9AFE-4A09-9E63-9659B7B17F25} = {218CFC50-AD13-1D53-CEB8-61E727D3CEFA}
		{C2F9AC4E-DAF9-49DB-B522-68AA5AAA9E01} = {218CFC50-AD13-1D53-CEB8-61E727D3CEFA}
		{210A4659-D69E-4FB5-9C6F-6B284279CEEB} = {AA9EE0C7-4E1A-44BC-243C-C4E356DC2F3C}
		{D782DD92-FB04-4CCA-82BA-2D8E662D6618} = {AA9EE0C7-4E1A-44BC-243C-C4E356DC2F3C}
		{54F0474F-8FDC-434E-A7F8-70190118EA99} = {592BFD43-8236-1486-20CA-62D2F7ED4E57}
		{A6B8F024-DAFB-4B32-A489-AB24331E0888} = {592BFD43-8236-1486-20CA-62D2F7ED4E57}
	EndGlobalSection
EndGlobal
