
Microsoft Visual Studio Solution File, Format Version 12.00
# Visual Studio Version 17
VisualStudioVersion = 17.0.31903.59
MinimumVisualStudioVersion = 10.0.40219.1
Project("{2150E333-8FDC-42A3-9474-1A3956D46DE8}") = "src", "src", "{827E0CD3-B72D-47B6-A68D-7590B98EB39B}"
EndProject
Project("{FAE04EC0-301F-11D3-BF4B-00C04F79EFBC}") = "Flyweight", "src\Flyweight\Flyweight.csproj", "{38F3B741-1965-4365-8755-88CE5FC6A660}"
EndProject
Project("{FAE04EC0-301F-11D3-BF4B-00C04F79EFBC}") = "Flyweight.Tests", "tests\Flyweight.Tests\Flyweight.Tests.csproj", "{DC2F8D94-9649-458A-A418-620DFD542C87}"
EndProject
Global
	GlobalSection(SolutionConfigurationPlatforms) = preSolution
		Debug|Any CPU = Debug|Any CPU
		Debug|x64 = Debug|x64
		Debug|x86 = Debug|x86
		Release|Any CPU = Release|Any CPU
		Release|x64 = Release|x64
		Release|x86 = Release|x86
	EndGlobalSection
	GlobalSection(ProjectConfigurationPlatforms) = postSolution
		{38F3B741-1965-4365-8755-88CE5FC6A660}.Debug|Any CPU.ActiveCfg = Debug|Any CPU
		{38F3B741-1965-4365-8755-88CE5FC6A660}.Debug|Any CPU.Build.0 = Debug|Any CPU
		{38F3B741-1965-4365-8755-88CE5FC6A660}.Debug|x64.ActiveCfg = Debug|Any CPU
		{38F3B741-1965-4365-8755-88CE5FC6A660}.Debug|x64.Build.0 = Debug|Any CPU
		{38F3B741-1965-4365-8755-88CE5FC6A660}.Debug|x86.ActiveCfg = Debug|Any CPU
		{38F3B741-1965-4365-8755-88CE5FC6A660}.Debug|x86.Build.0 = Debug|Any CPU
		{38F3B741-1965-4365-8755-88CE5FC6A660}.Release|Any CPU.ActiveCfg = Release|Any CPU
		{38F3B741-1965-4365-8755-88CE5FC6A660}.Release|Any CPU.Build.0 = Release|Any CPU
		{38F3B741-1965-4365-8755-88CE5FC6A660}.Release|x64.ActiveCfg = Release|Any CPU
		{38F3B741-1965-4365-8755-88CE5FC6A660}.Release|x64.Build.0 = Release|Any CPU
		{38F3B741-1965-4365-8755-88CE5FC6A660}.Release|x86.ActiveCfg = Release|Any CPU
		{38F3B741-1965-4365-8755-88CE5FC6A660}.Release|x86.Build.0 = Release|Any CPU
		{DC2F8D94-9649-458A-A418-620DFD542C87}.Debug|Any CPU.ActiveCfg = Debug|Any CPU
		{DC2F8D94-9649-458A-A418-620DFD542C87}.Debug|Any CPU.Build.0 = Debug|Any CPU
		{DC2F8D94-9649-458A-A418-620DFD542C87}.Debug|x64.ActiveCfg = Debug|Any CPU
		{DC2F8D94-9649-458A-A418-620DFD542C87}.Debug|x64.Build.0 = Debug|Any CPU
		{DC2F8D94-9649-458A-A418-620DFD542C87}.Debug|x86.ActiveCfg = Debug|Any CPU
		{DC2F8D94-9649-458A-A418-620DFD542C87}.Debug|x86.Build.0 = Debug|Any CPU
		{DC2F8D94-9649-458A-A418-620DFD542C87}.Release|Any CPU.ActiveCfg = Release|Any CPU
		{DC2F8D94-9649-458A-A418-620DFD542C87}.Release|Any CPU.Build.0 = Release|Any CPU
		{DC2F8D94-9649-458A-A418-620DFD542C87}.Release|x64.ActiveCfg = Release|Any CPU
		{DC2F8D94-9649-458A-A418-620DFD542C87}.Release|x64.Build.0 = Release|Any CPU
		{DC2F8D94-9649-458A-A418-620DFD542C87}.Release|x86.ActiveCfg = Release|Any CPU
		{DC2F8D94-9649-458A-A418-620DFD542C87}.Release|x86.Build.0 = Release|Any CPU
	EndGlobalSection
	GlobalSection(SolutionProperties) = preSolution
		HideSolutionNode = FALSE
	EndGlobalSection
	GlobalSection(NestedProjects) = preSolution
		{38F3B741-1965-4365-8755-88CE5FC6A660} = {827E0CD3-B72D-47B6-A68D-7590B98EB39B}
		{DC2F8D94-9649-458A-A418-620DFD542C87} = {827E0CD3-B72D-47B6-A68D-7590B98EB39B}
	EndGlobalSection
EndGlobal
