
Microsoft Visual Studio Solution File, Format Version 12.00
# Visual Studio Version 17
VisualStudioVersion = 17.0.31903.59
MinimumVisualStudioVersion = 10.0.40219.1
Project("{FAE04EC0-301F-11D3-BF4B-00C04F79EFBC}") = "Business.Flyweight", "Business.Flyweight\Business.Flyweight.csproj", "{90F82CFB-7F58-4C39-93FE-FC222A4A24B4}"
EndProject
Project("{FAE04EC0-301F-11D3-BF4B-00C04F79EFBC}") = "Business.Proxy", "Business.Proxy\Business.Proxy.csproj", "{AA6991F1-5869-4C16-A450-11E0693CA2E0}"
EndProject
Project("{FAE04EC0-301F-11D3-BF4B-00C04F79EFBC}") = "Business.Adapter", "Business.Adapter\Business.Adapter.csproj", "{78654980-94CC-4A52-9E83-4D74C33FA382}"
EndProject
Project("{FAE04EC0-301F-11D3-BF4B-00C04F79EFBC}") = "Business.Composite", "Business.Composite\Business.Composite.csproj", "{41FCC854-DDFF-48E9-9A76-9A21756345BD}"
EndProject
Project("{FAE04EC0-301F-11D3-BF4B-00C04F79EFBC}") = "Business.Bridge", "Business.Bridge\Business.Bridge.csproj", "{BBED2DF6-03C1-45D7-904C-2D954CCC9A98}"
EndProject
Project("{FAE04EC0-301F-11D3-BF4B-00C04F79EFBC}") = "Business.Decorator", "Business.Decorator\Business.Decorator.csproj", "{CC27DBA0-43ED-4AB4-ACC1-1C1694754A92}"
EndProject
Project("{FAE04EC0-301F-11D3-BF4B-00C04F79EFBC}") = "Business.Facade", "Business.Facade\Business.Facade.csproj", "{CE119B01-090F-42F0-80EA-67CE807ED5F0}"
EndProject
Global
	GlobalSection(SolutionConfigurationPlatforms) = preSolution
		Debug|Any CPU = Debug|Any CPU
		Debug|x64 = Debug|x64
		Debug|x86 = Debug|x86
		Release|Any CPU = Release|Any CPU
		Release|x64 = Release|x64
		Release|x86 = Release|x86
	EndGlobalSection
	GlobalSection(ProjectConfigurationPlatforms) = postSolution
		{90F82CFB-7F58-4C39-93FE-FC222A4A24B4}.Debug|Any CPU.ActiveCfg = Debug|Any CPU
		{90F82CFB-7F58-4C39-93FE-FC222A4A24B4}.Debug|Any CPU.Build.0 = Debug|Any CPU
		{90F82CFB-7F58-4C39-93FE-FC222A4A24B4}.Debug|x64.ActiveCfg = Debug|Any CPU
		{90F82CFB-7F58-4C39-93FE-FC222A4A24B4}.Debug|x64.Build.0 = Debug|Any CPU
		{90F82CFB-7F58-4C39-93FE-FC222A4A24B4}.Debug|x86.ActiveCfg = Debug|Any CPU
		{90F82CFB-7F58-4C39-93FE-FC222A4A24B4}.Debug|x86.Build.0 = Debug|Any CPU
		{90F82CFB-7F58-4C39-93FE-FC222A4A24B4}.Release|Any CPU.ActiveCfg = Release|Any CPU
		{90F82CFB-7F58-4C39-93FE-FC222A4A24B4}.Release|Any CPU.Build.0 = Release|Any CPU
		{90F82CFB-7F58-4C39-93FE-FC222A4A24B4}.Release|x64.ActiveCfg = Release|Any CPU
		{90F82CFB-7F58-4C39-93FE-FC222A4A24B4}.Release|x64.Build.0 = Release|Any CPU
		{90F82CFB-7F58-4C39-93FE-FC222A4A24B4}.Release|x86.ActiveCfg = Release|Any CPU
		{90F82CFB-7F58-4C39-93FE-FC222A4A24B4}.Release|x86.Build.0 = Release|Any CPU
		{AA6991F1-5869-4C16-A450-11E0693CA2E0}.Debug|Any CPU.ActiveCfg = Debug|Any CPU
		{AA6991F1-5869-4C16-A450-11E0693CA2E0}.Debug|Any CPU.Build.0 = Debug|Any CPU
		{AA6991F1-5869-4C16-A450-11E0693CA2E0}.Debug|x64.ActiveCfg = Debug|Any CPU
		{AA6991F1-5869-4C16-A450-11E0693CA2E0}.Debug|x64.Build.0 = Debug|Any CPU
		{AA6991F1-5869-4C16-A450-11E0693CA2E0}.Debug|x86.ActiveCfg = Debug|Any CPU
		{AA6991F1-5869-4C16-A450-11E0693CA2E0}.Debug|x86.Build.0 = Debug|Any CPU
		{AA6991F1-5869-4C16-A450-11E0693CA2E0}.Release|Any CPU.ActiveCfg = Release|Any CPU
		{AA6991F1-5869-4C16-A450-11E0693CA2E0}.Release|Any CPU.Build.0 = Release|Any CPU
		{AA6991F1-5869-4C16-A450-11E0693CA2E0}.Release|x64.ActiveCfg = Release|Any CPU
		{AA6991F1-5869-4C16-A450-11E0693CA2E0}.Release|x64.Build.0 = Release|Any CPU
		{AA6991F1-5869-4C16-A450-11E0693CA2E0}.Release|x86.ActiveCfg = Release|Any CPU
		{AA6991F1-5869-4C16-A450-11E0693CA2E0}.Release|x86.Build.0 = Release|Any CPU
		{78654980-94CC-4A52-9E83-4D74C33FA382}.Debug|Any CPU.ActiveCfg = Debug|Any CPU
		{78654980-94CC-4A52-9E83-4D74C33FA382}.Debug|Any CPU.Build.0 = Debug|Any CPU
		{78654980-94CC-4A52-9E83-4D74C33FA382}.Debug|x64.ActiveCfg = Debug|Any CPU
		{78654980-94CC-4A52-9E83-4D74C33FA382}.Debug|x64.Build.0 = Debug|Any CPU
		{78654980-94CC-4A52-9E83-4D74C33FA382}.Debug|x86.ActiveCfg = Debug|Any CPU
		{78654980-94CC-4A52-9E83-4D74C33FA382}.Debug|x86.Build.0 = Debug|Any CPU
		{78654980-94CC-4A52-9E83-4D74C33FA382}.Release|Any CPU.ActiveCfg = Release|Any CPU
		{78654980-94CC-4A52-9E83-4D74C33FA382}.Release|Any CPU.Build.0 = Release|Any CPU
		{78654980-94CC-4A52-9E83-4D74C33FA382}.Release|x64.ActiveCfg = Release|Any CPU
		{78654980-94CC-4A52-9E83-4D74C33FA382}.Release|x64.Build.0 = Release|Any CPU
		{78654980-94CC-4A52-9E83-4D74C33FA382}.Release|x86.ActiveCfg = Release|Any CPU
		{78654980-94CC-4A52-9E83-4D74C33FA382}.Release|x86.Build.0 = Release|Any CPU
		{41FCC854-DDFF-48E9-9A76-9A21756345BD}.Debug|Any CPU.ActiveCfg = Debug|Any CPU
		{41FCC854-DDFF-48E9-9A76-9A21756345BD}.Debug|Any CPU.Build.0 = Debug|Any CPU
		{41FCC854-DDFF-48E9-9A76-9A21756345BD}.Debug|x64.ActiveCfg = Debug|Any CPU
		{41FCC854-DDFF-48E9-9A76-9A21756345BD}.Debug|x64.Build.0 = Debug|Any CPU
		{41FCC854-DDFF-48E9-9A76-9A21756345BD}.Debug|x86.ActiveCfg = Debug|Any CPU
		{41FCC854-DDFF-48E9-9A76-9A21756345BD}.Debug|x86.Build.0 = Debug|Any CPU
		{41FCC854-DDFF-48E9-9A76-9A21756345BD}.Release|Any CPU.ActiveCfg = Release|Any CPU
		{41FCC854-DDFF-48E9-9A76-9A21756345BD}.Release|Any CPU.Build.0 = Release|Any CPU
		{41FCC854-DDFF-48E9-9A76-9A21756345BD}.Release|x64.ActiveCfg = Release|Any CPU
		{41FCC854-DDFF-48E9-9A76-9A21756345BD}.Release|x64.Build.0 = Release|Any CPU
		{41FCC854-DDFF-48E9-9A76-9A21756345BD}.Release|x86.ActiveCfg = Release|Any CPU
		{41FCC854-DDFF-48E9-9A76-9A21756345BD}.Release|x86.Build.0 = Release|Any CPU
		{BBED2DF6-03C1-45D7-904C-2D954CCC9A98}.Debug|Any CPU.ActiveCfg = Debug|Any CPU
		{BBED2DF6-03C1-45D7-904C-2D954CCC9A98}.Debug|Any CPU.Build.0 = Debug|Any CPU
		{BBED2DF6-03C1-45D7-904C-2D954CCC9A98}.Debug|x64.ActiveCfg = Debug|Any CPU
		{BBED2DF6-03C1-45D7-904C-2D954CCC9A98}.Debug|x64.Build.0 = Debug|Any CPU
		{BBED2DF6-03C1-45D7-904C-2D954CCC9A98}.Debug|x86.ActiveCfg = Debug|Any CPU
		{BBED2DF6-03C1-45D7-904C-2D954CCC9A98}.Debug|x86.Build.0 = Debug|Any CPU
		{BBED2DF6-03C1-45D7-904C-2D954CCC9A98}.Release|Any CPU.ActiveCfg = Release|Any CPU
		{BBED2DF6-03C1-45D7-904C-2D954CCC9A98}.Release|Any CPU.Build.0 = Release|Any CPU
		{BBED2DF6-03C1-45D7-904C-2D954CCC9A98}.Release|x64.ActiveCfg = Release|Any CPU
		{BBED2DF6-03C1-45D7-904C-2D954CCC9A98}.Release|x64.Build.0 = Release|Any CPU
		{BBED2DF6-03C1-45D7-904C-2D954CCC9A98}.Release|x86.ActiveCfg = Release|Any CPU
		{BBED2DF6-03C1-45D7-904C-2D954CCC9A98}.Release|x86.Build.0 = Release|Any CPU
		{CC27DBA0-43ED-4AB4-ACC1-1C1694754A92}.Debug|Any CPU.ActiveCfg = Debug|Any CPU
		{CC27DBA0-43ED-4AB4-ACC1-1C1694754A92}.Debug|Any CPU.Build.0 = Debug|Any CPU
		{CC27DBA0-43ED-4AB4-ACC1-1C1694754A92}.Debug|x64.ActiveCfg = Debug|Any CPU
		{CC27DBA0-43ED-4AB4-ACC1-1C1694754A92}.Debug|x64.Build.0 = Debug|Any CPU
		{CC27DBA0-43ED-4AB4-ACC1-1C1694754A92}.Debug|x86.ActiveCfg = Debug|Any CPU
		{CC27DBA0-43ED-4AB4-ACC1-1C1694754A92}.Debug|x86.Build.0 = Debug|Any CPU
		{CC27DBA0-43ED-4AB4-ACC1-1C1694754A92}.Release|Any CPU.ActiveCfg = Release|Any CPU
		{CC27DBA0-43ED-4AB4-ACC1-1C1694754A92}.Release|Any CPU.Build.0 = Release|Any CPU
		{CC27DBA0-43ED-4AB4-ACC1-1C1694754A92}.Release|x64.ActiveCfg = Release|Any CPU
		{CC27DBA0-43ED-4AB4-ACC1-1C1694754A92}.Release|x64.Build.0 = Release|Any CPU
		{CC27DBA0-43ED-4AB4-ACC1-1C1694754A92}.Release|x86.ActiveCfg = Release|Any CPU
		{CC27DBA0-43ED-4AB4-ACC1-1C1694754A92}.Release|x86.Build.0 = Release|Any CPU
		{CE119B01-090F-42F0-80EA-67CE807ED5F0}.Debug|Any CPU.ActiveCfg = Debug|Any CPU
		{CE119B01-090F-42F0-80EA-67CE807ED5F0}.Debug|Any CPU.Build.0 = Debug|Any CPU
		{CE119B01-090F-42F0-80EA-67CE807ED5F0}.Debug|x64.ActiveCfg = Debug|Any CPU
		{CE119B01-090F-42F0-80EA-67CE807ED5F0}.Debug|x64.Build.0 = Debug|Any CPU
		{CE119B01-090F-42F0-80EA-67CE807ED5F0}.Debug|x86.ActiveCfg = Debug|Any CPU
		{CE119B01-090F-42F0-80EA-67CE807ED5F0}.Debug|x86.Build.0 = Debug|Any CPU
		{CE119B01-090F-42F0-80EA-67CE807ED5F0}.Release|Any CPU.ActiveCfg = Release|Any CPU
		{CE119B01-090F-42F0-80EA-67CE807ED5F0}.Release|Any CPU.Build.0 = Release|Any CPU
		{CE119B01-090F-42F0-80EA-67CE807ED5F0}.Release|x64.ActiveCfg = Release|Any CPU
		{CE119B01-090F-42F0-80EA-67CE807ED5F0}.Release|x64.Build.0 = Release|Any CPU
		{CE119B01-090F-42F0-80EA-67CE807ED5F0}.Release|x86.ActiveCfg = Release|Any CPU
		{CE119B01-090F-42F0-80EA-67CE807ED5F0}.Release|x86.Build.0 = Release|Any CPU
	EndGlobalSection
	GlobalSection(SolutionProperties) = preSolution
		HideSolutionNode = FALSE
	EndGlobalSection
EndGlobal
