
Microsoft Visual Studio Solution File, Format Version 12.00
# Visual Studio Version 17
VisualStudioVersion = 17.0.31903.59
MinimumVisualStudioVersion = 10.0.40219.1
Project("{FAE04EC0-301F-11D3-BF4B-00C04F79EFBC}") = "Adapter", "Adapter\Adapter.csproj", "{77DFEF8D-80FA-45F4-8AB1-E568C09C841F}"
EndProject
Project("{FAE04EC0-301F-11D3-BF4B-00C04F79EFBC}") = "Bridge", "Bridge\Bridge.csproj", "{0AC5F771-8C60-4D5F-8F05-9CC746DB98C8}"
EndProject
Project("{FAE04EC0-301F-11D3-BF4B-00C04F79EFBC}") = "Composite", "Composite\Composite.csproj", "{610A8A63-C818-49F4-B5F1-81C8453F0DDE}"
EndProject
Project("{FAE04EC0-301F-11D3-BF4B-00C04F79EFBC}") = "Decorator", "Decorator\Decorator.csproj", "{AFAA8DBC-7EA7-48AE-9F89-753DE80D0153}"
EndProject
Project("{FAE04EC0-301F-11D3-BF4B-00C04F79EFBC}") = "Facade", "Facade\Facade.csproj", "{D5006E7B-9F50-4917-809A-9BCA6D7C91B3}"
EndProject
Project("{FAE04EC0-301F-11D3-BF4B-00C04F79EFBC}") = "Flyweight", "Flyweight\Flyweight.csproj", "{B0D90D9A-AFFF-4933-9DD1-4514F554C12A}"
EndProject
Project("{FAE04EC0-301F-11D3-BF4B-00C04F79EFBC}") = "Proxy", "Proxy\Proxy.csproj", "{E1A8725C-4433-44BF-8F89-F11E741C5438}"
EndProject
Global
	GlobalSection(SolutionConfigurationPlatforms) = preSolution
		Debug|Any CPU = Debug|Any CPU
		Debug|x64 = Debug|x64
		Debug|x86 = Debug|x86
		Release|Any CPU = Release|Any CPU
		Release|x64 = Release|x64
		Release|x86 = Release|x86
	EndGlobalSection
	GlobalSection(ProjectConfigurationPlatforms) = postSolution
		{77DFEF8D-80FA-45F4-8AB1-E568C09C841F}.Debug|Any CPU.ActiveCfg = Debug|Any CPU
		{77DFEF8D-80FA-45F4-8AB1-E568C09C841F}.Debug|Any CPU.Build.0 = Debug|Any CPU
		{77DFEF8D-80FA-45F4-8AB1-E568C09C841F}.Debug|x64.ActiveCfg = Debug|Any CPU
		{77DFEF8D-80FA-45F4-8AB1-E568C09C841F}.Debug|x64.Build.0 = Debug|Any CPU
		{77DFEF8D-80FA-45F4-8AB1-E568C09C841F}.Debug|x86.ActiveCfg = Debug|Any CPU
		{77DFEF8D-80FA-45F4-8AB1-E568C09C841F}.Debug|x86.Build.0 = Debug|Any CPU
		{77DFEF8D-80FA-45F4-8AB1-E568C09C841F}.Release|Any CPU.ActiveCfg = Release|Any CPU
		{77DFEF8D-80FA-45F4-8AB1-E568C09C841F}.Release|Any CPU.Build.0 = Release|Any CPU
		{77DFEF8D-80FA-45F4-8AB1-E568C09C841F}.Release|x64.ActiveCfg = Release|Any CPU
		{77DFEF8D-80FA-45F4-8AB1-E568C09C841F}.Release|x64.Build.0 = Release|Any CPU
		{77DFEF8D-80FA-45F4-8AB1-E568C09C841F}.Release|x86.ActiveCfg = Release|Any CPU
		{77DFEF8D-80FA-45F4-8AB1-E568C09C841F}.Release|x86.Build.0 = Release|Any CPU
		{0AC5F771-8C60-4D5F-8F05-9CC746DB98C8}.Debug|Any CPU.ActiveCfg = Debug|Any CPU
		{0AC5F771-8C60-4D5F-8F05-9CC746DB98C8}.Debug|Any CPU.Build.0 = Debug|Any CPU
		{0AC5F771-8C60-4D5F-8F05-9CC746DB98C8}.Debug|x64.ActiveCfg = Debug|Any CPU
		{0AC5F771-8C60-4D5F-8F05-9CC746DB98C8}.Debug|x64.Build.0 = Debug|Any CPU
		{0AC5F771-8C60-4D5F-8F05-9CC746DB98C8}.Debug|x86.ActiveCfg = Debug|Any CPU
		{0AC5F771-8C60-4D5F-8F05-9CC746DB98C8}.Debug|x86.Build.0 = Debug|Any CPU
		{0AC5F771-8C60-4D5F-8F05-9CC746DB98C8}.Release|Any CPU.ActiveCfg = Release|Any CPU
		{0AC5F771-8C60-4D5F-8F05-9CC746DB98C8}.Release|Any CPU.Build.0 = Release|Any CPU
		{0AC5F771-8C60-4D5F-8F05-9CC746DB98C8}.Release|x64.ActiveCfg = Release|Any CPU
		{0AC5F771-8C60-4D5F-8F05-9CC746DB98C8}.Release|x64.Build.0 = Release|Any CPU
		{0AC5F771-8C60-4D5F-8F05-9CC746DB98C8}.Release|x86.ActiveCfg = Release|Any CPU
		{0AC5F771-8C60-4D5F-8F05-9CC746DB98C8}.Release|x86.Build.0 = Release|Any CPU
		{610A8A63-C818-49F4-B5F1-81C8453F0DDE}.Debug|Any CPU.ActiveCfg = Debug|Any CPU
		{610A8A63-C818-49F4-B5F1-81C8453F0DDE}.Debug|Any CPU.Build.0 = Debug|Any CPU
		{610A8A63-C818-49F4-B5F1-81C8453F0DDE}.Debug|x64.ActiveCfg = Debug|Any CPU
		{610A8A63-C818-49F4-B5F1-81C8453F0DDE}.Debug|x64.Build.0 = Debug|Any CPU
		{610A8A63-C818-49F4-B5F1-81C8453F0DDE}.Debug|x86.ActiveCfg = Debug|Any CPU
		{610A8A63-C818-49F4-B5F1-81C8453F0DDE}.Debug|x86.Build.0 = Debug|Any CPU
		{610A8A63-C818-49F4-B5F1-81C8453F0DDE}.Release|Any CPU.ActiveCfg = Release|Any CPU
		{610A8A63-C818-49F4-B5F1-81C8453F0DDE}.Release|Any CPU.Build.0 = Release|Any CPU
		{610A8A63-C818-49F4-B5F1-81C8453F0DDE}.Release|x64.ActiveCfg = Release|Any CPU
		{610A8A63-C818-49F4-B5F1-81C8453F0DDE}.Release|x64.Build.0 = Release|Any CPU
		{610A8A63-C818-49F4-B5F1-81C8453F0DDE}.Release|x86.ActiveCfg = Release|Any CPU
		{610A8A63-C818-49F4-B5F1-81C8453F0DDE}.Release|x86.Build.0 = Release|Any CPU
		{AFAA8DBC-7EA7-48AE-9F89-753DE80D0153}.Debug|Any CPU.ActiveCfg = Debug|Any CPU
		{AFAA8DBC-7EA7-48AE-9F89-753DE80D0153}.Debug|Any CPU.Build.0 = Debug|Any CPU
		{AFAA8DBC-7EA7-48AE-9F89-753DE80D0153}.Debug|x64.ActiveCfg = Debug|Any CPU
		{AFAA8DBC-7EA7-48AE-9F89-753DE80D0153}.Debug|x64.Build.0 = Debug|Any CPU
		{AFAA8DBC-7EA7-48AE-9F89-753DE80D0153}.Debug|x86.ActiveCfg = Debug|Any CPU
		{AFAA8DBC-7EA7-48AE-9F89-753DE80D0153}.Debug|x86.Build.0 = Debug|Any CPU
		{AFAA8DBC-7EA7-48AE-9F89-753DE80D0153}.Release|Any CPU.ActiveCfg = Release|Any CPU
		{AFAA8DBC-7EA7-48AE-9F89-753DE80D0153}.Release|Any CPU.Build.0 = Release|Any CPU
		{AFAA8DBC-7EA7-48AE-9F89-753DE80D0153}.Release|x64.ActiveCfg = Release|Any CPU
		{AFAA8DBC-7EA7-48AE-9F89-753DE80D0153}.Release|x64.Build.0 = Release|Any CPU
		{AFAA8DBC-7EA7-48AE-9F89-753DE80D0153}.Release|x86.ActiveCfg = Release|Any CPU
		{AFAA8DBC-7EA7-48AE-9F89-753DE80D0153}.Release|x86.Build.0 = Release|Any CPU
		{D5006E7B-9F50-4917-809A-9BCA6D7C91B3}.Debug|Any CPU.ActiveCfg = Debug|Any CPU
		{D5006E7B-9F50-4917-809A-9BCA6D7C91B3}.Debug|Any CPU.Build.0 = Debug|Any CPU
		{D5006E7B-9F50-4917-809A-9BCA6D7C91B3}.Debug|x64.ActiveCfg = Debug|Any CPU
		{D5006E7B-9F50-4917-809A-9BCA6D7C91B3}.Debug|x64.Build.0 = Debug|Any CPU
		{D5006E7B-9F50-4917-809A-9BCA6D7C91B3}.Debug|x86.ActiveCfg = Debug|Any CPU
		{D5006E7B-9F50-4917-809A-9BCA6D7C91B3}.Debug|x86.Build.0 = Debug|Any CPU
		{D5006E7B-9F50-4917-809A-9BCA6D7C91B3}.Release|Any CPU.ActiveCfg = Release|Any CPU
		{D5006E7B-9F50-4917-809A-9BCA6D7C91B3}.Release|Any CPU.Build.0 = Release|Any CPU
		{D5006E7B-9F50-4917-809A-9BCA6D7C91B3}.Release|x64.ActiveCfg = Release|Any CPU
		{D5006E7B-9F50-4917-809A-9BCA6D7C91B3}.Release|x64.Build.0 = Release|Any CPU
		{D5006E7B-9F50-4917-809A-9BCA6D7C91B3}.Release|x86.ActiveCfg = Release|Any CPU
		{D5006E7B-9F50-4917-809A-9BCA6D7C91B3}.Release|x86.Build.0 = Release|Any CPU
		{B0D90D9A-AFFF-4933-9DD1-4514F554C12A}.Debug|Any CPU.ActiveCfg = Debug|Any CPU
		{B0D90D9A-AFFF-4933-9DD1-4514F554C12A}.Debug|Any CPU.Build.0 = Debug|Any CPU
		{B0D90D9A-AFFF-4933-9DD1-4514F554C12A}.Debug|x64.ActiveCfg = Debug|Any CPU
		{B0D90D9A-AFFF-4933-9DD1-4514F554C12A}.Debug|x64.Build.0 = Debug|Any CPU
		{B0D90D9A-AFFF-4933-9DD1-4514F554C12A}.Debug|x86.ActiveCfg = Debug|Any CPU
		{B0D90D9A-AFFF-4933-9DD1-4514F554C12A}.Debug|x86.Build.0 = Debug|Any CPU
		{B0D90D9A-AFFF-4933-9DD1-4514F554C12A}.Release|Any CPU.ActiveCfg = Release|Any CPU
		{B0D90D9A-AFFF-4933-9DD1-4514F554C12A}.Release|Any CPU.Build.0 = Release|Any CPU
		{B0D90D9A-AFFF-4933-9DD1-4514F554C12A}.Release|x64.ActiveCfg = Release|Any CPU
		{B0D90D9A-AFFF-4933-9DD1-4514F554C12A}.Release|x64.Build.0 = Release|Any CPU
		{B0D90D9A-AFFF-4933-9DD1-4514F554C12A}.Release|x86.ActiveCfg = Release|Any CPU
		{B0D90D9A-AFFF-4933-9DD1-4514F554C12A}.Release|x86.Build.0 = Release|Any CPU
		{E1A8725C-4433-44BF-8F89-F11E741C5438}.Debug|Any CPU.ActiveCfg = Debug|Any CPU
		{E1A8725C-4433-44BF-8F89-F11E741C5438}.Debug|Any CPU.Build.0 = Debug|Any CPU
		{E1A8725C-4433-44BF-8F89-F11E741C5438}.Debug|x64.ActiveCfg = Debug|Any CPU
		{E1A8725C-4433-44BF-8F89-F11E741C5438}.Debug|x64.Build.0 = Debug|Any CPU
		{E1A8725C-4433-44BF-8F89-F11E741C5438}.Debug|x86.ActiveCfg = Debug|Any CPU
		{E1A8725C-4433-44BF-8F89-F11E741C5438}.Debug|x86.Build.0 = Debug|Any CPU
		{E1A8725C-4433-44BF-8F89-F11E741C5438}.Release|Any CPU.ActiveCfg = Release|Any CPU
		{E1A8725C-4433-44BF-8F89-F11E741C5438}.Release|Any CPU.Build.0 = Release|Any CPU
		{E1A8725C-4433-44BF-8F89-F11E741C5438}.Release|x64.ActiveCfg = Release|Any CPU
		{E1A8725C-4433-44BF-8F89-F11E741C5438}.Release|x64.Build.0 = Release|Any CPU
		{E1A8725C-4433-44BF-8F89-F11E741C5438}.Release|x86.ActiveCfg = Release|Any CPU
		{E1A8725C-4433-44BF-8F89-F11E741C5438}.Release|x86.Build.0 = Release|Any CPU
	EndGlobalSection
	GlobalSection(SolutionProperties) = preSolution
		HideSolutionNode = FALSE
	EndGlobalSection
EndGlobal
