
Microsoft Visual Studio Solution File, Format Version 12.00
# Visual Studio Version 17
VisualStudioVersion = 17.0.31903.59
MinimumVisualStudioVersion = 10.0.40219.1
Project("{2150E333-8FDC-42A3-9474-1A3956D46DE8}") = "src", "src", "{827E0CD3-B72D-47B6-A68D-7590B98EB39B}"
EndProject
Project("{FAE04EC0-301F-11D3-BF4B-00C04F79EFBC}") = "Electricity.PowerAdapter1", "src\Electricity.PowerAdapter1\Electricity.PowerAdapter1.csproj", "{31301769-B40B-436D-8D7C-2478AE461179}"
EndProject
Project("{FAE04EC0-301F-11D3-BF4B-00C04F79EFBC}") = "Electricity.Domain.Us.Demo", "src\Electricity.Domain.Us.Demo\Electricity.Domain.Us.Demo.csproj", "{9C9D1118-78CA-4A8A-AFEE-5BD0D7C8BA04}"
EndProject
Project("{FAE04EC0-301F-11D3-BF4B-00C04F79EFBC}") = "Gof.Demo", "src\Gof.Demo\Gof.Demo.csproj", "{A52A96C1-D459-44C6-AAB8-26F6E41F7771}"
EndProject
Project("{FAE04EC0-301F-11D3-BF4B-00C04F79EFBC}") = "Gof", "src\Gof\Gof.csproj", "{A6A740A7-E3C7-4105-8855-81CDC50F52BB}"
EndProject
Project("{FAE04EC0-301F-11D3-BF4B-00C04F79EFBC}") = "Electricity.Domain.Tr.Demo", "src\Electricity.Domain.Tr.Demo\Electricity.Domain.Tr.Demo.csproj", "{EBD5B05D-A356-47B7-9D44-E9212F437CE9}"
EndProject
Project("{FAE04EC0-301F-11D3-BF4B-00C04F79EFBC}") = "Electricity.Problem2", "src\Electricity.Problem2\Electricity.Problem2.csproj", "{D5C04192-D41A-451F-8F8C-B7CC908CFCE9}"
EndProject
Project("{FAE04EC0-301F-11D3-BF4B-00C04F79EFBC}") = "Electricity.TwoWayAdapter", "src\Electricity.TwoWayAdapter\Electricity.TwoWayAdapter.csproj", "{E842B447-966D-42A1-ACB3-73F7F65A3667}"
EndProject
Project("{FAE04EC0-301F-11D3-BF4B-00C04F79EFBC}") = "Electricity.PowerAdapter2", "src\Electricity.PowerAdapter2\Electricity.PowerAdapter2.csproj", "{5D74FD31-E56F-433B-8057-766DCAE8F3A6}"
EndProject
Project("{FAE04EC0-301F-11D3-BF4B-00C04F79EFBC}") = "Pluggable.DelegateObject", "src\Pluggable.DelegateObject\Pluggable.DelegateObject.csproj", "{D8B05AAF-B60D-4461-97C2-8BF3CACB2BD0}"
EndProject
Project("{FAE04EC0-301F-11D3-BF4B-00C04F79EFBC}") = "Electricity.ClassAdapter", "src\Electricity.ClassAdapter\Electricity.ClassAdapter.csproj", "{494E2A43-8F14-4E0F-9F48-C2235AB308F1}"
EndProject
Project("{FAE04EC0-301F-11D3-BF4B-00C04F79EFBC}") = "Electricity.Domain", "src\Electricity.Domain\Electricity.Domain.csproj", "{710044C3-ECB9-436B-9CF5-A672C7BEA56A}"
EndProject
Project("{FAE04EC0-301F-11D3-BF4B-00C04F79EFBC}") = "Pluggable.AbstractOperations", "src\Pluggable.AbstractOperations\Pluggable.AbstractOperations.csproj", "{41EB9908-8A90-490A-92A5-C28F250E0FA0}"
EndProject
Project("{FAE04EC0-301F-11D3-BF4B-00C04F79EFBC}") = "Pluggable.Parameterized", "src\Pluggable.Parameterized\Pluggable.Parameterized.csproj", "{2246BB5A-2A74-45DF-A2D0-2515E29896C0}"
EndProject
Project("{FAE04EC0-301F-11D3-BF4B-00C04F79EFBC}") = "Electricity.Problem1", "src\Electricity.Problem1\Electricity.Problem1.csproj", "{A355EE45-2E27-40F0-8F15-FE7E34767D60}"
EndProject
Project("{2150E333-8FDC-42A3-9474-1A3956D46DE8}") = "tests", "tests", "{0AB3BF05-4346-4AA6-1389-037BE0695223}"
EndProject
Project("{FAE04EC0-301F-11D3-BF4B-00C04F79EFBC}") = "Adapter.Tests", "tests\Adapter.Tests\Adapter.Tests.csproj", "{D4DBDA17-68D3-4FFE-81D5-3E89BEC61F1C}"
EndProject
Project("{FAE04EC0-301F-11D3-BF4B-00C04F79EFBC}") = "Gof.Pluggable", "src\Gof.Pluggable\Gof.Pluggable.csproj", "{B85D2957-3B8E-46C4-8203-24758ECFCAD1}"
EndProject
Global
	GlobalSection(SolutionConfigurationPlatforms) = preSolution
		Debug|Any CPU = Debug|Any CPU
		Debug|x64 = Debug|x64
		Debug|x86 = Debug|x86
		Release|Any CPU = Release|Any CPU
		Release|x64 = Release|x64
		Release|x86 = Release|x86
	EndGlobalSection
	GlobalSection(ProjectConfigurationPlatforms) = postSolution
		{31301769-B40B-436D-8D7C-2478AE461179}.Debug|Any CPU.ActiveCfg = Debug|Any CPU
		{31301769-B40B-436D-8D7C-2478AE461179}.Debug|Any CPU.Build.0 = Debug|Any CPU
		{31301769-B40B-436D-8D7C-2478AE461179}.Debug|x64.ActiveCfg = Debug|Any CPU
		{31301769-B40B-436D-8D7C-2478AE461179}.Debug|x64.Build.0 = Debug|Any CPU
		{31301769-B40B-436D-8D7C-2478AE461179}.Debug|x86.ActiveCfg = Debug|Any CPU
		{31301769-B40B-436D-8D7C-2478AE461179}.Debug|x86.Build.0 = Debug|Any CPU
		{31301769-B40B-436D-8D7C-2478AE461179}.Release|Any CPU.ActiveCfg = Release|Any CPU
		{31301769-B40B-436D-8D7C-2478AE461179}.Release|Any CPU.Build.0 = Release|Any CPU
		{31301769-B40B-436D-8D7C-2478AE461179}.Release|x64.ActiveCfg = Release|Any CPU
		{31301769-B40B-436D-8D7C-2478AE461179}.Release|x64.Build.0 = Release|Any CPU
		{31301769-B40B-436D-8D7C-2478AE461179}.Release|x86.ActiveCfg = Release|Any CPU
		{31301769-B40B-436D-8D7C-2478AE461179}.Release|x86.Build.0 = Release|Any CPU
		{9C9D1118-78CA-4A8A-AFEE-5BD0D7C8BA04}.Debug|Any CPU.ActiveCfg = Debug|Any CPU
		{9C9D1118-78CA-4A8A-AFEE-5BD0D7C8BA04}.Debug|Any CPU.Build.0 = Debug|Any CPU
		{9C9D1118-78CA-4A8A-AFEE-5BD0D7C8BA04}.Debug|x64.ActiveCfg = Debug|Any CPU
		{9C9D1118-78CA-4A8A-AFEE-5BD0D7C8BA04}.Debug|x64.Build.0 = Debug|Any CPU
		{9C9D1118-78CA-4A8A-AFEE-5BD0D7C8BA04}.Debug|x86.ActiveCfg = Debug|Any CPU
		{9C9D1118-78CA-4A8A-AFEE-5BD0D7C8BA04}.Debug|x86.Build.0 = Debug|Any CPU
		{9C9D1118-78CA-4A8A-AFEE-5BD0D7C8BA04}.Release|Any CPU.ActiveCfg = Release|Any CPU
		{9C9D1118-78CA-4A8A-AFEE-5BD0D7C8BA04}.Release|Any CPU.Build.0 = Release|Any CPU
		{9C9D1118-78CA-4A8A-AFEE-5BD0D7C8BA04}.Release|x64.ActiveCfg = Release|Any CPU
		{9C9D1118-78CA-4A8A-AFEE-5BD0D7C8BA04}.Release|x64.Build.0 = Release|Any CPU
		{9C9D1118-78CA-4A8A-AFEE-5BD0D7C8BA04}.Release|x86.ActiveCfg = Release|Any CPU
		{9C9D1118-78CA-4A8A-AFEE-5BD0D7C8BA04}.Release|x86.Build.0 = Release|Any CPU
		{A52A96C1-D459-44C6-AAB8-26F6E41F7771}.Debug|Any CPU.ActiveCfg = Debug|Any CPU
		{A52A96C1-D459-44C6-AAB8-26F6E41F7771}.Debug|Any CPU.Build.0 = Debug|Any CPU
		{A52A96C1-D459-44C6-AAB8-26F6E41F7771}.Debug|x64.ActiveCfg = Debug|Any CPU
		{A52A96C1-D459-44C6-AAB8-26F6E41F7771}.Debug|x64.Build.0 = Debug|Any CPU
		{A52A96C1-D459-44C6-AAB8-26F6E41F7771}.Debug|x86.ActiveCfg = Debug|Any CPU
		{A52A96C1-D459-44C6-AAB8-26F6E41F7771}.Debug|x86.Build.0 = Debug|Any CPU
		{A52A96C1-D459-44C6-AAB8-26F6E41F7771}.Release|Any CPU.ActiveCfg = Release|Any CPU
		{A52A96C1-D459-44C6-AAB8-26F6E41F7771}.Release|Any CPU.Build.0 = Release|Any CPU
		{A52A96C1-D459-44C6-AAB8-26F6E41F7771}.Release|x64.ActiveCfg = Release|Any CPU
		{A52A96C1-D459-44C6-AAB8-26F6E41F7771}.Release|x64.Build.0 = Release|Any CPU
		{A52A96C1-D459-44C6-AAB8-26F6E41F7771}.Release|x86.ActiveCfg = Release|Any CPU
		{A52A96C1-D459-44C6-AAB8-26F6E41F7771}.Release|x86.Build.0 = Release|Any CPU
		{A6A740A7-E3C7-4105-8855-81CDC50F52BB}.Debug|Any CPU.ActiveCfg = Debug|Any CPU
		{A6A740A7-E3C7-4105-8855-81CDC50F52BB}.Debug|Any CPU.Build.0 = Debug|Any CPU
		{A6A740A7-E3C7-4105-8855-81CDC50F52BB}.Debug|x64.ActiveCfg = Debug|Any CPU
		{A6A740A7-E3C7-4105-8855-81CDC50F52BB}.Debug|x64.Build.0 = Debug|Any CPU
		{A6A740A7-E3C7-4105-8855-81CDC50F52BB}.Debug|x86.ActiveCfg = Debug|Any CPU
		{A6A740A7-E3C7-4105-8855-81CDC50F52BB}.Debug|x86.Build.0 = Debug|Any CPU
		{A6A740A7-E3C7-4105-8855-81CDC50F52BB}.Release|Any CPU.ActiveCfg = Release|Any CPU
		{A6A740A7-E3C7-4105-8855-81CDC50F52BB}.Release|Any CPU.Build.0 = Release|Any CPU
		{A6A740A7-E3C7-4105-8855-81CDC50F52BB}.Release|x64.ActiveCfg = Release|Any CPU
		{A6A740A7-E3C7-4105-8855-81CDC50F52BB}.Release|x64.Build.0 = Release|Any CPU
		{A6A740A7-E3C7-4105-8855-81CDC50F52BB}.Release|x86.ActiveCfg = Release|Any CPU
		{A6A740A7-E3C7-4105-8855-81CDC50F52BB}.Release|x86.Build.0 = Release|Any CPU
		{EBD5B05D-A356-47B7-9D44-E9212F437CE9}.Debug|Any CPU.ActiveCfg = Debug|Any CPU
		{EBD5B05D-A356-47B7-9D44-E9212F437CE9}.Debug|Any CPU.Build.0 = Debug|Any CPU
		{EBD5B05D-A356-47B7-9D44-E9212F437CE9}.Debug|x64.ActiveCfg = Debug|Any CPU
		{EBD5B05D-A356-47B7-9D44-E9212F437CE9}.Debug|x64.Build.0 = Debug|Any CPU
		{EBD5B05D-A356-47B7-9D44-E9212F437CE9}.Debug|x86.ActiveCfg = Debug|Any CPU
		{EBD5B05D-A356-47B7-9D44-E9212F437CE9}.Debug|x86.Build.0 = Debug|Any CPU
		{EBD5B05D-A356-47B7-9D44-E9212F437CE9}.Release|Any CPU.ActiveCfg = Release|Any CPU
		{EBD5B05D-A356-47B7-9D44-E9212F437CE9}.Release|Any CPU.Build.0 = Release|Any CPU
		{EBD5B05D-A356-47B7-9D44-E9212F437CE9}.Release|x64.ActiveCfg = Release|Any CPU
		{EBD5B05D-A356-47B7-9D44-E9212F437CE9}.Release|x64.Build.0 = Release|Any CPU
		{EBD5B05D-A356-47B7-9D44-E9212F437CE9}.Release|x86.ActiveCfg = Release|Any CPU
		{EBD5B05D-A356-47B7-9D44-E9212F437CE9}.Release|x86.Build.0 = Release|Any CPU
		{D5C04192-D41A-451F-8F8C-B7CC908CFCE9}.Debug|Any CPU.ActiveCfg = Debug|Any CPU
		{D5C04192-D41A-451F-8F8C-B7CC908CFCE9}.Debug|Any CPU.Build.0 = Debug|Any CPU
		{D5C04192-D41A-451F-8F8C-B7CC908CFCE9}.Debug|x64.ActiveCfg = Debug|Any CPU
		{D5C04192-D41A-451F-8F8C-B7CC908CFCE9}.Debug|x64.Build.0 = Debug|Any CPU
		{D5C04192-D41A-451F-8F8C-B7CC908CFCE9}.Debug|x86.ActiveCfg = Debug|Any CPU
		{D5C04192-D41A-451F-8F8C-B7CC908CFCE9}.Debug|x86.Build.0 = Debug|Any CPU
		{D5C04192-D41A-451F-8F8C-B7CC908CFCE9}.Release|Any CPU.ActiveCfg = Release|Any CPU
		{D5C04192-D41A-451F-8F8C-B7CC908CFCE9}.Release|Any CPU.Build.0 = Release|Any CPU
		{D5C04192-D41A-451F-8F8C-B7CC908CFCE9}.Release|x64.ActiveCfg = Release|Any CPU
		{D5C04192-D41A-451F-8F8C-B7CC908CFCE9}.Release|x64.Build.0 = Release|Any CPU
		{D5C04192-D41A-451F-8F8C-B7CC908CFCE9}.Release|x86.ActiveCfg = Release|Any CPU
		{D5C04192-D41A-451F-8F8C-B7CC908CFCE9}.Release|x86.Build.0 = Release|Any CPU
		{E842B447-966D-42A1-ACB3-73F7F65A3667}.Debug|Any CPU.ActiveCfg = Debug|Any CPU
		{E842B447-966D-42A1-ACB3-73F7F65A3667}.Debug|Any CPU.Build.0 = Debug|Any CPU
		{E842B447-966D-42A1-ACB3-73F7F65A3667}.Debug|x64.ActiveCfg = Debug|Any CPU
		{E842B447-966D-42A1-ACB3-73F7F65A3667}.Debug|x64.Build.0 = Debug|Any CPU
		{E842B447-966D-42A1-ACB3-73F7F65A3667}.Debug|x86.ActiveCfg = Debug|Any CPU
		{E842B447-966D-42A1-ACB3-73F7F65A3667}.Debug|x86.Build.0 = Debug|Any CPU
		{E842B447-966D-42A1-ACB3-73F7F65A3667}.Release|Any CPU.ActiveCfg = Release|Any CPU
		{E842B447-966D-42A1-ACB3-73F7F65A3667}.Release|Any CPU.Build.0 = Release|Any CPU
		{E842B447-966D-42A1-ACB3-73F7F65A3667}.Release|x64.ActiveCfg = Release|Any CPU
		{E842B447-966D-42A1-ACB3-73F7F65A3667}.Release|x64.Build.0 = Release|Any CPU
		{E842B447-966D-42A1-ACB3-73F7F65A3667}.Release|x86.ActiveCfg = Release|Any CPU
		{E842B447-966D-42A1-ACB3-73F7F65A3667}.Release|x86.Build.0 = Release|Any CPU
		{5D74FD31-E56F-433B-8057-766DCAE8F3A6}.Debug|Any CPU.ActiveCfg = Debug|Any CPU
		{5D74FD31-E56F-433B-8057-766DCAE8F3A6}.Debug|Any CPU.Build.0 = Debug|Any CPU
		{5D74FD31-E56F-433B-8057-766DCAE8F3A6}.Debug|x64.ActiveCfg = Debug|Any CPU
		{5D74FD31-E56F-433B-8057-766DCAE8F3A6}.Debug|x64.Build.0 = Debug|Any CPU
		{5D74FD31-E56F-433B-8057-766DCAE8F3A6}.Debug|x86.ActiveCfg = Debug|Any CPU
		{5D74FD31-E56F-433B-8057-766DCAE8F3A6}.Debug|x86.Build.0 = Debug|Any CPU
		{5D74FD31-E56F-433B-8057-766DCAE8F3A6}.Release|Any CPU.ActiveCfg = Release|Any CPU
		{5D74FD31-E56F-433B-8057-766DCAE8F3A6}.Release|Any CPU.Build.0 = Release|Any CPU
		{5D74FD31-E56F-433B-8057-766DCAE8F3A6}.Release|x64.ActiveCfg = Release|Any CPU
		{5D74FD31-E56F-433B-8057-766DCAE8F3A6}.Release|x64.Build.0 = Release|Any CPU
		{5D74FD31-E56F-433B-8057-766DCAE8F3A6}.Release|x86.ActiveCfg = Release|Any CPU
		{5D74FD31-E56F-433B-8057-766DCAE8F3A6}.Release|x86.Build.0 = Release|Any CPU
		{D8B05AAF-B60D-4461-97C2-8BF3CACB2BD0}.Debug|Any CPU.ActiveCfg = Debug|Any CPU
		{D8B05AAF-B60D-4461-97C2-8BF3CACB2BD0}.Debug|Any CPU.Build.0 = Debug|Any CPU
		{D8B05AAF-B60D-4461-97C2-8BF3CACB2BD0}.Debug|x64.ActiveCfg = Debug|Any CPU
		{D8B05AAF-B60D-4461-97C2-8BF3CACB2BD0}.Debug|x64.Build.0 = Debug|Any CPU
		{D8B05AAF-B60D-4461-97C2-8BF3CACB2BD0}.Debug|x86.ActiveCfg = Debug|Any CPU
		{D8B05AAF-B60D-4461-97C2-8BF3CACB2BD0}.Debug|x86.Build.0 = Debug|Any CPU
		{D8B05AAF-B60D-4461-97C2-8BF3CACB2BD0}.Release|Any CPU.ActiveCfg = Release|Any CPU
		{D8B05AAF-B60D-4461-97C2-8BF3CACB2BD0}.Release|Any CPU.Build.0 = Release|Any CPU
		{D8B05AAF-B60D-4461-97C2-8BF3CACB2BD0}.Release|x64.ActiveCfg = Release|Any CPU
		{D8B05AAF-B60D-4461-97C2-8BF3CACB2BD0}.Release|x64.Build.0 = Release|Any CPU
		{D8B05AAF-B60D-4461-97C2-8BF3CACB2BD0}.Release|x86.ActiveCfg = Release|Any CPU
		{D8B05AAF-B60D-4461-97C2-8BF3CACB2BD0}.Release|x86.Build.0 = Release|Any CPU
		{494E2A43-8F14-4E0F-9F48-C2235AB308F1}.Debug|Any CPU.ActiveCfg = Debug|Any CPU
		{494E2A43-8F14-4E0F-9F48-C2235AB308F1}.Debug|Any CPU.Build.0 = Debug|Any CPU
		{494E2A43-8F14-4E0F-9F48-C2235AB308F1}.Debug|x64.ActiveCfg = Debug|Any CPU
		{494E2A43-8F14-4E0F-9F48-C2235AB308F1}.Debug|x64.Build.0 = Debug|Any CPU
		{494E2A43-8F14-4E0F-9F48-C2235AB308F1}.Debug|x86.ActiveCfg = Debug|Any CPU
		{494E2A43-8F14-4E0F-9F48-C2235AB308F1}.Debug|x86.Build.0 = Debug|Any CPU
		{494E2A43-8F14-4E0F-9F48-C2235AB308F1}.Release|Any CPU.ActiveCfg = Release|Any CPU
		{494E2A43-8F14-4E0F-9F48-C2235AB308F1}.Release|Any CPU.Build.0 = Release|Any CPU
		{494E2A43-8F14-4E0F-9F48-C2235AB308F1}.Release|x64.ActiveCfg = Release|Any CPU
		{494E2A43-8F14-4E0F-9F48-C2235AB308F1}.Release|x64.Build.0 = Release|Any CPU
		{494E2A43-8F14-4E0F-9F48-C2235AB308F1}.Release|x86.ActiveCfg = Release|Any CPU
		{494E2A43-8F14-4E0F-9F48-C2235AB308F1}.Release|x86.Build.0 = Release|Any CPU
		{710044C3-ECB9-436B-9CF5-A672C7BEA56A}.Debug|Any CPU.ActiveCfg = Debug|Any CPU
		{710044C3-ECB9-436B-9CF5-A672C7BEA56A}.Debug|Any CPU.Build.0 = Debug|Any CPU
		{710044C3-ECB9-436B-9CF5-A672C7BEA56A}.Debug|x64.ActiveCfg = Debug|Any CPU
		{710044C3-ECB9-436B-9CF5-A672C7BEA56A}.Debug|x64.Build.0 = Debug|Any CPU
		{710044C3-ECB9-436B-9CF5-A672C7BEA56A}.Debug|x86.ActiveCfg = Debug|Any CPU
		{710044C3-ECB9-436B-9CF5-A672C7BEA56A}.Debug|x86.Build.0 = Debug|Any CPU
		{710044C3-ECB9-436B-9CF5-A672C7BEA56A}.Release|Any CPU.ActiveCfg = Release|Any CPU
		{710044C3-ECB9-436B-9CF5-A672C7BEA56A}.Release|Any CPU.Build.0 = Release|Any CPU
		{710044C3-ECB9-436B-9CF5-A672C7BEA56A}.Release|x64.ActiveCfg = Release|Any CPU
		{710044C3-ECB9-436B-9CF5-A672C7BEA56A}.Release|x64.Build.0 = Release|Any CPU
		{710044C3-ECB9-436B-9CF5-A672C7BEA56A}.Release|x86.ActiveCfg = Release|Any CPU
		{710044C3-ECB9-436B-9CF5-A672C7BEA56A}.Release|x86.Build.0 = Release|Any CPU
		{41EB9908-8A90-490A-92A5-C28F250E0FA0}.Debug|Any CPU.ActiveCfg = Debug|Any CPU
		{41EB9908-8A90-490A-92A5-C28F250E0FA0}.Debug|Any CPU.Build.0 = Debug|Any CPU
		{41EB9908-8A90-490A-92A5-C28F250E0FA0}.Debug|x64.ActiveCfg = Debug|Any CPU
		{41EB9908-8A90-490A-92A5-C28F250E0FA0}.Debug|x64.Build.0 = Debug|Any CPU
		{41EB9908-8A90-490A-92A5-C28F250E0FA0}.Debug|x86.ActiveCfg = Debug|Any CPU
		{41EB9908-8A90-490A-92A5-C28F250E0FA0}.Debug|x86.Build.0 = Debug|Any CPU
		{41EB9908-8A90-490A-92A5-C28F250E0FA0}.Release|Any CPU.ActiveCfg = Release|Any CPU
		{41EB9908-8A90-490A-92A5-C28F250E0FA0}.Release|Any CPU.Build.0 = Release|Any CPU
		{41EB9908-8A90-490A-92A5-C28F250E0FA0}.Release|x64.ActiveCfg = Release|Any CPU
		{41EB9908-8A90-490A-92A5-C28F250E0FA0}.Release|x64.Build.0 = Release|Any CPU
		{41EB9908-8A90-490A-92A5-C28F250E0FA0}.Release|x86.ActiveCfg = Release|Any CPU
		{41EB9908-8A90-490A-92A5-C28F250E0FA0}.Release|x86.Build.0 = Release|Any CPU
		{2246BB5A-2A74-45DF-A2D0-2515E29896C0}.Debug|Any CPU.ActiveCfg = Debug|Any CPU
		{2246BB5A-2A74-45DF-A2D0-2515E29896C0}.Debug|Any CPU.Build.0 = Debug|Any CPU
		{2246BB5A-2A74-45DF-A2D0-2515E29896C0}.Debug|x64.ActiveCfg = Debug|Any CPU
		{2246BB5A-2A74-45DF-A2D0-2515E29896C0}.Debug|x64.Build.0 = Debug|Any CPU
		{2246BB5A-2A74-45DF-A2D0-2515E29896C0}.Debug|x86.ActiveCfg = Debug|Any CPU
		{2246BB5A-2A74-45DF-A2D0-2515E29896C0}.Debug|x86.Build.0 = Debug|Any CPU
		{2246BB5A-2A74-45DF-A2D0-2515E29896C0}.Release|Any CPU.ActiveCfg = Release|Any CPU
		{2246BB5A-2A74-45DF-A2D0-2515E29896C0}.Release|Any CPU.Build.0 = Release|Any CPU
		{2246BB5A-2A74-45DF-A2D0-2515E29896C0}.Release|x64.ActiveCfg = Release|Any CPU
		{2246BB5A-2A74-45DF-A2D0-2515E29896C0}.Release|x64.Build.0 = Release|Any CPU
		{2246BB5A-2A74-45DF-A2D0-2515E29896C0}.Release|x86.ActiveCfg = Release|Any CPU
		{2246BB5A-2A74-45DF-A2D0-2515E29896C0}.Release|x86.Build.0 = Release|Any CPU
		{A355EE45-2E27-40F0-8F15-FE7E34767D60}.Debug|Any CPU.ActiveCfg = Debug|Any CPU
		{A355EE45-2E27-40F0-8F15-FE7E34767D60}.Debug|Any CPU.Build.0 = Debug|Any CPU
		{A355EE45-2E27-40F0-8F15-FE7E34767D60}.Debug|x64.ActiveCfg = Debug|Any CPU
		{A355EE45-2E27-40F0-8F15-FE7E34767D60}.Debug|x64.Build.0 = Debug|Any CPU
		{A355EE45-2E27-40F0-8F15-FE7E34767D60}.Debug|x86.ActiveCfg = Debug|Any CPU
		{A355EE45-2E27-40F0-8F15-FE7E34767D60}.Debug|x86.Build.0 = Debug|Any CPU
		{A355EE45-2E27-40F0-8F15-FE7E34767D60}.Release|Any CPU.ActiveCfg = Release|Any CPU
		{A355EE45-2E27-40F0-8F15-FE7E34767D60}.Release|Any CPU.Build.0 = Release|Any CPU
		{A355EE45-2E27-40F0-8F15-FE7E34767D60}.Release|x64.ActiveCfg = Release|Any CPU
		{A355EE45-2E27-40F0-8F15-FE7E34767D60}.Release|x64.Build.0 = Release|Any CPU
		{A355EE45-2E27-40F0-8F15-FE7E34767D60}.Release|x86.ActiveCfg = Release|Any CPU
		{A355EE45-2E27-40F0-8F15-FE7E34767D60}.Release|x86.Build.0 = Release|Any CPU
		{D4DBDA17-68D3-4FFE-81D5-3E89BEC61F1C}.Debug|Any CPU.ActiveCfg = Debug|Any CPU
		{D4DBDA17-68D3-4FFE-81D5-3E89BEC61F1C}.Debug|Any CPU.Build.0 = Debug|Any CPU
		{D4DBDA17-68D3-4FFE-81D5-3E89BEC61F1C}.Debug|x64.ActiveCfg = Debug|Any CPU
		{D4DBDA17-68D3-4FFE-81D5-3E89BEC61F1C}.Debug|x64.Build.0 = Debug|Any CPU
		{D4DBDA17-68D3-4FFE-81D5-3E89BEC61F1C}.Debug|x86.ActiveCfg = Debug|Any CPU
		{D4DBDA17-68D3-4FFE-81D5-3E89BEC61F1C}.Debug|x86.Build.0 = Debug|Any CPU
		{D4DBDA17-68D3-4FFE-81D5-3E89BEC61F1C}.Release|Any CPU.ActiveCfg = Release|Any CPU
		{D4DBDA17-68D3-4FFE-81D5-3E89BEC61F1C}.Release|Any CPU.Build.0 = Release|Any CPU
		{D4DBDA17-68D3-4FFE-81D5-3E89BEC61F1C}.Release|x64.ActiveCfg = Release|Any CPU
		{D4DBDA17-68D3-4FFE-81D5-3E89BEC61F1C}.Release|x64.Build.0 = Release|Any CPU
		{D4DBDA17-68D3-4FFE-81D5-3E89BEC61F1C}.Release|x86.ActiveCfg = Release|Any CPU
		{D4DBDA17-68D3-4FFE-81D5-3E89BEC61F1C}.Release|x86.Build.0 = Release|Any CPU
		{B85D2957-3B8E-46C4-8203-24758ECFCAD1}.Debug|Any CPU.ActiveCfg = Debug|Any CPU
		{B85D2957-3B8E-46C4-8203-24758ECFCAD1}.Debug|Any CPU.Build.0 = Debug|Any CPU
		{B85D2957-3B8E-46C4-8203-24758ECFCAD1}.Debug|x64.ActiveCfg = Debug|Any CPU
		{B85D2957-3B8E-46C4-8203-24758ECFCAD1}.Debug|x64.Build.0 = Debug|Any CPU
		{B85D2957-3B8E-46C4-8203-24758ECFCAD1}.Debug|x86.ActiveCfg = Debug|Any CPU
		{B85D2957-3B8E-46C4-8203-24758ECFCAD1}.Debug|x86.Build.0 = Debug|Any CPU
		{B85D2957-3B8E-46C4-8203-24758ECFCAD1}.Release|Any CPU.ActiveCfg = Release|Any CPU
		{B85D2957-3B8E-46C4-8203-24758ECFCAD1}.Release|Any CPU.Build.0 = Release|Any CPU
		{B85D2957-3B8E-46C4-8203-24758ECFCAD1}.Release|x64.ActiveCfg = Release|Any CPU
		{B85D2957-3B8E-46C4-8203-24758ECFCAD1}.Release|x64.Build.0 = Release|Any CPU
		{B85D2957-3B8E-46C4-8203-24758ECFCAD1}.Release|x86.ActiveCfg = Release|Any CPU
		{B85D2957-3B8E-46C4-8203-24758ECFCAD1}.Release|x86.Build.0 = Release|Any CPU
	EndGlobalSection
	GlobalSection(SolutionProperties) = preSolution
		HideSolutionNode = FALSE
	EndGlobalSection
	GlobalSection(NestedProjects) = preSolution
		{31301769-B40B-436D-8D7C-2478AE461179} = {827E0CD3-B72D-47B6-A68D-7590B98EB39B}
		{9C9D1118-78CA-4A8A-AFEE-5BD0D7C8BA04} = {827E0CD3-B72D-47B6-A68D-7590B98EB39B}
		{A52A96C1-D459-44C6-AAB8-26F6E41F7771} = {827E0CD3-B72D-47B6-A68D-7590B98EB39B}
		{A6A740A7-E3C7-4105-8855-81CDC50F52BB} = {827E0CD3-B72D-47B6-A68D-7590B98EB39B}
		{EBD5B05D-A356-47B7-9D44-E9212F437CE9} = {827E0CD3-B72D-47B6-A68D-7590B98EB39B}
		{D5C04192-D41A-451F-8F8C-B7CC908CFCE9} = {827E0CD3-B72D-47B6-A68D-7590B98EB39B}
		{E842B447-966D-42A1-ACB3-73F7F65A3667} = {827E0CD3-B72D-47B6-A68D-7590B98EB39B}
		{5D74FD31-E56F-433B-8057-766DCAE8F3A6} = {827E0CD3-B72D-47B6-A68D-7590B98EB39B}
		{D8B05AAF-B60D-4461-97C2-8BF3CACB2BD0} = {827E0CD3-B72D-47B6-A68D-7590B98EB39B}
		{494E2A43-8F14-4E0F-9F48-C2235AB308F1} = {827E0CD3-B72D-47B6-A68D-7590B98EB39B}
		{710044C3-ECB9-436B-9CF5-A672C7BEA56A} = {827E0CD3-B72D-47B6-A68D-7590B98EB39B}
		{41EB9908-8A90-490A-92A5-C28F250E0FA0} = {827E0CD3-B72D-47B6-A68D-7590B98EB39B}
		{2246BB5A-2A74-45DF-A2D0-2515E29896C0} = {827E0CD3-B72D-47B6-A68D-7590B98EB39B}
		{A355EE45-2E27-40F0-8F15-FE7E34767D60} = {827E0CD3-B72D-47B6-A68D-7590B98EB39B}
		{D4DBDA17-68D3-4FFE-81D5-3E89BEC61F1C} = {0AB3BF05-4346-4AA6-1389-037BE0695223}
		{B85D2957-3B8E-46C4-8203-24758ECFCAD1} = {827E0CD3-B72D-47B6-A68D-7590B98EB39B}
	EndGlobalSection
EndGlobal
